PODS:
  - Alamofire (5.4.3)
  - RxCocoa (6.2.0):
    - RxRelay (= 6.2.0)
    - RxSwift (= 6.2.0)
  - RxRelay (6.2.0):
    - RxSwift (= 6.2.0)
  - RxSwift (6.2.0)
  - Webasyst (1.1.8)

DEPENDENCIES:
  - Alamofire
  - RxCocoa
  - RxSwift
  - Webasyst

SPEC REPOS:
  trunk:
    - Alamofire
    - RxCocoa
    - RxRelay
    - RxSwift
    - Webasyst

SPEC CHECKSUMS:
  Alamofire: e447a2774a40c996748296fa2c55112fdbbc42f9
  RxCocoa: 4baf94bb35f2c0ab31bc0cb9f1900155f646ba42
  RxRelay: e72dbfd157807478401ef1982e1c61c945c94b2f
  RxSwift: d356ab7bee873611322f134c5f9ef379fa183d8f
  Webasyst: 1447475aeda99f450c371b4c53593e1fc6d6aad9

PODFILE CHECKSUM: 47a066274c7e781c93395c8728d04d5692749b94

COCOAPODS: 1.10.1
