PODS:
  - Alamofire (5.4.3)
  - JMMaskTextField-Swift (0.1.3)
  - Moya (15.0.0):
    - Moya/Core (= 15.0.0)
  - Moya/Core (15.0.0):
    - Alamofire (~> 5.0)
  - Moya/RxSwift (15.0.0):
    - Moya/Core
    - RxSwift (~> 6.0)
  - RxCocoa (6.2.0):
    - RxRelay (= 6.2.0)
    - RxSwift (= 6.2.0)
  - RxRelay (6.2.0):
    - RxSwift (= 6.2.0)
  - RxSwift (6.2.0)
  - SnapKit (4.2.0)
  - Webasyst (1.3.1)

DEPENDENCIES:
  - JMMaskTextField-Swift
  - Moya
  - Moya/RxSwift
  - RxCocoa
  - RxSwift
  - SnapKit (~> 4.0)
  - Webasyst

SPEC REPOS:
  trunk:
    - Alamofire
    - JMMaskTextField-Swift
    - Moya
    - RxCocoa
    - RxRelay
    - RxSwift
    - SnapKit
    - Webasyst

SPEC CHECKSUMS:
  Alamofire: e447a2774a40c996748296fa2c55112fdbbc42f9
  JMMaskTextField-Swift: 16aa552605b121285e6c2f0817ab31cea5f4704b
  Moya: 138f0573e53411fb3dc17016add0b748dfbd78ee
  RxCocoa: 4baf94bb35f2c0ab31bc0cb9f1900155f646ba42
  RxRelay: e72dbfd157807478401ef1982e1c61c945c94b2f
  RxSwift: d356ab7bee873611322f134c5f9ef379fa183d8f
  SnapKit: fe8a619752f3f27075cc9a90244d75c6c3f27e2a
  Webasyst: f4d43e49ec8e929b8780ebcb0944e471497b9b77

PODFILE CHECKSUM: 0f708a6282b71f48269678314e67d9bbd4f4aeb0

COCOAPODS: 1.10.1
