// !$*UTF8*$!
{
	archiveVersion = 1;
	classes = {
	};
	objectVersion = 50;
	objects = {

/* Begin PBXBuildFile section */
		C3410198255C7D140091B045 /* WXHTTPRequest.swift in Sources */ = {isa = PBXBuildFile; fileRef = C3410197255C7D120091B045 /* WXHTTPRequest.swift */; };
		C341019C255C7D2D0091B045 /* WXHTTPResponse.swift in Sources */ = {isa = PBXBuildFile; fileRef = C341019B255C7D2D0091B045 /* WXHTTPResponse.swift */; };
		C34101A2255C80580091B045 /* WXHTTPTarget.swift in Sources */ = {isa = PBXBuildFile; fileRef = C34101A1255C80580091B045 /* WXHTTPTarget.swift */; };
		C34101A6255C81720091B045 /* WXNetworkService.swift in Sources */ = {isa = PBXBuildFile; fileRef = C34101A5255C81720091B045 /* WXNetworkService.swift */; };
		C34101AA255C82150091B045 /* WXEncoder.swift in Sources */ = {isa = PBXBuildFile; fileRef = C34101A9255C82150091B045 /* WXEncoder.swift */; };
		C341FFC8255B1F3D0091B045 /* WebasystX.framework in Frameworks */ = {isa = PBXBuildFile; fileRef = C341FFBF255B1F3D0091B045 /* WebasystX.framework */; };
		C341FFCD255B1F3D0091B045 /* WebasystXTests.swift in Sources */ = {isa = PBXBuildFile; fileRef = C341FFCC255B1F3D0091B045 /* WebasystXTests.swift */; };
		C341FFCF255B1F3D0091B045 /* WebasystX.h in Headers */ = {isa = PBXBuildFile; fileRef = C341FFC1255B1F3D0091B045 /* WebasystX.h */; settings = {ATTRIBUTES = (Public, ); }; };
		C341FFDF255B20B50091B045 /* WXHTTPOperation.swift in Sources */ = {isa = PBXBuildFile; fileRef = C341FFDE255B20B50091B045 /* WXHTTPOperation.swift */; };
		C341FFE5255B20C10091B045 /* WXHTTPOperationQueue.swift in Sources */ = {isa = PBXBuildFile; fileRef = C341FFE4255B20C10091B045 /* WXHTTPOperationQueue.swift */; };
		C341FFE9255B20EB0091B045 /* WXNetworkManager.swift in Sources */ = {isa = PBXBuildFile; fileRef = C341FFE8255B20EB0091B045 /* WXNetworkManager.swift */; };
		C341FFEE255B292F0091B045 /* WXThread.swift in Sources */ = {isa = PBXBuildFile; fileRef = C341FFED255B292F0091B045 /* WXThread.swift */; };
/* End PBXBuildFile section */

/* Begin PBXContainerItemProxy section */
		C341FFC9255B1F3D0091B045 /* PBXContainerItemProxy */ = {
			isa = PBXContainerItemProxy;
			containerPortal = C341FF44255B1B040091B045 /* Project object */;
			proxyType = 1;
			remoteGlobalIDString = C341FFBE255B1F3D0091B045;
			remoteInfo = WebasystX;
		};
/* End PBXContainerItemProxy section */

/* Begin PBXFileReference section */
		C3410197255C7D120091B045 /* WXHTTPRequest.swift */ = {isa = PBXFileReference; lastKnownFileType = sourcecode.swift; path = WXHTTPRequest.swift; sourceTree = "<group>"; };
		C341019B255C7D2D0091B045 /* WXHTTPResponse.swift */ = {isa = PBXFileReference; lastKnownFileType = sourcecode.swift; path = WXHTTPResponse.swift; sourceTree = "<group>"; };
		C34101A1255C80580091B045 /* WXHTTPTarget.swift */ = {isa = PBXFileReference; lastKnownFileType = sourcecode.swift; path = WXHTTPTarget.swift; sourceTree = "<group>"; };
		C34101A5255C81720091B045 /* WXNetworkService.swift */ = {isa = PBXFileReference; lastKnownFileType = sourcecode.swift; path = WXNetworkService.swift; sourceTree = "<group>"; };
		C34101A9255C82150091B045 /* WXEncoder.swift */ = {isa = PBXFileReference; lastKnownFileType = sourcecode.swift; path = WXEncoder.swift; sourceTree = "<group>"; };
		C341FFBF255B1F3D0091B045 /* WebasystX.framework */ = {isa = PBXFileReference; explicitFileType = wrapper.framework; includeInIndex = 0; path = WebasystX.framework; sourceTree = BUILT_PRODUCTS_DIR; };
		C341FFC1255B1F3D0091B045 /* WebasystX.h */ = {isa = PBXFileReference; lastKnownFileType = sourcecode.c.h; path = WebasystX.h; sourceTree = "<group>"; };
		C341FFC2255B1F3D0091B045 /* Info.plist */ = {isa = PBXFileReference; lastKnownFileType = text.plist.xml; path = Info.plist; sourceTree = "<group>"; };
		C341FFC7255B1F3D0091B045 /* WebasystXTests.xctest */ = {isa = PBXFileReference; explicitFileType = wrapper.cfbundle; includeInIndex = 0; path = WebasystXTests.xctest; sourceTree = BUILT_PRODUCTS_DIR; };
		C341FFCC255B1F3D0091B045 /* WebasystXTests.swift */ = {isa = PBXFileReference; lastKnownFileType = sourcecode.swift; path = WebasystXTests.swift; sourceTree = "<group>"; };
		C341FFCE255B1F3D0091B045 /* Info.plist */ = {isa = PBXFileReference; lastKnownFileType = text.plist.xml; path = Info.plist; sourceTree = "<group>"; };
		C341FFDE255B20B50091B045 /* WXHTTPOperation.swift */ = {isa = PBXFileReference; lastKnownFileType = sourcecode.swift; path = WXHTTPOperation.swift; sourceTree = "<group>"; };
		C341FFE4255B20C10091B045 /* WXHTTPOperationQueue.swift */ = {isa = PBXFileReference; lastKnownFileType = sourcecode.swift; path = WXHTTPOperationQueue.swift; sourceTree = "<group>"; };
		C341FFE8255B20EB0091B045 /* WXNetworkManager.swift */ = {isa = PBXFileReference; lastKnownFileType = sourcecode.swift; path = WXNetworkManager.swift; sourceTree = "<group>"; };
		C341FFED255B292F0091B045 /* WXThread.swift */ = {isa = PBXFileReference; lastKnownFileType = sourcecode.swift; path = WXThread.swift; sourceTree = "<group>"; };
/* End PBXFileReference section */

/* Begin PBXFrameworksBuildPhase section */
		C341FFBC255B1F3D0091B045 /* Frameworks */ = {
			isa = PBXFrameworksBuildPhase;
			buildActionMask = 2147483647;
			files = (
			);
			runOnlyForDeploymentPostprocessing = 0;
		};
		C341FFC4255B1F3D0091B045 /* Frameworks */ = {
			isa = PBXFrameworksBuildPhase;
			buildActionMask = 2147483647;
			files = (
				C341FFC8255B1F3D0091B045 /* WebasystX.framework in Frameworks */,
			);
			runOnlyForDeploymentPostprocessing = 0;
		};
/* End PBXFrameworksBuildPhase section */

/* Begin PBXGroup section */
		C341FF43255B1B040091B045 = {
			isa = PBXGroup;
			children = (
				C341FFC0255B1F3D0091B045 /* WebasystX */,
				C341FFCB255B1F3D0091B045 /* WebasystXTests */,
				C341FFC7255B1F3D0091B045 /* WebasystXTests.xctest */,
				C341FFBF255B1F3D0091B045 /* WebasystX.framework */,
			);
			sourceTree = "<group>";
		};
		C341FFC0255B1F3D0091B045 /* WebasystX */ = {
			isa = PBXGroup;
			children = (
				C341FFDC255B1FFF0091B045 /* Services */,
				C341FFD9255B1F6B0091B045 /* Utils */,
				C341FFD8255B1F630091B045 /* Core */,
				C341FFC1255B1F3D0091B045 /* WebasystX.h */,
				C341FFC2255B1F3D0091B045 /* Info.plist */,
			);
			path = WebasystX;
			sourceTree = "<group>";
		};
		C341FFCB255B1F3D0091B045 /* WebasystXTests */ = {
			isa = PBXGroup;
			children = (
				C341FFCC255B1F3D0091B045 /* WebasystXTests.swift */,
				C341FFCE255B1F3D0091B045 /* Info.plist */,
			);
			path = WebasystXTests;
			sourceTree = "<group>";
		};
		C341FFD8255B1F630091B045 /* Core */ = {
			isa = PBXGroup;
			children = (
				C341FFEC255B28D90091B045 /* Theard */,
				C341FFDD255B20960091B045 /* HTTP */,
				C341FFDB255B1FF60091B045 /* Managers */,
			);
			path = Core;
			sourceTree = "<group>";
		};
		C341FFD9255B1F6B0091B045 /* Utils */ = {
			isa = PBXGroup;
			children = (
				C34101A9255C82150091B045 /* WXEncoder.swift */,
			);
			path = Utils;
			sourceTree = "<group>";
		};
		C341FFDB255B1FF60091B045 /* Managers */ = {
			isa = PBXGroup;
			children = (
				C341FFE8255B20EB0091B045 /* WXNetworkManager.swift */,
			);
			path = Managers;
			sourceTree = "<group>";
		};
		C341FFDC255B1FFF0091B045 /* Services */ = {
			isa = PBXGroup;
			children = (
				C34101A5255C81720091B045 /* WXNetworkService.swift */,
			);
			path = Services;
			sourceTree = "<group>";
		};
		C341FFDD255B20960091B045 /* HTTP */ = {
			isa = PBXGroup;
			children = (
				C341FFDE255B20B50091B045 /* WXHTTPOperation.swift */,
				C341FFE4255B20C10091B045 /* WXHTTPOperationQueue.swift */,
				C3410197255C7D120091B045 /* WXHTTPRequest.swift */,
				C341019B255C7D2D0091B045 /* WXHTTPResponse.swift */,
				C34101A1255C80580091B045 /* WXHTTPTarget.swift */,
			);
			path = HTTP;
			sourceTree = "<group>";
		};
		C341FFEC255B28D90091B045 /* Theard */ = {
			isa = PBXGroup;
			children = (
				C341FFED255B292F0091B045 /* WXThread.swift */,
			);
			path = Theard;
			sourceTree = "<group>";
		};
/* End PBXGroup section */

/* Begin PBXHeadersBuildPhase section */
		C341FFBA255B1F3D0091B045 /* Headers */ = {
			isa = PBXHeadersBuildPhase;
			buildActionMask = 2147483647;
			files = (
				C341FFCF255B1F3D0091B045 /* WebasystX.h in Headers */,
			);
			runOnlyForDeploymentPostprocessing = 0;
		};
/* End PBXHeadersBuildPhase section */

/* Begin PBXNativeTarget section */
		C341FFBE255B1F3D0091B045 /* WebasystX */ = {
			isa = PBXNativeTarget;
			buildConfigurationList = C341FFD0255B1F3D0091B045 /* Build configuration list for PBXNativeTarget "WebasystX" */;
			buildPhases = (
				C341FFBA255B1F3D0091B045 /* Headers */,
				C341FFBB255B1F3D0091B045 /* Sources */,
				C341FFBC255B1F3D0091B045 /* Frameworks */,
				C341FFBD255B1F3D0091B045 /* Resources */,
			);
			buildRules = (
			);
			dependencies = (
			);
			name = WebasystX;
			productName = WebasystX;
			productReference = C341FFBF255B1F3D0091B045 /* WebasystX.framework */;
			productType = "com.apple.product-type.framework";
		};
		C341FFC6255B1F3D0091B045 /* WebasystXTests */ = {
			isa = PBXNativeTarget;
			buildConfigurationList = C341FFD3255B1F3D0091B045 /* Build configuration list for PBXNativeTarget "WebasystXTests" */;
			buildPhases = (
				C341FFC3255B1F3D0091B045 /* Sources */,
				C341FFC4255B1F3D0091B045 /* Frameworks */,
				C341FFC5255B1F3D0091B045 /* Resources */,
			);
			buildRules = (
			);
			dependencies = (
				C341FFCA255B1F3D0091B045 /* PBXTargetDependency */,
			);
			name = WebasystXTests;
			productName = WebasystXTests;
			productReference = C341FFC7255B1F3D0091B045 /* WebasystXTests.xctest */;
			productType = "com.apple.product-type.bundle.unit-test";
		};
/* End PBXNativeTarget section */

/* Begin PBXProject section */
		C341FF44255B1B040091B045 /* Project object */ = {
			isa = PBXProject;
			attributes = {
				LastSwiftUpdateCheck = 1210;
				LastUpgradeCheck = 1210;
				TargetAttributes = {
					C341FFBE255B1F3D0091B045 = {
						CreatedOnToolsVersion = 12.1;
						LastSwiftMigration = 1210;
					};
					C341FFC6255B1F3D0091B045 = {
						CreatedOnToolsVersion = 12.1;
					};
				};
			};
			buildConfigurationList = C341FF47255B1B040091B045 /* Build configuration list for PBXProject "WebXKit" */;
			compatibilityVersion = "Xcode 9.3";
			developmentRegion = en;
			hasScannedForEncodings = 0;
			knownRegions = (
				en,
				Base,
			);
			mainGroup = C341FF43255B1B040091B045;
			productRefGroup = C341FF43255B1B040091B045;
			projectDirPath = "";
			projectRoot = "";
			targets = (
				C341FFBE255B1F3D0091B045 /* WebasystX */,
				C341FFC6255B1F3D0091B045 /* WebasystXTests */,
			);
		};
/* End PBXProject section */

/* Begin PBXResourcesBuildPhase section */
		C341FFBD255B1F3D0091B045 /* Resources */ = {
			isa = PBXResourcesBuildPhase;
			buildActionMask = 2147483647;
			files = (
			);
			runOnlyForDeploymentPostprocessing = 0;
		};
		C341FFC5255B1F3D0091B045 /* Resources */ = {
			isa = PBXResourcesBuildPhase;
			buildActionMask = 2147483647;
			files = (
			);
			runOnlyForDeploymentPostprocessing = 0;
		};
/* End PBXResourcesBuildPhase section */

/* Begin PBXSourcesBuildPhase section */
		C341FFBB255B1F3D0091B045 /* Sources */ = {
			isa = PBXSourcesBuildPhase;
			buildActionMask = 2147483647;
			files = (
				C34101AA255C82150091B045 /* WXEncoder.swift in Sources */,
				C34101A2255C80580091B045 /* WXHTTPTarget.swift in Sources */,
				C341FFEE255B292F0091B045 /* WXThread.swift in Sources */,
				C341FFE9255B20EB0091B045 /* WXNetworkManager.swift in Sources */,
				C34101A6255C81720091B045 /* WXNetworkService.swift in Sources */,
				C341FFE5255B20C10091B045 /* WXHTTPOperationQueue.swift in Sources */,
				C341019C255C7D2D0091B045 /* WXHTTPResponse.swift in Sources */,
				C3410198255C7D140091B045 /* WXHTTPRequest.swift in Sources */,
				C341FFDF255B20B50091B045 /* WXHTTPOperation.swift in Sources */,
			);
			runOnlyForDeploymentPostprocessing = 0;
		};
		C341FFC3255B1F3D0091B045 /* Sources */ = {
			isa = PBXSourcesBuildPhase;
			buildActionMask = 2147483647;
			files = (
				C341FFCD255B1F3D0091B045 /* WebasystXTests.swift in Sources */,
			);
			runOnlyForDeploymentPostprocessing = 0;
		};
/* End PBXSourcesBuildPhase section */

/* Begin PBXTargetDependency section */
		C341FFCA255B1F3D0091B045 /* PBXTargetDependency */ = {
			isa = PBXTargetDependency;
			target = C341FFBE255B1F3D0091B045 /* WebasystX */;
			targetProxy = C341FFC9255B1F3D0091B045 /* PBXContainerItemProxy */;
		};
/* End PBXTargetDependency section */

/* Begin XCBuildConfiguration section */
		C341FF48255B1B040091B045 /* Debug */ = {
			isa = XCBuildConfiguration;
			buildSettings = {
			};
			name = Debug;
		};
		C341FF49255B1B040091B045 /* Release */ = {
			isa = XCBuildConfiguration;
			buildSettings = {
			};
			name = Release;
		};
		C341FFD1255B1F3D0091B045 /* Debug */ = {
			isa = XCBuildConfiguration;
			buildSettings = {
				ALWAYS_SEARCH_USER_PATHS = NO;
				CLANG_ANALYZER_NONNULL = YES;
				CLANG_ANALYZER_NUMBER_OBJECT_CONVERSION = YES_AGGRESSIVE;
				CLANG_CXX_LANGUAGE_STANDARD = "gnu++14";
				CLANG_CXX_LIBRARY = "libc++";
				CLANG_ENABLE_MODULES = YES;
				CLANG_ENABLE_OBJC_ARC = YES;
				CLANG_ENABLE_OBJC_WEAK = YES;
				CLANG_WARN_BLOCK_CAPTURE_AUTORELEASING = YES;
				CLANG_WARN_BOOL_CONVERSION = YES;
				CLANG_WARN_COMMA = YES;
				CLANG_WARN_CONSTANT_CONVERSION = YES;
				CLANG_WARN_DEPRECATED_OBJC_IMPLEMENTATIONS = YES;
				CLANG_WARN_DIRECT_OBJC_ISA_USAGE = YES_ERROR;
				CLANG_WARN_DOCUMENTATION_COMMENTS = YES;
				CLANG_WARN_EMPTY_BODY = YES;
				CLANG_WARN_ENUM_CONVERSION = YES;
				CLANG_WARN_INFINITE_RECURSION = YES;
				CLANG_WARN_INT_CONVERSION = YES;
				CLANG_WARN_NON_LITERAL_NULL_CONVERSION = YES;
				CLANG_WARN_OBJC_IMPLICIT_RETAIN_SELF = YES;
				CLANG_WARN_OBJC_LITERAL_CONVERSION = YES;
				CLANG_WARN_OBJC_ROOT_CLASS = YES_ERROR;
				CLANG_WARN_QUOTED_INCLUDE_IN_FRAMEWORK_HEADER = YES;
				CLANG_WARN_RANGE_LOOP_ANALYSIS = YES;
				CLANG_WARN_STRICT_PROTOTYPES = YES;
				CLANG_WARN_SUSPICIOUS_MOVE = YES;
				CLANG_WARN_UNGUARDED_AVAILABILITY = YES_AGGRESSIVE;
				CLANG_WARN_UNREACHABLE_CODE = YES;
				CLANG_WARN__DUPLICATE_METHOD_MATCH = YES;
				CODE_SIGN_STYLE = Automatic;
				COPY_PHASE_STRIP = NO;
				CURRENT_PROJECT_VERSION = 1;
				DEBUG_INFORMATION_FORMAT = dwarf;
				DEFINES_MODULE = YES;
				DEVELOPMENT_TEAM = GCBUDGV556;
				DYLIB_COMPATIBILITY_VERSION = 1;
				DYLIB_CURRENT_VERSION = 1;
				DYLIB_INSTALL_NAME_BASE = "@rpath";
				ENABLE_STRICT_OBJC_MSGSEND = YES;
				ENABLE_TESTABILITY = YES;
				GCC_C_LANGUAGE_STANDARD = gnu11;
				GCC_DYNAMIC_NO_PIC = NO;
				GCC_NO_COMMON_BLOCKS = YES;
				GCC_OPTIMIZATION_LEVEL = 0;
				GCC_PREPROCESSOR_DEFINITIONS = (
					"DEBUG=1",
					"$(inherited)",
				);
				GCC_WARN_64_TO_32_BIT_CONVERSION = YES;
				GCC_WARN_ABOUT_RETURN_TYPE = YES_ERROR;
				GCC_WARN_UNDECLARED_SELECTOR = YES;
				GCC_WARN_UNINITIALIZED_AUTOS = YES_AGGRESSIVE;
				GCC_WARN_UNUSED_FUNCTION = YES;
				GCC_WARN_UNUSED_VARIABLE = YES;
				INFOPLIST_FILE = WebasystX/Info.plist;
				INSTALL_PATH = "$(LOCAL_LIBRARY_DIR)/Frameworks";
				IPHONEOS_DEPLOYMENT_TARGET = 14.1;
				LD_RUNPATH_SEARCH_PATHS = (
					"$(inherited)",
					"@executable_path/Frameworks",
					"@loader_path/Frameworks",
				);
				MTL_ENABLE_DEBUG_INFO = INCLUDE_SOURCE;
				MTL_FAST_MATH = YES;
				ONLY_ACTIVE_ARCH = YES;
				PRODUCT_BUNDLE_IDENTIFIER = com.webasyst.WebasystX;
				PRODUCT_NAME = "$(TARGET_NAME:c99extidentifier)";
				SDKROOT = iphoneos;
				SKIP_INSTALL = YES;
				SWIFT_ACTIVE_COMPILATION_CONDITIONS = DEBUG;
				SWIFT_OPTIMIZATION_LEVEL = "-Onone";
				SWIFT_VERSION = 5.0;
				TARGETED_DEVICE_FAMILY = "1,2";
				VERSIONING_SYSTEM = "apple-generic";
				VERSION_INFO_PREFIX = "";
			};
			name = Debug;
		};
		C341FFD2255B1F3D0091B045 /* Release */ = {
			isa = XCBuildConfiguration;
			buildSettings = {
				ALWAYS_SEARCH_USER_PATHS = NO;
				CLANG_ANALYZER_NONNULL = YES;
				CLANG_ANALYZER_NUMBER_OBJECT_CONVERSION = YES_AGGRESSIVE;
				CLANG_CXX_LANGUAGE_STANDARD = "gnu++14";
				CLANG_CXX_LIBRARY = "libc++";
				CLANG_ENABLE_MODULES = YES;
				CLANG_ENABLE_OBJC_ARC = YES;
				CLANG_ENABLE_OBJC_WEAK = YES;
				CLANG_WARN_BLOCK_CAPTURE_AUTORELEASING = YES;
				CLANG_WARN_BOOL_CONVERSION = YES;
				CLANG_WARN_COMMA = YES;
				CLANG_WARN_CONSTANT_CONVERSION = YES;
				CLANG_WARN_DEPRECATED_OBJC_IMPLEMENTATIONS = YES;
				CLANG_WARN_DIRECT_OBJC_ISA_USAGE = YES_ERROR;
				CLANG_WARN_DOCUMENTATION_COMMENTS = YES;
				CLANG_WARN_EMPTY_BODY = YES;
				CLANG_WARN_ENUM_CONVERSION = YES;
				CLANG_WARN_INFINITE_RECURSION = YES;
				CLANG_WARN_INT_CONVERSION = YES;
				CLANG_WARN_NON_LITERAL_NULL_CONVERSION = YES;
				CLANG_WARN_OBJC_IMPLICIT_RETAIN_SELF = YES;
				CLANG_WARN_OBJC_LITERAL_CONVERSION = YES;
				CLANG_WARN_OBJC_ROOT_CLASS = YES_ERROR;
				CLANG_WARN_QUOTED_INCLUDE_IN_FRAMEWORK_HEADER = YES;
				CLANG_WARN_RANGE_LOOP_ANALYSIS = YES;
				CLANG_WARN_STRICT_PROTOTYPES = YES;
				CLANG_WARN_SUSPICIOUS_MOVE = YES;
				CLANG_WARN_UNGUARDED_AVAILABILITY = YES_AGGRESSIVE;
				CLANG_WARN_UNREACHABLE_CODE = YES;
				CLANG_WARN__DUPLICATE_METHOD_MATCH = YES;
				CODE_SIGN_STYLE = Automatic;
				COPY_PHASE_STRIP = NO;
				CURRENT_PROJECT_VERSION = 1;
				DEBUG_INFORMATION_FORMAT = "dwarf-with-dsym";
				DEFINES_MODULE = YES;
				DEVELOPMENT_TEAM = GCBUDGV556;
				DYLIB_COMPATIBILITY_VERSION = 1;
				DYLIB_CURRENT_VERSION = 1;
				DYLIB_INSTALL_NAME_BASE = "@rpath";
				ENABLE_NS_ASSERTIONS = NO;
				ENABLE_STRICT_OBJC_MSGSEND = YES;
				GCC_C_LANGUAGE_STANDARD = gnu11;
				GCC_NO_COMMON_BLOCKS = YES;
				GCC_WARN_64_TO_32_BIT_CONVERSION = YES;
				GCC_WARN_ABOUT_RETURN_TYPE = YES_ERROR;
				GCC_WARN_UNDECLARED_SELECTOR = YES;
				GCC_WARN_UNINITIALIZED_AUTOS = YES_AGGRESSIVE;
				GCC_WARN_UNUSED_FUNCTION = YES;
				GCC_WARN_UNUSED_VARIABLE = YES;
				INFOPLIST_FILE = WebasystX/Info.plist;
				INSTALL_PATH = "$(LOCAL_LIBRARY_DIR)/Frameworks";
				IPHONEOS_DEPLOYMENT_TARGET = 14.1;
				LD_RUNPATH_SEARCH_PATHS = (
					"$(inherited)",
					"@executable_path/Frameworks",
					"@loader_path/Frameworks",
				);
				MTL_ENABLE_DEBUG_INFO = NO;
				MTL_FAST_MATH = YES;
				PRODUCT_BUNDLE_IDENTIFIER = com.webasyst.WebasystX;
				PRODUCT_NAME = "$(TARGET_NAME:c99extidentifier)";
				SDKROOT = iphoneos;
				SKIP_INSTALL = YES;
				SWIFT_COMPILATION_MODE = wholemodule;
				SWIFT_OPTIMIZATION_LEVEL = "-O";
				SWIFT_VERSION = 5.0;
				TARGETED_DEVICE_FAMILY = "1,2";
				VALIDATE_PRODUCT = YES;
				VERSIONING_SYSTEM = "apple-generic";
				VERSION_INFO_PREFIX = "";
			};
			name = Release;
		};
		C341FFD4255B1F3D0091B045 /* Debug */ = {
			isa = XCBuildConfiguration;
			buildSettings = {
				ALWAYS_EMBED_SWIFT_STANDARD_LIBRARIES = YES;
				ALWAYS_SEARCH_USER_PATHS = NO;
				CLANG_ANALYZER_NONNULL = YES;
				CLANG_ANALYZER_NUMBER_OBJECT_CONVERSION = YES_AGGRESSIVE;
				CLANG_CXX_LANGUAGE_STANDARD = "gnu++14";
				CLANG_CXX_LIBRARY = "libc++";
				CLANG_ENABLE_MODULES = YES;
				CLANG_ENABLE_OBJC_ARC = YES;
				CLANG_ENABLE_OBJC_WEAK = YES;
				CLANG_WARN_BLOCK_CAPTURE_AUTORELEASING = YES;
				CLANG_WARN_BOOL_CONVERSION = YES;
				CLANG_WARN_COMMA = YES;
				CLANG_WARN_CONSTANT_CONVERSION = YES;
				CLANG_WARN_DEPRECATED_OBJC_IMPLEMENTATIONS = YES;
				CLANG_WARN_DIRECT_OBJC_ISA_USAGE = YES_ERROR;
				CLANG_WARN_DOCUMENTATION_COMMENTS = YES;
				CLANG_WARN_EMPTY_BODY = YES;
				CLANG_WARN_ENUM_CONVERSION = YES;
				CLANG_WARN_INFINITE_RECURSION = YES;
				CLANG_WARN_INT_CONVERSION = YES;
				CLANG_WARN_NON_LITERAL_NULL_CONVERSION = YES;
				CLANG_WARN_OBJC_IMPLICIT_RETAIN_SELF = YES;
				CLANG_WARN_OBJC_LITERAL_CONVERSION = YES;
				CLANG_WARN_OBJC_ROOT_CLASS = YES_ERROR;
				CLANG_WARN_QUOTED_INCLUDE_IN_FRAMEWORK_HEADER = YES;
				CLANG_WARN_RANGE_LOOP_ANALYSIS = YES;
				CLANG_WARN_STRICT_PROTOTYPES = YES;
				CLANG_WARN_SUSPICIOUS_MOVE = YES;
				CLANG_WARN_UNGUARDED_AVAILABILITY = YES_AGGRESSIVE;
				CLANG_WARN_UNREACHABLE_CODE = YES;
				CLANG_WARN__DUPLICATE_METHOD_MATCH = YES;
				CODE_SIGN_STYLE = Automatic;
				COPY_PHASE_STRIP = NO;
				DEBUG_INFORMATION_FORMAT = dwarf;
				DEVELOPMENT_TEAM = GCBUDGV556;
				ENABLE_STRICT_OBJC_MSGSEND = YES;
				ENABLE_TESTABILITY = YES;
				GCC_C_LANGUAGE_STANDARD = gnu11;
				GCC_DYNAMIC_NO_PIC = NO;
				GCC_NO_COMMON_BLOCKS = YES;
				GCC_OPTIMIZATION_LEVEL = 0;
				GCC_PREPROCESSOR_DEFINITIONS = (
					"DEBUG=1",
					"$(inherited)",
				);
				GCC_WARN_64_TO_32_BIT_CONVERSION = YES;
				GCC_WARN_ABOUT_RETURN_TYPE = YES_ERROR;
				GCC_WARN_UNDECLARED_SELECTOR = YES;
				GCC_WARN_UNINITIALIZED_AUTOS = YES_AGGRESSIVE;
				GCC_WARN_UNUSED_FUNCTION = YES;
				GCC_WARN_UNUSED_VARIABLE = YES;
				INFOPLIST_FILE = WebasystXTests/Info.plist;
				IPHONEOS_DEPLOYMENT_TARGET = 14.1;
				LD_RUNPATH_SEARCH_PATHS = (
					"$(inherited)",
					"@executable_path/Frameworks",
					"@loader_path/Frameworks",
				);
				MTL_ENABLE_DEBUG_INFO = INCLUDE_SOURCE;
				MTL_FAST_MATH = YES;
				ONLY_ACTIVE_ARCH = YES;
				PRODUCT_BUNDLE_IDENTIFIER = com.webasyst.WebasystXTests;
				PRODUCT_NAME = "$(TARGET_NAME)";
				SDKROOT = iphoneos;
				SWIFT_ACTIVE_COMPILATION_CONDITIONS = DEBUG;
				SWIFT_OPTIMIZATION_LEVEL = "-Onone";
				SWIFT_VERSION = 5.0;
				TARGETED_DEVICE_FAMILY = "1,2";
			};
			name = Debug;
		};
		C341FFD5255B1F3D0091B045 /* Release */ = {
			isa = XCBuildConfiguration;
			buildSettings = {
				ALWAYS_EMBED_SWIFT_STANDARD_LIBRARIES = YES;
				ALWAYS_SEARCH_USER_PATHS = NO;
				CLANG_ANALYZER_NONNULL = YES;
				CLANG_ANALYZER_NUMBER_OBJECT_CONVERSION = YES_AGGRESSIVE;
				CLANG_CXX_LANGUAGE_STANDARD = "gnu++14";
				CLANG_CXX_LIBRARY = "libc++";
				CLANG_ENABLE_MODULES = YES;
				CLANG_ENABLE_OBJC_ARC = YES;
				CLANG_ENABLE_OBJC_WEAK = YES;
				CLANG_WARN_BLOCK_CAPTURE_AUTORELEASING = YES;
				CLANG_WARN_BOOL_CONVERSION = YES;
				CLANG_WARN_COMMA = YES;
				CLANG_WARN_CONSTANT_CONVERSION = YES;
				CLANG_WARN_DEPRECATED_OBJC_IMPLEMENTATIONS = YES;
				CLANG_WARN_DIRECT_OBJC_ISA_USAGE = YES_ERROR;
				CLANG_WARN_DOCUMENTATION_COMMENTS = YES;
				CLANG_WARN_EMPTY_BODY = YES;
				CLANG_WARN_ENUM_CONVERSION = YES;
				CLANG_WARN_INFINITE_RECURSION = YES;
				CLANG_WARN_INT_CONVERSION = YES;
				CLANG_WARN_NON_LITERAL_NULL_CONVERSION = YES;
				CLANG_WARN_OBJC_IMPLICIT_RETAIN_SELF = YES;
				CLANG_WARN_OBJC_LITERAL_CONVERSION = YES;
				CLANG_WARN_OBJC_ROOT_CLASS = YES_ERROR;
				CLANG_WARN_QUOTED_INCLUDE_IN_FRAMEWORK_HEADER = YES;
				CLANG_WARN_RANGE_LOOP_ANALYSIS = YES;
				CLANG_WARN_STRICT_PROTOTYPES = YES;
				CLANG_WARN_SUSPICIOUS_MOVE = YES;
				CLANG_WARN_UNGUARDED_AVAILABILITY = YES_AGGRESSIVE;
				CLANG_WARN_UNREACHABLE_CODE = YES;
				CLANG_WARN__DUPLICATE_METHOD_MATCH = YES;
				CODE_SIGN_STYLE = Automatic;
				COPY_PHASE_STRIP = NO;
				DEBUG_INFORMATION_FORMAT = "dwarf-with-dsym";
				DEVELOPMENT_TEAM = GCBUDGV556;
				ENABLE_NS_ASSERTIONS = NO;
				ENABLE_STRICT_OBJC_MSGSEND = YES;
				GCC_C_LANGUAGE_STANDARD = gnu11;
				GCC_NO_COMMON_BLOCKS = YES;
				GCC_WARN_64_TO_32_BIT_CONVERSION = YES;
				GCC_WARN_ABOUT_RETURN_TYPE = YES_ERROR;
				GCC_WARN_UNDECLARED_SELECTOR = YES;
				GCC_WARN_UNINITIALIZED_AUTOS = YES_AGGRESSIVE;
				GCC_WARN_UNUSED_FUNCTION = YES;
				GCC_WARN_UNUSED_VARIABLE = YES;
				INFOPLIST_FILE = WebasystXTests/Info.plist;
				IPHONEOS_DEPLOYMENT_TARGET = 14.1;
				LD_RUNPATH_SEARCH_PATHS = (
					"$(inherited)",
					"@executable_path/Frameworks",
					"@loader_path/Frameworks",
				);
				MTL_ENABLE_DEBUG_INFO = NO;
				MTL_FAST_MATH = YES;
				PRODUCT_BUNDLE_IDENTIFIER = com.webasyst.WebasystXTests;
				PRODUCT_NAME = "$(TARGET_NAME)";
				SDKROOT = iphoneos;
				SWIFT_COMPILATION_MODE = wholemodule;
				SWIFT_OPTIMIZATION_LEVEL = "-O";
				SWIFT_VERSION = 5.0;
				TARGETED_DEVICE_FAMILY = "1,2";
				VALIDATE_PRODUCT = YES;
			};
			name = Release;
		};
/* End XCBuildConfiguration section */

/* Begin XCConfigurationList section */
		C341FF47255B1B040091B045 /* Build configuration list for PBXProject "WebXKit" */ = {
			isa = XCConfigurationList;
			buildConfigurations = (
				C341FF48255B1B040091B045 /* Debug */,
				C341FF49255B1B040091B045 /* Release */,
			);
			defaultConfigurationIsVisible = 0;
			defaultConfigurationName = Release;
		};
		C341FFD0255B1F3D0091B045 /* Build configuration list for PBXNativeTarget "WebasystX" */ = {
			isa = XCConfigurationList;
			buildConfigurations = (
				C341FFD1255B1F3D0091B045 /* Debug */,
				C341FFD2255B1F3D0091B045 /* Release */,
			);
			defaultConfigurationIsVisible = 0;
			defaultConfigurationName = Release;
		};
		C341FFD3255B1F3D0091B045 /* Build configuration list for PBXNativeTarget "WebasystXTests" */ = {
			isa = XCConfigurationList;
			buildConfigurations = (
				C341FFD4255B1F3D0091B045 /* Debug */,
				C341FFD5255B1F3D0091B045 /* Release */,
			);
			defaultConfigurationIsVisible = 0;
			defaultConfigurationName = Release;
		};
/* End XCConfigurationList section */
	};
	rootObject = C341FF44255B1B040091B045 /* Project object */;
}
