// !$*UTF8*$!
{
	archiveVersion = 1;
	classes = {
	};
	objectVersion = 51;
	objects = {

/* Begin PBXBuildFile section */
		67953C587278199086B8CBDE /* Pods_WebXAppTests.framework in Frameworks */ = {isa = PBXBuildFile; fileRef = 02BAAA7CDEC53DF05F48077F /* Pods_WebXAppTests.framework */; };
		686E47DFDF20921D246FAFCC /* Pods_WebXApp.framework in Frameworks */ = {isa = PBXBuildFile; fileRef = F8A20A2946E5FF12A2127515 /* Pods_WebXApp.framework */; };
		C341FECF255B0AED0091B045 /* AppDelegate.swift in Sources */ = {isa = PBXBuildFile; fileRef = C341FECE255B0AED0091B045 /* AppDelegate.swift */; };
		C341FED1255B0AED0091B045 /* SceneDelegate.swift in Sources */ = {isa = PBXBuildFile; fileRef = C341FED0255B0AED0091B045 /* SceneDelegate.swift */; };
		C341FEDB255B0AF20091B045 /* Assets.xcassets in Resources */ = {isa = PBXBuildFile; fileRef = C341FEDA255B0AF20091B045 /* Assets.xcassets */; };
		C341FEDE255B0AF20091B045 /* LaunchScreen.storyboard in Resources */ = {isa = PBXBuildFile; fileRef = C341FEDC255B0AF20091B045 /* LaunchScreen.storyboard */; };
		FD0C1A292671E1E400FE41D0 /* AuthViewController.swift in Sources */ = {isa = PBXBuildFile; fileRef = FD0C1A282671E1E400FE41D0 /* AuthViewController.swift */; };
		FD0C1A2B2671E1EF00FE41D0 /* AuthViewModel.swift in Sources */ = {isa = PBXBuildFile; fileRef = FD0C1A2A2671E1EF00FE41D0 /* AuthViewModel.swift */; };
		FD0C1A2D2671E1FF00FE41D0 /* AuthCoordinator.swift in Sources */ = {isa = PBXBuildFile; fileRef = FD0C1A2C2671E1FF00FE41D0 /* AuthCoordinator.swift */; };
		FD0C1A3326720EB500FE41D0 /* ConfirmCodeViewController.swift in Sources */ = {isa = PBXBuildFile; fileRef = FD0C1A3226720EB500FE41D0 /* ConfirmCodeViewController.swift */; };
		FD0C1A3526720EC000FE41D0 /* ConfirmCodeViewModel.swift in Sources */ = {isa = PBXBuildFile; fileRef = FD0C1A3426720EC000FE41D0 /* ConfirmCodeViewModel.swift */; };
		FD0C1A3726720ECC00FE41D0 /* ConfirmCodeCoordinator.swift in Sources */ = {isa = PBXBuildFile; fileRef = FD0C1A3626720ECC00FE41D0 /* ConfirmCodeCoordinator.swift */; };
		FD1062E925B96D0100E53A29 /* BlogModel.swift in Sources */ = {isa = PBXBuildFile; fileRef = FD1062E825B96D0100E53A29 /* BlogModel.swift */; };
		FD576DF32660C08300F4D707 /* Result.swift in Sources */ = {isa = PBXBuildFile; fileRef = FD576DF22660C08300F4D707 /* Result.swift */; };
		FD576DF72660FDC800F4D707 /* BlogTableViewCell.swift in Sources */ = {isa = PBXBuildFile; fileRef = FD576DF52660FDC800F4D707 /* BlogTableViewCell.swift */; };
		FD576DF82660FDC800F4D707 /* BlogTableViewCell.xib in Resources */ = {isa = PBXBuildFile; fileRef = FD576DF62660FDC800F4D707 /* BlogTableViewCell.xib */; };
		FD576DFA2661005100F4D707 /* NetworkingManager.swift in Sources */ = {isa = PBXBuildFile; fileRef = FD576DF92661005100F4D707 /* NetworkingManager.swift */; };
		FD6D6CE2267099EC008340E0 /* WelcomeViewController.swift in Sources */ = {isa = PBXBuildFile; fileRef = FD6D6CE0267099EC008340E0 /* WelcomeViewController.swift */; };
		FD6D6CE3267099EC008340E0 /* WelcomeViewController.xib in Resources */ = {isa = PBXBuildFile; fileRef = FD6D6CE1267099EC008340E0 /* WelcomeViewController.xib */; };
		FD83A42E25B7D00F00A55EBD /* BlogNetworkingService.swift in Sources */ = {isa = PBXBuildFile; fileRef = FD83A42D25B7D00F00A55EBD /* BlogNetworkingService.swift */; };
		FD83A43125B7D09C00A55EBD /* UserNetworkingManager.swift in Sources */ = {isa = PBXBuildFile; fileRef = FD83A43025B7D09C00A55EBD /* UserNetworkingManager.swift */; };
		FD922BAD25C26A0B00559AB5 /* InstallViewCell.swift in Sources */ = {isa = PBXBuildFile; fileRef = FD922BAB25C26A0B00559AB5 /* InstallViewCell.swift */; };
		FD922BAE25C26A0B00559AB5 /* InstallViewCell.xib in Resources */ = {isa = PBXBuildFile; fileRef = FD922BAC25C26A0B00559AB5 /* InstallViewCell.xib */; };
		FDCF9CBA25AE80A100EDFE69 /* WelcomeViewModel.swift in Sources */ = {isa = PBXBuildFile; fileRef = FDCF9CB925AE80A100EDFE69 /* WelcomeViewModel.swift */; };
		FDCF9CC425AE822200EDFE69 /* WebXAppTests.swift in Sources */ = {isa = PBXBuildFile; fileRef = FDCF9CC325AE822200EDFE69 /* WebXAppTests.swift */; };
		FDCF9CDF25AE84BA00EDFE69 /* AppCoordinator.swift in Sources */ = {isa = PBXBuildFile; fileRef = FDCF9CDE25AE84BA00EDFE69 /* AppCoordinator.swift */; };
		FDCF9CE625AE98CD00EDFE69 /* ImageAssets.xcassets in Resources */ = {isa = PBXBuildFile; fileRef = FDCF9CE525AE98CC00EDFE69 /* ImageAssets.xcassets */; };
		FDCF9CF625AEAEAC00EDFE69 /* WelcomeCoordinator.swift in Sources */ = {isa = PBXBuildFile; fileRef = FDCF9CF525AEAEAC00EDFE69 /* WelcomeCoordinator.swift */; };
		FDD6E35725B540CE00F5CE24 /* BlogViewController.swift in Sources */ = {isa = PBXBuildFile; fileRef = FDD6E35625B540CE00F5CE24 /* BlogViewController.swift */; };
		FDD6E35B25B540DC00F5CE24 /* BlogViewModel.swift in Sources */ = {isa = PBXBuildFile; fileRef = FDD6E35A25B540DC00F5CE24 /* BlogViewModel.swift */; };
		FDD6E35E25B540ED00F5CE24 /* BlogCoordinator.swift in Sources */ = {isa = PBXBuildFile; fileRef = FDD6E35D25B540ED00F5CE24 /* BlogCoordinator.swift */; };
		FDD6E36725B543FF00F5CE24 /* SiteViewController.swift in Sources */ = {isa = PBXBuildFile; fileRef = FDD6E36625B543FF00F5CE24 /* SiteViewController.swift */; };
		FDD6E36B25B5440A00F5CE24 /* SiteViewModel.swift in Sources */ = {isa = PBXBuildFile; fileRef = FDD6E36A25B5440A00F5CE24 /* SiteViewModel.swift */; };
		FDD6E36E25B5441500F5CE24 /* ShopViewController.swift in Sources */ = {isa = PBXBuildFile; fileRef = FDD6E36D25B5441500F5CE24 /* ShopViewController.swift */; };
		FDD6E37125B5441F00F5CE24 /* ShopViewModel.swift in Sources */ = {isa = PBXBuildFile; fileRef = FDD6E37025B5441F00F5CE24 /* ShopViewModel.swift */; };
		FDD6E37B25B544F900F5CE24 /* SiteCoordinator.swift in Sources */ = {isa = PBXBuildFile; fileRef = FDD6E37A25B544F900F5CE24 /* SiteCoordinator.swift */; };
		FDD6E38025B5471400F5CE24 /* ShopCoordinator.swift in Sources */ = {isa = PBXBuildFile; fileRef = FDD6E37F25B5471400F5CE24 /* ShopCoordinator.swift */; };
		FDD6E38925B552AE00F5CE24 /* InstallListCoordinator.swift in Sources */ = {isa = PBXBuildFile; fileRef = FDD6E38825B552AD00F5CE24 /* InstallListCoordinator.swift */; };
		FDD6E38D25B552BD00F5CE24 /* InstalListViewModel.swift in Sources */ = {isa = PBXBuildFile; fileRef = FDD6E38C25B552BC00F5CE24 /* InstalListViewModel.swift */; };
		FDD6E39025B552D000F5CE24 /* InstallListViewController.swift in Sources */ = {isa = PBXBuildFile; fileRef = FDD6E38F25B552D000F5CE24 /* InstallListViewController.swift */; };
		FDD7E9CC25C104EB00B4F869 /* SiteNetworkingService.swift in Sources */ = {isa = PBXBuildFile; fileRef = FDD7E9CB25C104EB00B4F869 /* SiteNetworkingService.swift */; };
		FDD7E9D125C1057700B4F869 /* SiteModel.swift in Sources */ = {isa = PBXBuildFile; fileRef = FDD7E9D025C1057700B4F869 /* SiteModel.swift */; };
		FDD7E9D525C107FE00B4F869 /* ShopNetworkingService.swift in Sources */ = {isa = PBXBuildFile; fileRef = FDD7E9D425C107FE00B4F869 /* ShopNetworkingService.swift */; };
		FDD7E9D925C108B900B4F869 /* ShopModel.swift in Sources */ = {isa = PBXBuildFile; fileRef = FDD7E9D825C108B900B4F869 /* ShopModel.swift */; };
		FDD7E9DF25C12F9500B4F869 /* OrderViewCell.swift in Sources */ = {isa = PBXBuildFile; fileRef = FDD7E9DD25C12F9500B4F869 /* OrderViewCell.swift */; };
		FDD7E9E025C12F9500B4F869 /* OrderViewCell.xib in Resources */ = {isa = PBXBuildFile; fileRef = FDD7E9DE25C12F9500B4F869 /* OrderViewCell.xib */; };
		FDE640A025BFCA2B008082F3 /* Localizable.strings in Resources */ = {isa = PBXBuildFile; fileRef = FDE6409F25BFCA2B008082F3 /* Localizable.strings */; };
		FDE640A825BFE327008082F3 /* BlogEntryCoordinator.swift in Sources */ = {isa = PBXBuildFile; fileRef = FDE640A725BFE327008082F3 /* BlogEntryCoordinator.swift */; };
		FDE640AC25BFE45F008082F3 /* BlogEntryViewModel.swift in Sources */ = {isa = PBXBuildFile; fileRef = FDE640AB25BFE45F008082F3 /* BlogEntryViewModel.swift */; };
		FDE640AF25BFE4F9008082F3 /* BlogEntryViewController.swift in Sources */ = {isa = PBXBuildFile; fileRef = FDE640AE25BFE4F9008082F3 /* BlogEntryViewController.swift */; };
/* End PBXBuildFile section */

/* Begin PBXContainerItemProxy section */
		FDCF9CC625AE822200EDFE69 /* PBXContainerItemProxy */ = {
			isa = PBXContainerItemProxy;
			containerPortal = C341FEC3255B0AED0091B045 /* Project object */;
			proxyType = 1;
			remoteGlobalIDString = C341FECA255B0AED0091B045;
			remoteInfo = WebXApp;
		};
/* End PBXContainerItemProxy section */

/* Begin PBXCopyFilesBuildPhase section */
		C341FF05255B0C7A0091B045 /* Embed Frameworks */ = {
			isa = PBXCopyFilesBuildPhase;
			buildActionMask = 2147483647;
			dstPath = "";
			dstSubfolderSpec = 10;
			files = (
			);
			name = "Embed Frameworks";
			runOnlyForDeploymentPostprocessing = 0;
		};
/* End PBXCopyFilesBuildPhase section */

/* Begin PBXFileReference section */
		02BAAA7CDEC53DF05F48077F /* Pods_WebXAppTests.framework */ = {isa = PBXFileReference; explicitFileType = wrapper.framework; includeInIndex = 0; path = Pods_WebXAppTests.framework; sourceTree = BUILT_PRODUCTS_DIR; };
		33B7AD4E41487C1E9E0E3169 /* Pods-WebXApp.debug.xcconfig */ = {isa = PBXFileReference; includeInIndex = 1; lastKnownFileType = text.xcconfig; name = "Pods-WebXApp.debug.xcconfig"; path = "Target Support Files/Pods-WebXApp/Pods-WebXApp.debug.xcconfig"; sourceTree = "<group>"; };
		38A7F33B240698D1203ADD3F /* Pods-WebXApp.release.xcconfig */ = {isa = PBXFileReference; includeInIndex = 1; lastKnownFileType = text.xcconfig; name = "Pods-WebXApp.release.xcconfig"; path = "Target Support Files/Pods-WebXApp/Pods-WebXApp.release.xcconfig"; sourceTree = "<group>"; };
		5A9387A1ADD6BCE382CA0912 /* Pods-WebXAppTests.release.xcconfig */ = {isa = PBXFileReference; includeInIndex = 1; lastKnownFileType = text.xcconfig; name = "Pods-WebXAppTests.release.xcconfig"; path = "Target Support Files/Pods-WebXAppTests/Pods-WebXAppTests.release.xcconfig"; sourceTree = "<group>"; };
		891F7FBDFB39A00661287E11 /* Pods-WebXAppTests.debug.xcconfig */ = {isa = PBXFileReference; includeInIndex = 1; lastKnownFileType = text.xcconfig; name = "Pods-WebXAppTests.debug.xcconfig"; path = "Target Support Files/Pods-WebXAppTests/Pods-WebXAppTests.debug.xcconfig"; sourceTree = "<group>"; };
		C341FECB255B0AED0091B045 /* WebXApp.app */ = {isa = PBXFileReference; explicitFileType = wrapper.application; includeInIndex = 0; path = WebXApp.app; sourceTree = BUILT_PRODUCTS_DIR; };
		C341FECE255B0AED0091B045 /* AppDelegate.swift */ = {isa = PBXFileReference; lastKnownFileType = sourcecode.swift; path = AppDelegate.swift; sourceTree = "<group>"; };
		C341FED0255B0AED0091B045 /* SceneDelegate.swift */ = {isa = PBXFileReference; lastKnownFileType = sourcecode.swift; path = SceneDelegate.swift; sourceTree = "<group>"; };
		C341FEDA255B0AF20091B045 /* Assets.xcassets */ = {isa = PBXFileReference; lastKnownFileType = folder.assetcatalog; path = Assets.xcassets; sourceTree = "<group>"; };
		C341FEDD255B0AF20091B045 /* Base */ = {isa = PBXFileReference; lastKnownFileType = file.storyboard; name = Base; path = Base.lproj/LaunchScreen.storyboard; sourceTree = "<group>"; };
		C341FEDF255B0AF20091B045 /* Info.plist */ = {isa = PBXFileReference; lastKnownFileType = text.plist.xml; path = Info.plist; sourceTree = "<group>"; };
		F8A20A2946E5FF12A2127515 /* Pods_WebXApp.framework */ = {isa = PBXFileReference; explicitFileType = wrapper.framework; includeInIndex = 0; path = Pods_WebXApp.framework; sourceTree = BUILT_PRODUCTS_DIR; };
		FD0C1A282671E1E400FE41D0 /* AuthViewController.swift */ = {isa = PBXFileReference; lastKnownFileType = sourcecode.swift; path = AuthViewController.swift; sourceTree = "<group>"; };
		FD0C1A2A2671E1EF00FE41D0 /* AuthViewModel.swift */ = {isa = PBXFileReference; lastKnownFileType = sourcecode.swift; path = AuthViewModel.swift; sourceTree = "<group>"; };
		FD0C1A2C2671E1FF00FE41D0 /* AuthCoordinator.swift */ = {isa = PBXFileReference; lastKnownFileType = sourcecode.swift; path = AuthCoordinator.swift; sourceTree = "<group>"; };
		FD0C1A3226720EB500FE41D0 /* ConfirmCodeViewController.swift */ = {isa = PBXFileReference; lastKnownFileType = sourcecode.swift; path = ConfirmCodeViewController.swift; sourceTree = "<group>"; };
		FD0C1A3426720EC000FE41D0 /* ConfirmCodeViewModel.swift */ = {isa = PBXFileReference; lastKnownFileType = sourcecode.swift; path = ConfirmCodeViewModel.swift; sourceTree = "<group>"; };
		FD0C1A3626720ECC00FE41D0 /* ConfirmCodeCoordinator.swift */ = {isa = PBXFileReference; lastKnownFileType = sourcecode.swift; path = ConfirmCodeCoordinator.swift; sourceTree = "<group>"; };
		FD1062E825B96D0100E53A29 /* BlogModel.swift */ = {isa = PBXFileReference; lastKnownFileType = sourcecode.swift; path = BlogModel.swift; sourceTree = "<group>"; };
		FD576DF22660C08300F4D707 /* Result.swift */ = {isa = PBXFileReference; fileEncoding = 4; lastKnownFileType = sourcecode.swift; path = Result.swift; sourceTree = "<group>"; };
		FD576DF52660FDC800F4D707 /* BlogTableViewCell.swift */ = {isa = PBXFileReference; lastKnownFileType = sourcecode.swift; path = BlogTableViewCell.swift; sourceTree = "<group>"; };
		FD576DF62660FDC800F4D707 /* BlogTableViewCell.xib */ = {isa = PBXFileReference; lastKnownFileType = file.xib; path = BlogTableViewCell.xib; sourceTree = "<group>"; };
		FD576DF92661005100F4D707 /* NetworkingManager.swift */ = {isa = PBXFileReference; lastKnownFileType = sourcecode.swift; path = NetworkingManager.swift; sourceTree = "<group>"; };
		FD6D6CE0267099EC008340E0 /* WelcomeViewController.swift */ = {isa = PBXFileReference; lastKnownFileType = sourcecode.swift; path = WelcomeViewController.swift; sourceTree = "<group>"; };
		FD6D6CE1267099EC008340E0 /* WelcomeViewController.xib */ = {isa = PBXFileReference; lastKnownFileType = file.xib; path = WelcomeViewController.xib; sourceTree = "<group>"; };
		FD83A42D25B7D00F00A55EBD /* BlogNetworkingService.swift */ = {isa = PBXFileReference; lastKnownFileType = sourcecode.swift; path = BlogNetworkingService.swift; sourceTree = "<group>"; };
		FD83A43025B7D09C00A55EBD /* UserNetworkingManager.swift */ = {isa = PBXFileReference; lastKnownFileType = sourcecode.swift; path = UserNetworkingManager.swift; sourceTree = "<group>"; };
		FD922BAB25C26A0B00559AB5 /* InstallViewCell.swift */ = {isa = PBXFileReference; lastKnownFileType = sourcecode.swift; path = InstallViewCell.swift; sourceTree = "<group>"; };
		FD922BAC25C26A0B00559AB5 /* InstallViewCell.xib */ = {isa = PBXFileReference; lastKnownFileType = file.xib; path = InstallViewCell.xib; sourceTree = "<group>"; };
		FDCF9CB925AE80A100EDFE69 /* WelcomeViewModel.swift */ = {isa = PBXFileReference; lastKnownFileType = sourcecode.swift; path = WelcomeViewModel.swift; sourceTree = "<group>"; };
		FDCF9CC125AE822200EDFE69 /* WebXAppTests.xctest */ = {isa = PBXFileReference; explicitFileType = wrapper.cfbundle; includeInIndex = 0; path = WebXAppTests.xctest; sourceTree = BUILT_PRODUCTS_DIR; };
		FDCF9CC325AE822200EDFE69 /* WebXAppTests.swift */ = {isa = PBXFileReference; lastKnownFileType = sourcecode.swift; path = WebXAppTests.swift; sourceTree = "<group>"; };
		FDCF9CC525AE822200EDFE69 /* Info.plist */ = {isa = PBXFileReference; lastKnownFileType = text.plist.xml; path = Info.plist; sourceTree = "<group>"; };
		FDCF9CDE25AE84BA00EDFE69 /* AppCoordinator.swift */ = {isa = PBXFileReference; lastKnownFileType = sourcecode.swift; path = AppCoordinator.swift; sourceTree = "<group>"; };
		FDCF9CE525AE98CC00EDFE69 /* ImageAssets.xcassets */ = {isa = PBXFileReference; lastKnownFileType = folder.assetcatalog; path = ImageAssets.xcassets; sourceTree = "<group>"; };
		FDCF9CF525AEAEAC00EDFE69 /* WelcomeCoordinator.swift */ = {isa = PBXFileReference; lastKnownFileType = sourcecode.swift; path = WelcomeCoordinator.swift; sourceTree = "<group>"; };
		FDD6E35625B540CE00F5CE24 /* BlogViewController.swift */ = {isa = PBXFileReference; lastKnownFileType = sourcecode.swift; lineEnding = 0; path = BlogViewController.swift; sourceTree = "<group>"; };
		FDD6E35A25B540DC00F5CE24 /* BlogViewModel.swift */ = {isa = PBXFileReference; lastKnownFileType = sourcecode.swift; path = BlogViewModel.swift; sourceTree = "<group>"; };
		FDD6E35D25B540ED00F5CE24 /* BlogCoordinator.swift */ = {isa = PBXFileReference; lastKnownFileType = sourcecode.swift; path = BlogCoordinator.swift; sourceTree = "<group>"; };
		FDD6E36625B543FF00F5CE24 /* SiteViewController.swift */ = {isa = PBXFileReference; lastKnownFileType = sourcecode.swift; path = SiteViewController.swift; sourceTree = "<group>"; };
		FDD6E36A25B5440A00F5CE24 /* SiteViewModel.swift */ = {isa = PBXFileReference; lastKnownFileType = sourcecode.swift; path = SiteViewModel.swift; sourceTree = "<group>"; };
		FDD6E36D25B5441500F5CE24 /* ShopViewController.swift */ = {isa = PBXFileReference; lastKnownFileType = sourcecode.swift; path = ShopViewController.swift; sourceTree = "<group>"; };
		FDD6E37025B5441F00F5CE24 /* ShopViewModel.swift */ = {isa = PBXFileReference; lastKnownFileType = sourcecode.swift; path = ShopViewModel.swift; sourceTree = "<group>"; };
		FDD6E37A25B544F900F5CE24 /* SiteCoordinator.swift */ = {isa = PBXFileReference; lastKnownFileType = sourcecode.swift; path = SiteCoordinator.swift; sourceTree = "<group>"; };
		FDD6E37F25B5471400F5CE24 /* ShopCoordinator.swift */ = {isa = PBXFileReference; lastKnownFileType = sourcecode.swift; path = ShopCoordinator.swift; sourceTree = "<group>"; };
		FDD6E38825B552AD00F5CE24 /* InstallListCoordinator.swift */ = {isa = PBXFileReference; lastKnownFileType = sourcecode.swift; path = InstallListCoordinator.swift; sourceTree = "<group>"; };
		FDD6E38C25B552BC00F5CE24 /* InstalListViewModel.swift */ = {isa = PBXFileReference; lastKnownFileType = sourcecode.swift; path = InstalListViewModel.swift; sourceTree = "<group>"; };
		FDD6E38F25B552D000F5CE24 /* InstallListViewController.swift */ = {isa = PBXFileReference; lastKnownFileType = sourcecode.swift; path = InstallListViewController.swift; sourceTree = "<group>"; };
		FDD7E9CB25C104EB00B4F869 /* SiteNetworkingService.swift */ = {isa = PBXFileReference; lastKnownFileType = sourcecode.swift; path = SiteNetworkingService.swift; sourceTree = "<group>"; };
		FDD7E9D025C1057700B4F869 /* SiteModel.swift */ = {isa = PBXFileReference; lastKnownFileType = sourcecode.swift; path = SiteModel.swift; sourceTree = "<group>"; };
		FDD7E9D425C107FE00B4F869 /* ShopNetworkingService.swift */ = {isa = PBXFileReference; lastKnownFileType = sourcecode.swift; path = ShopNetworkingService.swift; sourceTree = "<group>"; };
		FDD7E9D825C108B900B4F869 /* ShopModel.swift */ = {isa = PBXFileReference; lastKnownFileType = sourcecode.swift; path = ShopModel.swift; sourceTree = "<group>"; };
		FDD7E9DD25C12F9500B4F869 /* OrderViewCell.swift */ = {isa = PBXFileReference; lastKnownFileType = sourcecode.swift; path = OrderViewCell.swift; sourceTree = "<group>"; };
		FDD7E9DE25C12F9500B4F869 /* OrderViewCell.xib */ = {isa = PBXFileReference; lastKnownFileType = file.xib; path = OrderViewCell.xib; sourceTree = "<group>"; };
		FDE6409F25BFCA2B008082F3 /* Localizable.strings */ = {isa = PBXFileReference; lastKnownFileType = text.plist.strings; path = Localizable.strings; sourceTree = "<group>"; };
		FDE640A725BFE327008082F3 /* BlogEntryCoordinator.swift */ = {isa = PBXFileReference; lastKnownFileType = sourcecode.swift; path = BlogEntryCoordinator.swift; sourceTree = "<group>"; };
		FDE640AB25BFE45F008082F3 /* BlogEntryViewModel.swift */ = {isa = PBXFileReference; lastKnownFileType = sourcecode.swift; path = BlogEntryViewModel.swift; sourceTree = "<group>"; };
		FDE640AE25BFE4F9008082F3 /* BlogEntryViewController.swift */ = {isa = PBXFileReference; lastKnownFileType = sourcecode.swift; path = BlogEntryViewController.swift; sourceTree = "<group>"; };
/* End PBXFileReference section */

/* Begin PBXFrameworksBuildPhase section */
		C341FEC8255B0AED0091B045 /* Frameworks */ = {
			isa = PBXFrameworksBuildPhase;
			buildActionMask = 2147483647;
			files = (
				686E47DFDF20921D246FAFCC /* Pods_WebXApp.framework in Frameworks */,
			);
			runOnlyForDeploymentPostprocessing = 0;
		};
		FDCF9CBE25AE822200EDFE69 /* Frameworks */ = {
			isa = PBXFrameworksBuildPhase;
			buildActionMask = 2147483647;
			files = (
				67953C587278199086B8CBDE /* Pods_WebXAppTests.framework in Frameworks */,
			);
			runOnlyForDeploymentPostprocessing = 0;
		};
/* End PBXFrameworksBuildPhase section */

/* Begin PBXGroup section */
		62884CD50FF995722670062A /* Frameworks */ = {
			isa = PBXGroup;
			children = (
				F8A20A2946E5FF12A2127515 /* Pods_WebXApp.framework */,
				02BAAA7CDEC53DF05F48077F /* Pods_WebXAppTests.framework */,
			);
			name = Frameworks;
			sourceTree = "<group>";
		};
		67444B04B74142D163DBA96F /* Pods */ = {
			isa = PBXGroup;
			children = (
				33B7AD4E41487C1E9E0E3169 /* Pods-WebXApp.debug.xcconfig */,
				38A7F33B240698D1203ADD3F /* Pods-WebXApp.release.xcconfig */,
				891F7FBDFB39A00661287E11 /* Pods-WebXAppTests.debug.xcconfig */,
				5A9387A1ADD6BCE382CA0912 /* Pods-WebXAppTests.release.xcconfig */,
			);
			path = Pods;
			sourceTree = "<group>";
		};
		C341FEC2255B0AED0091B045 = {
			isa = PBXGroup;
			children = (
				C341FECD255B0AED0091B045 /* WebXApp */,
				FDCF9CC225AE822200EDFE69 /* WebXAppTests */,
				C341FECC255B0AED0091B045 /* Products */,
				67444B04B74142D163DBA96F /* Pods */,
				62884CD50FF995722670062A /* Frameworks */,
			);
			sourceTree = "<group>";
		};
		C341FECC255B0AED0091B045 /* Products */ = {
			isa = PBXGroup;
			children = (
				C341FECB255B0AED0091B045 /* WebXApp.app */,
				FDCF9CC125AE822200EDFE69 /* WebXAppTests.xctest */,
			);
			name = Products;
			sourceTree = "<group>";
		};
		C341FECD255B0AED0091B045 /* WebXApp */ = {
			isa = PBXGroup;
			children = (
				FDE6408125BFC547008082F3 /* Localization */,
				FD576DF12660C08300F4D707 /* Models */,
				FDCF9CB325AE7F6C00EDFE69 /* App */,
				FDCF9CB525AE7F8900EDFE69 /* Resources */,
				FDCF9CDD25AE84A300EDFE69 /* AppCoordinator */,
				FDCF9CB425AE7F7A00EDFE69 /* Modules */,
				FDCF9CB625AE7F9E00EDFE69 /* NetworkingService */,
			);
			path = WebXApp;
			sourceTree = "<group>";
		};
		FD0C1A242671E1B200FE41D0 /* AuthModule */ = {
			isa = PBXGroup;
			children = (
				FD0C1A272671E1D000FE41D0 /* Coordinator */,
				FD0C1A262671E1C900FE41D0 /* ViewModel */,
				FD0C1A252671E1BD00FE41D0 /* View */,
			);
			path = AuthModule;
			sourceTree = "<group>";
		};
		FD0C1A252671E1BD00FE41D0 /* View */ = {
			isa = PBXGroup;
			children = (
				FD0C1A282671E1E400FE41D0 /* AuthViewController.swift */,
			);
			path = View;
			sourceTree = "<group>";
		};
		FD0C1A262671E1C900FE41D0 /* ViewModel */ = {
			isa = PBXGroup;
			children = (
				FD0C1A2A2671E1EF00FE41D0 /* AuthViewModel.swift */,
			);
			path = ViewModel;
			sourceTree = "<group>";
		};
		FD0C1A272671E1D000FE41D0 /* Coordinator */ = {
			isa = PBXGroup;
			children = (
				FD0C1A2C2671E1FF00FE41D0 /* AuthCoordinator.swift */,
			);
			path = Coordinator;
			sourceTree = "<group>";
		};
		FD0C1A2E26720E8300FE41D0 /* ConfirmCodeModule */ = {
			isa = PBXGroup;
			children = (
				FD0C1A3126720E9E00FE41D0 /* Coordinator */,
				FD0C1A3026720E9900FE41D0 /* ViewModel */,
				FD0C1A2F26720E9500FE41D0 /* View */,
			);
			path = ConfirmCodeModule;
			sourceTree = "<group>";
		};
		FD0C1A2F26720E9500FE41D0 /* View */ = {
			isa = PBXGroup;
			children = (
				FD0C1A3226720EB500FE41D0 /* ConfirmCodeViewController.swift */,
			);
			path = View;
			sourceTree = "<group>";
		};
		FD0C1A3026720E9900FE41D0 /* ViewModel */ = {
			isa = PBXGroup;
			children = (
				FD0C1A3426720EC000FE41D0 /* ConfirmCodeViewModel.swift */,
			);
			path = ViewModel;
			sourceTree = "<group>";
		};
		FD0C1A3126720E9E00FE41D0 /* Coordinator */ = {
			isa = PBXGroup;
			children = (
				FD0C1A3626720ECC00FE41D0 /* ConfirmCodeCoordinator.swift */,
			);
			path = Coordinator;
			sourceTree = "<group>";
		};
		FD1062E725B96CEC00E53A29 /* Model */ = {
			isa = PBXGroup;
			children = (
				FD1062E825B96D0100E53A29 /* BlogModel.swift */,
			);
			path = Model;
			sourceTree = "<group>";
		};
		FD461FA325B692D800DB9B50 /* UserNetworkingService */ = {
			isa = PBXGroup;
			children = (
				FDD7E9D425C107FE00B4F869 /* ShopNetworkingService.swift */,
				FDD7E9CB25C104EB00B4F869 /* SiteNetworkingService.swift */,
				FD83A42D25B7D00F00A55EBD /* BlogNetworkingService.swift */,
				FD83A43025B7D09C00A55EBD /* UserNetworkingManager.swift */,
				FD576DF92661005100F4D707 /* NetworkingManager.swift */,
			);
			path = UserNetworkingService;
			sourceTree = "<group>";
		};
		FD576DF12660C08300F4D707 /* Models */ = {
			isa = PBXGroup;
			children = (
				FD576DF22660C08300F4D707 /* Result.swift */,
			);
			path = Models;
			sourceTree = "<group>";
		};
		FD576DF42660FDAC00F4D707 /* Cell */ = {
			isa = PBXGroup;
			children = (
				FD576DF52660FDC800F4D707 /* BlogTableViewCell.swift */,
				FD576DF62660FDC800F4D707 /* BlogTableViewCell.xib */,
			);
			path = Cell;
			sourceTree = "<group>";
		};
		FD922BAA25C269F700559AB5 /* Cell */ = {
			isa = PBXGroup;
			children = (
				FD922BAB25C26A0B00559AB5 /* InstallViewCell.swift */,
				FD922BAC25C26A0B00559AB5 /* InstallViewCell.xib */,
			);
			path = Cell;
			sourceTree = "<group>";
		};
		FDCF9CB325AE7F6C00EDFE69 /* App */ = {
			isa = PBXGroup;
			children = (
				C341FECE255B0AED0091B045 /* AppDelegate.swift */,
				C341FED0255B0AED0091B045 /* SceneDelegate.swift */,
				C341FEDF255B0AF20091B045 /* Info.plist */,
			);
			path = App;
			sourceTree = "<group>";
		};
		FDCF9CB425AE7F7A00EDFE69 /* Modules */ = {
			isa = PBXGroup;
			children = (
				FD0C1A2E26720E8300FE41D0 /* ConfirmCodeModule */,
				FD0C1A242671E1B200FE41D0 /* AuthModule */,
				FDD6E38425B551E300F5CE24 /* InstallListModule */,
				FDD6E36125B543D500F5CE24 /* ShopModule */,
				FDD6E36025B543CB00F5CE24 /* SiteModule */,
				FDE8F5AB25B03FDF00B98933 /* BlogModule */,
				FDE640A225BFE297008082F3 /* BlogEntryModule */,
				FDCF9CB725AE807A00EDFE69 /* WelcomeModule */,
			);
			path = Modules;
			sourceTree = "<group>";
		};
		FDCF9CB525AE7F8900EDFE69 /* Resources */ = {
			isa = PBXGroup;
			children = (
				C341FEDC255B0AF20091B045 /* LaunchScreen.storyboard */,
				C341FEDA255B0AF20091B045 /* Assets.xcassets */,
				FDCF9CE525AE98CC00EDFE69 /* ImageAssets.xcassets */,
			);
			path = Resources;
			sourceTree = "<group>";
		};
		FDCF9CB625AE7F9E00EDFE69 /* NetworkingService */ = {
			isa = PBXGroup;
			children = (
				FD461FA325B692D800DB9B50 /* UserNetworkingService */,
			);
			path = NetworkingService;
			sourceTree = "<group>";
		};
		FDCF9CB725AE807A00EDFE69 /* WelcomeModule */ = {
			isa = PBXGroup;
			children = (
				FDD6E37325B5443D00F5CE24 /* Coordinator */,
				FDCF9CE925AE99BD00EDFE69 /* ViewModel */,
				FDCF9CEB25AE99C600EDFE69 /* View */,
			);
			path = WelcomeModule;
			sourceTree = "<group>";
		};
		FDCF9CC225AE822200EDFE69 /* WebXAppTests */ = {
			isa = PBXGroup;
			children = (
				FDCF9CC325AE822200EDFE69 /* WebXAppTests.swift */,
				FDCF9CC525AE822200EDFE69 /* Info.plist */,
			);
			path = WebXAppTests;
			sourceTree = "<group>";
		};
		FDCF9CDD25AE84A300EDFE69 /* AppCoordinator */ = {
			isa = PBXGroup;
			children = (
				FDCF9CDE25AE84BA00EDFE69 /* AppCoordinator.swift */,
			);
			path = AppCoordinator;
			sourceTree = "<group>";
		};
		FDCF9CE925AE99BD00EDFE69 /* ViewModel */ = {
			isa = PBXGroup;
			children = (
				FDCF9CB925AE80A100EDFE69 /* WelcomeViewModel.swift */,
			);
			path = ViewModel;
			sourceTree = "<group>";
		};
		FDCF9CEB25AE99C600EDFE69 /* View */ = {
			isa = PBXGroup;
			children = (
				FD6D6CE0267099EC008340E0 /* WelcomeViewController.swift */,
				FD6D6CE1267099EC008340E0 /* WelcomeViewController.xib */,
			);
			path = View;
			sourceTree = "<group>";
		};
		FDD6E36025B543CB00F5CE24 /* SiteModule */ = {
			isa = PBXGroup;
			children = (
				FDD6E37925B544E800F5CE24 /* Coordinator */,
				FDD7E9CF25C1055D00B4F869 /* Model */,
				FDD6E36325B543E100F5CE24 /* ViewModel */,
				FDD6E36225B543DC00F5CE24 /* View */,
			);
			path = SiteModule;
			sourceTree = "<group>";
		};
		FDD6E36125B543D500F5CE24 /* ShopModule */ = {
			isa = PBXGroup;
			children = (
				FDD7E9DC25C12F7D00B4F869 /* Cell */,
				FDD6E37E25B546FE00F5CE24 /* Coordinator */,
				FDD7E9D725C1089C00B4F869 /* Model */,
				FDD6E36525B543EE00F5CE24 /* ViewModel */,
				FDD6E36425B543E900F5CE24 /* View */,
			);
			path = ShopModule;
			sourceTree = "<group>";
		};
		FDD6E36225B543DC00F5CE24 /* View */ = {
			isa = PBXGroup;
			children = (
				FDD6E36625B543FF00F5CE24 /* SiteViewController.swift */,
			);
			path = View;
			sourceTree = "<group>";
		};
		FDD6E36325B543E100F5CE24 /* ViewModel */ = {
			isa = PBXGroup;
			children = (
				FDD6E36A25B5440A00F5CE24 /* SiteViewModel.swift */,
			);
			path = ViewModel;
			sourceTree = "<group>";
		};
		FDD6E36425B543E900F5CE24 /* View */ = {
			isa = PBXGroup;
			children = (
				FDD6E36D25B5441500F5CE24 /* ShopViewController.swift */,
			);
			path = View;
			sourceTree = "<group>";
		};
		FDD6E36525B543EE00F5CE24 /* ViewModel */ = {
			isa = PBXGroup;
			children = (
				FDD6E37025B5441F00F5CE24 /* ShopViewModel.swift */,
			);
			path = ViewModel;
			sourceTree = "<group>";
		};
		FDD6E37325B5443D00F5CE24 /* Coordinator */ = {
			isa = PBXGroup;
			children = (
				FDCF9CF525AEAEAC00EDFE69 /* WelcomeCoordinator.swift */,
			);
			path = Coordinator;
			sourceTree = "<group>";
		};
		FDD6E37725B5449100F5CE24 /* Coordinator */ = {
			isa = PBXGroup;
			children = (
				FDD6E35D25B540ED00F5CE24 /* BlogCoordinator.swift */,
			);
			path = Coordinator;
			sourceTree = "<group>";
		};
		FDD6E37925B544E800F5CE24 /* Coordinator */ = {
			isa = PBXGroup;
			children = (
				FDD6E37A25B544F900F5CE24 /* SiteCoordinator.swift */,
			);
			path = Coordinator;
			sourceTree = "<group>";
		};
		FDD6E37E25B546FE00F5CE24 /* Coordinator */ = {
			isa = PBXGroup;
			children = (
				FDD6E37F25B5471400F5CE24 /* ShopCoordinator.swift */,
			);
			path = Coordinator;
			sourceTree = "<group>";
		};
		FDD6E38425B551E300F5CE24 /* InstallListModule */ = {
			isa = PBXGroup;
			children = (
				FD922BAA25C269F700559AB5 /* Cell */,
				FDD6E38725B5529D00F5CE24 /* Coordinator */,
				FDD6E38625B5529700F5CE24 /* ViewModel */,
				FDD6E38525B5528400F5CE24 /* View */,
			);
			path = InstallListModule;
			sourceTree = "<group>";
		};
		FDD6E38525B5528400F5CE24 /* View */ = {
			isa = PBXGroup;
			children = (
				FDD6E38F25B552D000F5CE24 /* InstallListViewController.swift */,
			);
			path = View;
			sourceTree = "<group>";
		};
		FDD6E38625B5529700F5CE24 /* ViewModel */ = {
			isa = PBXGroup;
			children = (
				FDD6E38C25B552BC00F5CE24 /* InstalListViewModel.swift */,
			);
			path = ViewModel;
			sourceTree = "<group>";
		};
		FDD6E38725B5529D00F5CE24 /* Coordinator */ = {
			isa = PBXGroup;
			children = (
				FDD6E38825B552AD00F5CE24 /* InstallListCoordinator.swift */,
			);
			path = Coordinator;
			sourceTree = "<group>";
		};
		FDD7E9CF25C1055D00B4F869 /* Model */ = {
			isa = PBXGroup;
			children = (
				FDD7E9D025C1057700B4F869 /* SiteModel.swift */,
			);
			path = Model;
			sourceTree = "<group>";
		};
		FDD7E9D725C1089C00B4F869 /* Model */ = {
			isa = PBXGroup;
			children = (
				FDD7E9D825C108B900B4F869 /* ShopModel.swift */,
			);
			path = Model;
			sourceTree = "<group>";
		};
		FDD7E9DC25C12F7D00B4F869 /* Cell */ = {
			isa = PBXGroup;
			children = (
				FDD7E9DD25C12F9500B4F869 /* OrderViewCell.swift */,
				FDD7E9DE25C12F9500B4F869 /* OrderViewCell.xib */,
			);
			path = Cell;
			sourceTree = "<group>";
		};
		FDE6408125BFC547008082F3 /* Localization */ = {
			isa = PBXGroup;
			children = (
				FDE6409F25BFCA2B008082F3 /* Localizable.strings */,
			);
			path = Localization;
			sourceTree = "<group>";
		};
		FDE640A225BFE297008082F3 /* BlogEntryModule */ = {
			isa = PBXGroup;
			children = (
				FDE640A525BFE2B4008082F3 /* Coordinator */,
				FDE640A425BFE2AD008082F3 /* ViewModel */,
				FDE640A325BFE2A8008082F3 /* View */,
			);
			path = BlogEntryModule;
			sourceTree = "<group>";
		};
		FDE640A325BFE2A8008082F3 /* View */ = {
			isa = PBXGroup;
			children = (
				FDE640AE25BFE4F9008082F3 /* BlogEntryViewController.swift */,
			);
			path = View;
			sourceTree = "<group>";
		};
		FDE640A425BFE2AD008082F3 /* ViewModel */ = {
			isa = PBXGroup;
			children = (
				FDE640AB25BFE45F008082F3 /* BlogEntryViewModel.swift */,
			);
			path = ViewModel;
			sourceTree = "<group>";
		};
		FDE640A525BFE2B4008082F3 /* Coordinator */ = {
			isa = PBXGroup;
			children = (
				FDE640A725BFE327008082F3 /* BlogEntryCoordinator.swift */,
			);
			path = Coordinator;
			sourceTree = "<group>";
		};
		FDE8F5AB25B03FDF00B98933 /* BlogModule */ = {
			isa = PBXGroup;
			children = (
				FD576DF42660FDAC00F4D707 /* Cell */,
				FDD6E37725B5449100F5CE24 /* Coordinator */,
				FD1062E725B96CEC00E53A29 /* Model */,
				FDE8F5AD25B03FF900B98933 /* ViewModule */,
				FDE8F5AC25B03FF200B98933 /* View */,
			);
			path = BlogModule;
			sourceTree = "<group>";
		};
		FDE8F5AC25B03FF200B98933 /* View */ = {
			isa = PBXGroup;
			children = (
				FDD6E35625B540CE00F5CE24 /* BlogViewController.swift */,
			);
			path = View;
			sourceTree = "<group>";
		};
		FDE8F5AD25B03FF900B98933 /* ViewModule */ = {
			isa = PBXGroup;
			children = (
				FDD6E35A25B540DC00F5CE24 /* BlogViewModel.swift */,
			);
			path = ViewModule;
			sourceTree = "<group>";
		};
/* End PBXGroup section */

/* Begin PBXNativeTarget section */
		C341FECA255B0AED0091B045 /* WebXApp */ = {
			isa = PBXNativeTarget;
			buildConfigurationList = C341FEE2255B0AF20091B045 /* Build configuration list for PBXNativeTarget "WebXApp" */;
			buildPhases = (
				B63ED963BE7667E3CC6B9E59 /* [CP] Check Pods Manifest.lock */,
				C341FEC7255B0AED0091B045 /* Sources */,
				C341FEC8255B0AED0091B045 /* Frameworks */,
				C341FEC9255B0AED0091B045 /* Resources */,
				C341FF05255B0C7A0091B045 /* Embed Frameworks */,
				231B0B46A4530FF4E08E470C /* [CP] Embed Pods Frameworks */,
			);
			buildRules = (
			);
			dependencies = (
			);
			name = WebXApp;
			productName = WebXApp;
			productReference = C341FECB255B0AED0091B045 /* WebXApp.app */;
			productType = "com.apple.product-type.application";
		};
		FDCF9CC025AE822200EDFE69 /* WebXAppTests */ = {
			isa = PBXNativeTarget;
			buildConfigurationList = FDCF9CC825AE822200EDFE69 /* Build configuration list for PBXNativeTarget "WebXAppTests" */;
			buildPhases = (
				4B450B010FC6D511E609E462 /* [CP] Check Pods Manifest.lock */,
				FDCF9CBD25AE822200EDFE69 /* Sources */,
				FDCF9CBE25AE822200EDFE69 /* Frameworks */,
				FDCF9CBF25AE822200EDFE69 /* Resources */,
			);
			buildRules = (
			);
			dependencies = (
				FDCF9CC725AE822200EDFE69 /* PBXTargetDependency */,
			);
			name = WebXAppTests;
			productName = WebXAppTests;
			productReference = FDCF9CC125AE822200EDFE69 /* WebXAppTests.xctest */;
			productType = "com.apple.product-type.bundle.unit-test";
		};
/* End PBXNativeTarget section */

/* Begin PBXProject section */
		C341FEC3255B0AED0091B045 /* Project object */ = {
			isa = PBXProject;
			attributes = {
				LastSwiftUpdateCheck = 1230;
				LastUpgradeCheck = 1210;
				TargetAttributes = {
					C341FECA255B0AED0091B045 = {
						CreatedOnToolsVersion = 12.1;
					};
					FDCF9CC025AE822200EDFE69 = {
						CreatedOnToolsVersion = 12.3;
						TestTargetID = C341FECA255B0AED0091B045;
					};
				};
			};
			buildConfigurationList = C341FEC6255B0AED0091B045 /* Build configuration list for PBXProject "Webasyst X" */;
			compatibilityVersion = "Xcode 9.3";
			developmentRegion = en;
			hasScannedForEncodings = 0;
			knownRegions = (
				en,
				Base,
			);
			mainGroup = C341FEC2255B0AED0091B045;
			productRefGroup = C341FECC255B0AED0091B045 /* Products */;
			projectDirPath = "";
			projectRoot = "";
			targets = (
				C341FECA255B0AED0091B045 /* WebXApp */,
				FDCF9CC025AE822200EDFE69 /* WebXAppTests */,
			);
		};
/* End PBXProject section */

/* Begin PBXResourcesBuildPhase section */
		C341FEC9255B0AED0091B045 /* Resources */ = {
			isa = PBXResourcesBuildPhase;
			buildActionMask = 2147483647;
			files = (
				FD576DF82660FDC800F4D707 /* BlogTableViewCell.xib in Resources */,
				FDE640A025BFCA2B008082F3 /* Localizable.strings in Resources */,
				C341FEDE255B0AF20091B045 /* LaunchScreen.storyboard in Resources */,
				C341FEDB255B0AF20091B045 /* Assets.xcassets in Resources */,
				FDD7E9E025C12F9500B4F869 /* OrderViewCell.xib in Resources */,
				FD6D6CE3267099EC008340E0 /* WelcomeViewController.xib in Resources */,
				FD922BAE25C26A0B00559AB5 /* InstallViewCell.xib in Resources */,
				FDCF9CE625AE98CD00EDFE69 /* ImageAssets.xcassets in Resources */,
			);
			runOnlyForDeploymentPostprocessing = 0;
		};
		FDCF9CBF25AE822200EDFE69 /* Resources */ = {
			isa = PBXResourcesBuildPhase;
			buildActionMask = 2147483647;
			files = (
			);
			runOnlyForDeploymentPostprocessing = 0;
		};
/* End PBXResourcesBuildPhase section */

/* Begin PBXShellScriptBuildPhase section */
		231B0B46A4530FF4E08E470C /* [CP] Embed Pods Frameworks */ = {
			isa = PBXShellScriptBuildPhase;
			buildActionMask = 2147483647;
			files = (
			);
			inputFileListPaths = (
				"${PODS_ROOT}/Target Support Files/Pods-WebXApp/Pods-WebXApp-frameworks-${CONFIGURATION}-input-files.xcfilelist",
			);
			name = "[CP] Embed Pods Frameworks";
			outputFileListPaths = (
				"${PODS_ROOT}/Target Support Files/Pods-WebXApp/Pods-WebXApp-frameworks-${CONFIGURATION}-output-files.xcfilelist",
			);
			runOnlyForDeploymentPostprocessing = 0;
			shellPath = /bin/sh;
			shellScript = "\"${PODS_ROOT}/Target Support Files/Pods-WebXApp/Pods-WebXApp-frameworks.sh\"\n";
			showEnvVarsInLog = 0;
		};
		4B450B010FC6D511E609E462 /* [CP] Check Pods Manifest.lock */ = {
			isa = PBXShellScriptBuildPhase;
			buildActionMask = 2147483647;
			files = (
			);
			inputFileListPaths = (
			);
			inputPaths = (
				"${PODS_PODFILE_DIR_PATH}/Podfile.lock",
				"${PODS_ROOT}/Manifest.lock",
			);
			name = "[CP] Check Pods Manifest.lock";
			outputFileListPaths = (
			);
			outputPaths = (
				"$(DERIVED_FILE_DIR)/Pods-WebXAppTests-checkManifestLockResult.txt",
			);
			runOnlyForDeploymentPostprocessing = 0;
			shellPath = /bin/sh;
			shellScript = "diff \"${PODS_PODFILE_DIR_PATH}/Podfile.lock\" \"${PODS_ROOT}/Manifest.lock\" > /dev/null\nif [ $? != 0 ] ; then\n    # print error to STDERR\n    echo \"error: The sandbox is not in sync with the Podfile.lock. Run 'pod install' or update your CocoaPods installation.\" >&2\n    exit 1\nfi\n# This output is used by Xcode 'outputs' to avoid re-running this script phase.\necho \"SUCCESS\" > \"${SCRIPT_OUTPUT_FILE_0}\"\n";
			showEnvVarsInLog = 0;
		};
		B63ED963BE7667E3CC6B9E59 /* [CP] Check Pods Manifest.lock */ = {
			isa = PBXShellScriptBuildPhase;
			buildActionMask = 2147483647;
			files = (
			);
			inputFileListPaths = (
			);
			inputPaths = (
				"${PODS_PODFILE_DIR_PATH}/Podfile.lock",
				"${PODS_ROOT}/Manifest.lock",
			);
			name = "[CP] Check Pods Manifest.lock";
			outputFileListPaths = (
			);
			outputPaths = (
				"$(DERIVED_FILE_DIR)/Pods-WebXApp-checkManifestLockResult.txt",
			);
			runOnlyForDeploymentPostprocessing = 0;
			shellPath = /bin/sh;
			shellScript = "diff \"${PODS_PODFILE_DIR_PATH}/Podfile.lock\" \"${PODS_ROOT}/Manifest.lock\" > /dev/null\nif [ $? != 0 ] ; then\n    # print error to STDERR\n    echo \"error: The sandbox is not in sync with the Podfile.lock. Run 'pod install' or update your CocoaPods installation.\" >&2\n    exit 1\nfi\n# This output is used by Xcode 'outputs' to avoid re-running this script phase.\necho \"SUCCESS\" > \"${SCRIPT_OUTPUT_FILE_0}\"\n";
			showEnvVarsInLog = 0;
		};
/* End PBXShellScriptBuildPhase section */

/* Begin PBXSourcesBuildPhase section */
		C341FEC7255B0AED0091B045 /* Sources */ = {
			isa = PBXSourcesBuildPhase;
			buildActionMask = 2147483647;
			files = (
				FDCF9CBA25AE80A100EDFE69 /* WelcomeViewModel.swift in Sources */,
				FDD6E36E25B5441500F5CE24 /* ShopViewController.swift in Sources */,
				FDD6E35B25B540DC00F5CE24 /* BlogViewModel.swift in Sources */,
				FDD6E36B25B5440A00F5CE24 /* SiteViewModel.swift in Sources */,
				FD0C1A3526720EC000FE41D0 /* ConfirmCodeViewModel.swift in Sources */,
				FD0C1A3726720ECC00FE41D0 /* ConfirmCodeCoordinator.swift in Sources */,
				FD922BAD25C26A0B00559AB5 /* InstallViewCell.swift in Sources */,
				C341FECF255B0AED0091B045 /* AppDelegate.swift in Sources */,
				FDCF9CDF25AE84BA00EDFE69 /* AppCoordinator.swift in Sources */,
				FD83A43125B7D09C00A55EBD /* UserNetworkingManager.swift in Sources */,
				FDD6E39025B552D000F5CE24 /* InstallListViewController.swift in Sources */,
				FD0C1A3326720EB500FE41D0 /* ConfirmCodeViewController.swift in Sources */,
				FDD7E9CC25C104EB00B4F869 /* SiteNetworkingService.swift in Sources */,
				FD0C1A2B2671E1EF00FE41D0 /* AuthViewModel.swift in Sources */,
				FD576DF32660C08300F4D707 /* Result.swift in Sources */,
				FDD7E9DF25C12F9500B4F869 /* OrderViewCell.swift in Sources */,
				FDD7E9D925C108B900B4F869 /* ShopModel.swift in Sources */,
				FDD6E35725B540CE00F5CE24 /* BlogViewController.swift in Sources */,
				FDE640A825BFE327008082F3 /* BlogEntryCoordinator.swift in Sources */,
				FDD6E37125B5441F00F5CE24 /* ShopViewModel.swift in Sources */,
				FDCF9CF625AEAEAC00EDFE69 /* WelcomeCoordinator.swift in Sources */,
				FD576DFA2661005100F4D707 /* NetworkingManager.swift in Sources */,
				FDD6E38925B552AE00F5CE24 /* InstallListCoordinator.swift in Sources */,
				FD1062E925B96D0100E53A29 /* BlogModel.swift in Sources */,
				FD83A42E25B7D00F00A55EBD /* BlogNetworkingService.swift in Sources */,
				C341FED1255B0AED0091B045 /* SceneDelegate.swift in Sources */,
				FDD6E35E25B540ED00F5CE24 /* BlogCoordinator.swift in Sources */,
				FDD6E36725B543FF00F5CE24 /* SiteViewController.swift in Sources */,
				FD6D6CE2267099EC008340E0 /* WelcomeViewController.swift in Sources */,
				FDD7E9D125C1057700B4F869 /* SiteModel.swift in Sources */,
				FD0C1A292671E1E400FE41D0 /* AuthViewController.swift in Sources */,
				FD576DF72660FDC800F4D707 /* BlogTableViewCell.swift in Sources */,
				FDD6E37B25B544F900F5CE24 /* SiteCoordinator.swift in Sources */,
				FDE640AF25BFE4F9008082F3 /* BlogEntryViewController.swift in Sources */,
				FDD6E38D25B552BD00F5CE24 /* InstalListViewModel.swift in Sources */,
				FDE640AC25BFE45F008082F3 /* BlogEntryViewModel.swift in Sources */,
				FDD6E38025B5471400F5CE24 /* ShopCoordinator.swift in Sources */,
				FD0C1A2D2671E1FF00FE41D0 /* AuthCoordinator.swift in Sources */,
				FDD7E9D525C107FE00B4F869 /* ShopNetworkingService.swift in Sources */,
			);
			runOnlyForDeploymentPostprocessing = 0;
		};
		FDCF9CBD25AE822200EDFE69 /* Sources */ = {
			isa = PBXSourcesBuildPhase;
			buildActionMask = 2147483647;
			files = (
				FDCF9CC425AE822200EDFE69 /* WebXAppTests.swift in Sources */,
			);
			runOnlyForDeploymentPostprocessing = 0;
		};
/* End PBXSourcesBuildPhase section */

/* Begin PBXTargetDependency section */
		FDCF9CC725AE822200EDFE69 /* PBXTargetDependency */ = {
			isa = PBXTargetDependency;
			target = C341FECA255B0AED0091B045 /* WebXApp */;
			targetProxy = FDCF9CC625AE822200EDFE69 /* PBXContainerItemProxy */;
		};
/* End PBXTargetDependency section */

/* Begin PBXVariantGroup section */
		C341FEDC255B0AF20091B045 /* LaunchScreen.storyboard */ = {
			isa = PBXVariantGroup;
			children = (
				C341FEDD255B0AF20091B045 /* Base */,
			);
			name = LaunchScreen.storyboard;
			sourceTree = "<group>";
		};
/* End PBXVariantGroup section */

/* Begin XCBuildConfiguration section */
		C341FEE0255B0AF20091B045 /* Debug */ = {
			isa = XCBuildConfiguration;
			buildSettings = {
				ALWAYS_SEARCH_USER_PATHS = NO;
				CLANG_ANALYZER_LOCALIZABILITY_NONLOCALIZED = YES;
				CLANG_ANALYZER_NONNULL = YES;
				CLANG_ANALYZER_NUMBER_OBJECT_CONVERSION = YES_AGGRESSIVE;
				CLANG_CXX_LANGUAGE_STANDARD = "gnu++14";
				CLANG_CXX_LIBRARY = "libc++";
				CLANG_ENABLE_MODULES = YES;
				CLANG_ENABLE_OBJC_ARC = YES;
				CLANG_ENABLE_OBJC_WEAK = YES;
				CLANG_WARN_BLOCK_CAPTURE_AUTORELEASING = YES;
				CLANG_WARN_BOOL_CONVERSION = YES;
				CLANG_WARN_COMMA = YES;
				CLANG_WARN_CONSTANT_CONVERSION = YES;
				CLANG_WARN_DEPRECATED_OBJC_IMPLEMENTATIONS = YES;
				CLANG_WARN_DIRECT_OBJC_ISA_USAGE = YES_ERROR;
				CLANG_WARN_DOCUMENTATION_COMMENTS = YES;
				CLANG_WARN_EMPTY_BODY = YES;
				CLANG_WARN_ENUM_CONVERSION = YES;
				CLANG_WARN_INFINITE_RECURSION = YES;
				CLANG_WARN_INT_CONVERSION = YES;
				CLANG_WARN_NON_LITERAL_NULL_CONVERSION = YES;
				CLANG_WARN_OBJC_IMPLICIT_RETAIN_SELF = YES;
				CLANG_WARN_OBJC_LITERAL_CONVERSION = YES;
				CLANG_WARN_OBJC_ROOT_CLASS = YES_ERROR;
				CLANG_WARN_QUOTED_INCLUDE_IN_FRAMEWORK_HEADER = YES;
				CLANG_WARN_RANGE_LOOP_ANALYSIS = YES;
				CLANG_WARN_STRICT_PROTOTYPES = YES;
				CLANG_WARN_SUSPICIOUS_MOVE = YES;
				CLANG_WARN_UNGUARDED_AVAILABILITY = YES_AGGRESSIVE;
				CLANG_WARN_UNREACHABLE_CODE = YES;
				CLANG_WARN__DUPLICATE_METHOD_MATCH = YES;
				COPY_PHASE_STRIP = NO;
				DEBUG_INFORMATION_FORMAT = dwarf;
				ENABLE_STRICT_OBJC_MSGSEND = YES;
				ENABLE_TESTABILITY = YES;
				GCC_C_LANGUAGE_STANDARD = gnu11;
				GCC_DYNAMIC_NO_PIC = NO;
				GCC_NO_COMMON_BLOCKS = YES;
				GCC_OPTIMIZATION_LEVEL = 0;
				GCC_PREPROCESSOR_DEFINITIONS = (
					"DEBUG=1",
					"$(inherited)",
				);
				GCC_WARN_64_TO_32_BIT_CONVERSION = YES;
				GCC_WARN_ABOUT_RETURN_TYPE = YES_ERROR;
				GCC_WARN_UNDECLARED_SELECTOR = YES;
				GCC_WARN_UNINITIALIZED_AUTOS = YES_AGGRESSIVE;
				GCC_WARN_UNUSED_FUNCTION = YES;
				GCC_WARN_UNUSED_VARIABLE = YES;
				IPHONEOS_DEPLOYMENT_TARGET = 13.0;
				MTL_ENABLE_DEBUG_INFO = INCLUDE_SOURCE;
				MTL_FAST_MATH = YES;
				ONLY_ACTIVE_ARCH = YES;
				SDKROOT = iphoneos;
				SWIFT_ACTIVE_COMPILATION_CONDITIONS = DEBUG;
				SWIFT_OPTIMIZATION_LEVEL = "-Onone";
			};
			name = Debug;
		};
		C341FEE1255B0AF20091B045 /* Release */ = {
			isa = XCBuildConfiguration;
			buildSettings = {
				ALWAYS_SEARCH_USER_PATHS = NO;
				CLANG_ANALYZER_LOCALIZABILITY_NONLOCALIZED = YES;
				CLANG_ANALYZER_NONNULL = YES;
				CLANG_ANALYZER_NUMBER_OBJECT_CONVERSION = YES_AGGRESSIVE;
				CLANG_CXX_LANGUAGE_STANDARD = "gnu++14";
				CLANG_CXX_LIBRARY = "libc++";
				CLANG_ENABLE_MODULES = YES;
				CLANG_ENABLE_OBJC_ARC = YES;
				CLANG_ENABLE_OBJC_WEAK = YES;
				CLANG_WARN_BLOCK_CAPTURE_AUTORELEASING = YES;
				CLANG_WARN_BOOL_CONVERSION = YES;
				CLANG_WARN_COMMA = YES;
				CLANG_WARN_CONSTANT_CONVERSION = YES;
				CLANG_WARN_DEPRECATED_OBJC_IMPLEMENTATIONS = YES;
				CLANG_WARN_DIRECT_OBJC_ISA_USAGE = YES_ERROR;
				CLANG_WARN_DOCUMENTATION_COMMENTS = YES;
				CLANG_WARN_EMPTY_BODY = YES;
				CLANG_WARN_ENUM_CONVERSION = YES;
				CLANG_WARN_INFINITE_RECURSION = YES;
				CLANG_WARN_INT_CONVERSION = YES;
				CLANG_WARN_NON_LITERAL_NULL_CONVERSION = YES;
				CLANG_WARN_OBJC_IMPLICIT_RETAIN_SELF = YES;
				CLANG_WARN_OBJC_LITERAL_CONVERSION = YES;
				CLANG_WARN_OBJC_ROOT_CLASS = YES_ERROR;
				CLANG_WARN_QUOTED_INCLUDE_IN_FRAMEWORK_HEADER = YES;
				CLANG_WARN_RANGE_LOOP_ANALYSIS = YES;
				CLANG_WARN_STRICT_PROTOTYPES = YES;
				CLANG_WARN_SUSPICIOUS_MOVE = YES;
				CLANG_WARN_UNGUARDED_AVAILABILITY = YES_AGGRESSIVE;
				CLANG_WARN_UNREACHABLE_CODE = YES;
				CLANG_WARN__DUPLICATE_METHOD_MATCH = YES;
				COPY_PHASE_STRIP = NO;
				DEBUG_INFORMATION_FORMAT = "dwarf-with-dsym";
				ENABLE_NS_ASSERTIONS = NO;
				ENABLE_STRICT_OBJC_MSGSEND = YES;
				GCC_C_LANGUAGE_STANDARD = gnu11;
				GCC_NO_COMMON_BLOCKS = YES;
				GCC_WARN_64_TO_32_BIT_CONVERSION = YES;
				GCC_WARN_ABOUT_RETURN_TYPE = YES_ERROR;
				GCC_WARN_UNDECLARED_SELECTOR = YES;
				GCC_WARN_UNINITIALIZED_AUTOS = YES_AGGRESSIVE;
				GCC_WARN_UNUSED_FUNCTION = YES;
				GCC_WARN_UNUSED_VARIABLE = YES;
				IPHONEOS_DEPLOYMENT_TARGET = 13.0;
				MTL_ENABLE_DEBUG_INFO = NO;
				MTL_FAST_MATH = YES;
				SDKROOT = iphoneos;
				SWIFT_COMPILATION_MODE = wholemodule;
				SWIFT_OPTIMIZATION_LEVEL = "-O";
				VALIDATE_PRODUCT = YES;
			};
			name = Release;
		};
		C341FEE3255B0AF20091B045 /* Debug */ = {
			isa = XCBuildConfiguration;
			baseConfigurationReference = 33B7AD4E41487C1E9E0E3169 /* Pods-WebXApp.debug.xcconfig */;
			buildSettings = {
				ASSETCATALOG_COMPILER_APPICON_NAME = AppIcon;
				ASSETCATALOG_COMPILER_GLOBAL_ACCENT_COLOR_NAME = AccentColor;
				CODE_SIGN_STYLE = Automatic;
				DEVELOPMENT_TEAM = Z73YGZ4UAM;
				INFOPLIST_FILE = WebXApp/App/Info.plist;
				LD_RUNPATH_SEARCH_PATHS = (
					"$(inherited)",
					"@executable_path/Frameworks",
				);
				PRODUCT_BUNDLE_IDENTIFIER = com.webasyst.x.ios;
				PRODUCT_NAME = "$(TARGET_NAME)";
				SWIFT_VERSION = 5.0;
				TARGETED_DEVICE_FAMILY = 1;
			};
			name = Debug;
		};
		C341FEE4255B0AF20091B045 /* Release */ = {
			isa = XCBuildConfiguration;
			baseConfigurationReference = 38A7F33B240698D1203ADD3F /* Pods-WebXApp.release.xcconfig */;
			buildSettings = {
				ASSETCATALOG_COMPILER_APPICON_NAME = AppIcon;
				ASSETCATALOG_COMPILER_GLOBAL_ACCENT_COLOR_NAME = AccentColor;
				CODE_SIGN_STYLE = Automatic;
				DEVELOPMENT_TEAM = Z73YGZ4UAM;
				INFOPLIST_FILE = WebXApp/App/Info.plist;
				LD_RUNPATH_SEARCH_PATHS = (
					"$(inherited)",
					"@executable_path/Frameworks",
				);
				PRODUCT_BUNDLE_IDENTIFIER = com.webasyst.x.ios;
				PRODUCT_NAME = "$(TARGET_NAME)";
				SWIFT_VERSION = 5.0;
				TARGETED_DEVICE_FAMILY = 1;
			};
			name = Release;
		};
		FDCF9CC925AE822200EDFE69 /* Debug */ = {
			isa = XCBuildConfiguration;
			baseConfigurationReference = 891F7FBDFB39A00661287E11 /* Pods-WebXAppTests.debug.xcconfig */;
			buildSettings = {
				BUNDLE_LOADER = "$(TEST_HOST)";
				CODE_SIGN_STYLE = Automatic;
				DEVELOPMENT_TEAM = GCBUDGV556;
				INFOPLIST_FILE = WebXAppTests/Info.plist;
				IPHONEOS_DEPLOYMENT_TARGET = 14.3;
				LD_RUNPATH_SEARCH_PATHS = (
					"$(inherited)",
					"@executable_path/Frameworks",
					"@loader_path/Frameworks",
				);
				PRODUCT_BUNDLE_IDENTIFIER = com.webasyst.x.ios.tests;
				PRODUCT_NAME = "$(TARGET_NAME)";
				SWIFT_VERSION = 5.0;
				TARGETED_DEVICE_FAMILY = "1,2";
				TEST_HOST = "$(BUILT_PRODUCTS_DIR)/WebXApp.app/WebXApp";
			};
			name = Debug;
		};
		FDCF9CCA25AE822200EDFE69 /* Release */ = {
			isa = XCBuildConfiguration;
			baseConfigurationReference = 5A9387A1ADD6BCE382CA0912 /* Pods-WebXAppTests.release.xcconfig */;
			buildSettings = {
				BUNDLE_LOADER = "$(TEST_HOST)";
				CODE_SIGN_STYLE = Automatic;
				DEVELOPMENT_TEAM = GCBUDGV556;
				INFOPLIST_FILE = WebXAppTests/Info.plist;
				IPHONEOS_DEPLOYMENT_TARGET = 14.3;
				LD_RUNPATH_SEARCH_PATHS = (
					"$(inherited)",
					"@executable_path/Frameworks",
					"@loader_path/Frameworks",
				);
				PRODUCT_BUNDLE_IDENTIFIER = com.webasyst.x.ios.tests;
				PRODUCT_NAME = "$(TARGET_NAME)";
				SWIFT_VERSION = 5.0;
				TARGETED_DEVICE_FAMILY = "1,2";
				TEST_HOST = "$(BUILT_PRODUCTS_DIR)/WebXApp.app/WebXApp";
			};
			name = Release;
		};
/* End XCBuildConfiguration section */

/* Begin XCConfigurationList section */
		C341FEC6255B0AED0091B045 /* Build configuration list for PBXProject "Webasyst X" */ = {
			isa = XCConfigurationList;
			buildConfigurations = (
				C341FEE0255B0AF20091B045 /* Debug */,
				C341FEE1255B0AF20091B045 /* Release */,
			);
			defaultConfigurationIsVisible = 0;
			defaultConfigurationName = Release;
		};
		C341FEE2255B0AF20091B045 /* Build configuration list for PBXNativeTarget "WebXApp" */ = {
			isa = XCConfigurationList;
			buildConfigurations = (
				C341FEE3255B0AF20091B045 /* Debug */,
				C341FEE4255B0AF20091B045 /* Release */,
			);
			defaultConfigurationIsVisible = 0;
			defaultConfigurationName = Release;
		};
		FDCF9CC825AE822200EDFE69 /* Build configuration list for PBXNativeTarget "WebXAppTests" */ = {
			isa = XCConfigurationList;
			buildConfigurations = (
				FDCF9CC925AE822200EDFE69 /* Debug */,
				FDCF9CCA25AE822200EDFE69 /* Release */,
			);
			defaultConfigurationIsVisible = 0;
			defaultConfigurationName = Release;
		};
/* End XCConfigurationList section */
	};
	rootObject = C341FEC3255B0AED0091B045 /* Project object */;
}
