// !$*UTF8*$!
{
	archiveVersion = 1;
	classes = {
	};
	objectVersion = 51;
	objects = {

/* Begin PBXBuildFile section */
		0FDB6FB48FF1E86585A7F4DE /* SiteCoordinator.swift in Sources */ = {isa = PBXBuildFile; fileRef = 5C70177C56ADCBDFAF637ECD /* SiteCoordinator.swift */; };
		1DDC1C7FFACF6E5A6D1F3D88 /* BlogCoordinator.swift in Sources */ = {isa = PBXBuildFile; fileRef = F51ACE1771F5E2DB1364E113 /* BlogCoordinator.swift */; };
		1FACACDBCA53306395202BBE /* BlogDetailViewConroller.swift in Sources */ = {isa = PBXBuildFile; fileRef = 1010A0F23C88A7DB775F4942 /* BlogDetailViewConroller.swift */; };
		2D76C654DD39F84814FF5DAB /* SiteDetailModel.swift in Sources */ = {isa = PBXBuildFile; fileRef = 4EB61AAFFF6FF9AF40F10D2B /* SiteDetailModel.swift */; };
		48193BFF1FE6E8B9CA31DFBB /* BlogViewConroller.swift in Sources */ = {isa = PBXBuildFile; fileRef = 956B1CBBB3CF945327ACA353 /* BlogViewConroller.swift */; };
		51E83F5998519C6B24B7CE45 /* ShopCoordinator.swift in Sources */ = {isa = PBXBuildFile; fileRef = A3BEBF2483432B2F310DCF62 /* ShopCoordinator.swift */; };
		5AB720F40EB12DE1FFE6A153 /* ShopViewModel.swift in Sources */ = {isa = PBXBuildFile; fileRef = A75447097FB9DD513EFE9FF0 /* ShopViewModel.swift */; };
		6BC8E263375BC1330BFC88B1 /* BlogDetailCoordinator.swift in Sources */ = {isa = PBXBuildFile; fileRef = A7DD2EB5BE0FDF47A7D5AFAF /* BlogDetailCoordinator.swift */; };
		7F8ADB48763F45274FDE297E /* ShopModel.swift in Sources */ = {isa = PBXBuildFile; fileRef = 206F8C94345FB1780910A270 /* ShopModel.swift */; };
		81833D945486887F1ED5FF4F /* BlogViewModel.swift in Sources */ = {isa = PBXBuildFile; fileRef = 841085BBA137DDD98C18DEDE /* BlogViewModel.swift */; };
		8B834D9A25D818433FF2AB63 /* BlogDetailViewModel.swift in Sources */ = {isa = PBXBuildFile; fileRef = 00146DCD473B326320FA40EA /* BlogDetailViewModel.swift */; };
		8E895D158F81697CEA907F8C /* ShopViewConroller.swift in Sources */ = {isa = PBXBuildFile; fileRef = 72DC31D0C1D521D9FA1AC855 /* ShopViewConroller.swift */; };
		9956D54A7D5D4633CA39E653 /* SiteDetailCoordinator.swift in Sources */ = {isa = PBXBuildFile; fileRef = C06A5571F3FEB1C7F98A9B91 /* SiteDetailCoordinator.swift */; };
		9FC9C6058022EB1AF4395A17 /* BlogDetailModel.swift in Sources */ = {isa = PBXBuildFile; fileRef = 768998324CFA943A7ECD11C3 /* BlogDetailModel.swift */; };
		B7A701490C142B9158B73BCF /* SiteDetailViewConroller.swift in Sources */ = {isa = PBXBuildFile; fileRef = 2A9B2C450DEFF887939F160A /* SiteDetailViewConroller.swift */; };
		C341FECF255B0AED0091B045 /* AppDelegate.swift in Sources */ = {isa = PBXBuildFile; fileRef = C341FECE255B0AED0091B045 /* AppDelegate.swift */; };
		C341FED1255B0AED0091B045 /* SceneDelegate.swift in Sources */ = {isa = PBXBuildFile; fileRef = C341FED0255B0AED0091B045 /* SceneDelegate.swift */; };
		C341FEDB255B0AF20091B045 /* Assets.xcassets in Resources */ = {isa = PBXBuildFile; fileRef = C341FEDA255B0AF20091B045 /* Assets.xcassets */; };
		C341FEDE255B0AF20091B045 /* LaunchScreen.storyboard in Resources */ = {isa = PBXBuildFile; fileRef = C341FEDC255B0AF20091B045 /* LaunchScreen.storyboard */; };
		C6F68C6E6184945115288B16 /* SiteDetailViewModel.swift in Sources */ = {isa = PBXBuildFile; fileRef = 3643854FC07E06E7221118E1 /* SiteDetailViewModel.swift */; };
		CB58E4FA8653A598EB1D5084 /* SiteViewModel.swift in Sources */ = {isa = PBXBuildFile; fileRef = CBE05806CB941D7790B34036 /* SiteViewModel.swift */; };
		CD0902ED1BDD7C706B0B4313 /* BlogModel.swift in Sources */ = {isa = PBXBuildFile; fileRef = A91A93FF367C71169D63D005 /* BlogModel.swift */; };
		D02E90D1E1507B87442EB602 /* Pods_Webasyst_X.framework in Frameworks */ = {isa = PBXBuildFile; fileRef = 61B58F456F55811364D6E55B /* Pods_Webasyst_X.framework */; };
		F38DEA0183E1F6FC33F4A7EB /* SiteModel.swift in Sources */ = {isa = PBXBuildFile; fileRef = B968064F3255BC783E80BCFF /* SiteModel.swift */; };
		FD068D7B2694239C0008F4AD /* NetworkingService.swift in Sources */ = {isa = PBXBuildFile; fileRef = FD068D7A2694239C0008F4AD /* NetworkingService.swift */; };
		FD0A5012269EAC8700AE1B0D /* Reachability.swift in Sources */ = {isa = PBXBuildFile; fileRef = FD0A5011269EAC8700AE1B0D /* Reachability.swift */; };
		FD0A5015269EACC700AE1B0D /* NotConnection.swift in Sources */ = {isa = PBXBuildFile; fileRef = FD0A5014269EACC700AE1B0D /* NotConnection.swift */; };
		FD2A575C26AE7CE200BA8262 /* AppCoordinator.swift in Sources */ = {isa = PBXBuildFile; fileRef = FD2A575826AE7CE200BA8262 /* AppCoordinator.swift */; };
		FD2A575D26AE7CE200BA8262 /* MainTabBarSource.swift in Sources */ = {isa = PBXBuildFile; fileRef = FD2A575926AE7CE200BA8262 /* MainTabBarSource.swift */; };
		FD2A575E26AE7CE200BA8262 /* ScreensBuilder.swift in Sources */ = {isa = PBXBuildFile; fileRef = FD2A575A26AE7CE200BA8262 /* ScreensBuilder.swift */; };
		FD2A575F26AE7CE200BA8262 /* MainTabBarCoordinator.swift in Sources */ = {isa = PBXBuildFile; fileRef = FD2A575B26AE7CE200BA8262 /* MainTabBarCoordinator.swift */; };
		FD2A57A726AE7CF400BA8262 /* AddAccoutViewModel.swift in Sources */ = {isa = PBXBuildFile; fileRef = FD2A576226AE7CF400BA8262 /* AddAccoutViewModel.swift */; };
		FD2A57A826AE7CF400BA8262 /* AddAccoutCoordinator.swift in Sources */ = {isa = PBXBuildFile; fileRef = FD2A576426AE7CF400BA8262 /* AddAccoutCoordinator.swift */; };
		FD2A57A926AE7CF400BA8262 /* AddAccoutModel.swift in Sources */ = {isa = PBXBuildFile; fileRef = FD2A576626AE7CF400BA8262 /* AddAccoutModel.swift */; };
		FD2A57AA26AE7CF400BA8262 /* AddAccoutViewController.xib in Resources */ = {isa = PBXBuildFile; fileRef = FD2A576826AE7CF400BA8262 /* AddAccoutViewController.xib */; };
		FD2A57AB26AE7CF400BA8262 /* AddAccoutViewConroller.swift in Sources */ = {isa = PBXBuildFile; fileRef = FD2A576926AE7CF400BA8262 /* AddAccoutViewConroller.swift */; };
		FD2A57AC26AE7CF400BA8262 /* PhoneAuthViewModel.swift in Sources */ = {isa = PBXBuildFile; fileRef = FD2A576C26AE7CF400BA8262 /* PhoneAuthViewModel.swift */; };
		FD2A57AD26AE7CF400BA8262 /* PhoneAuthCoordinator.swift in Sources */ = {isa = PBXBuildFile; fileRef = FD2A576E26AE7CF400BA8262 /* PhoneAuthCoordinator.swift */; };
		FD2A57AE26AE7CF400BA8262 /* PhoneAuthModel.swift in Sources */ = {isa = PBXBuildFile; fileRef = FD2A577026AE7CF400BA8262 /* PhoneAuthModel.swift */; };
		FD2A57AF26AE7CF400BA8262 /* PhoneAuthViewConroller.swift in Sources */ = {isa = PBXBuildFile; fileRef = FD2A577226AE7CF400BA8262 /* PhoneAuthViewConroller.swift */; };
		FD2A57B026AE7CF400BA8262 /* ConfirmPhoneViewModel.swift in Sources */ = {isa = PBXBuildFile; fileRef = FD2A577526AE7CF400BA8262 /* ConfirmPhoneViewModel.swift */; };
		FD2A57B126AE7CF400BA8262 /* ConfirmPhoneCoordinator.swift in Sources */ = {isa = PBXBuildFile; fileRef = FD2A577726AE7CF400BA8262 /* ConfirmPhoneCoordinator.swift */; };
		FD2A57B226AE7CF400BA8262 /* ConfirmPhoneModel.swift in Sources */ = {isa = PBXBuildFile; fileRef = FD2A577926AE7CF400BA8262 /* ConfirmPhoneModel.swift */; };
		FD2A57B326AE7CF400BA8262 /* ConfirmPhoneViewConroller.swift in Sources */ = {isa = PBXBuildFile; fileRef = FD2A577B26AE7CF400BA8262 /* ConfirmPhoneViewConroller.swift */; };
		FD2A57B426AE7CF400BA8262 /* WelcomeViewModel.swift in Sources */ = {isa = PBXBuildFile; fileRef = FD2A577E26AE7CF400BA8262 /* WelcomeViewModel.swift */; };
		FD2A57B526AE7CF400BA8262 /* WelcomeCoordinator.swift in Sources */ = {isa = PBXBuildFile; fileRef = FD2A578026AE7CF400BA8262 /* WelcomeCoordinator.swift */; };
		FD2A57B626AE7CF400BA8262 /* WelcomeModel.swift in Sources */ = {isa = PBXBuildFile; fileRef = FD2A578226AE7CF400BA8262 /* WelcomeModel.swift */; };
		FD2A57B726AE7CF400BA8262 /* WelcomeViewControler.swift in Sources */ = {isa = PBXBuildFile; fileRef = FD2A578426AE7CF400BA8262 /* WelcomeViewControler.swift */; };
		FD2A57B826AE7CF400BA8262 /* SlideView.xib in Resources */ = {isa = PBXBuildFile; fileRef = FD2A578726AE7CF400BA8262 /* SlideView.xib */; };
		FD2A57B926AE7CF400BA8262 /* SlideView.swift in Sources */ = {isa = PBXBuildFile; fileRef = FD2A578826AE7CF400BA8262 /* SlideView.swift */; };
		FD2A57BA26AE7CF400BA8262 /* AuthSlide.swift in Sources */ = {isa = PBXBuildFile; fileRef = FD2A578A26AE7CF400BA8262 /* AuthSlide.swift */; };
		FD2A57BB26AE7CF400BA8262 /* SettingsListViewModel.swift in Sources */ = {isa = PBXBuildFile; fileRef = FD2A578D26AE7CF400BA8262 /* SettingsListViewModel.swift */; };
		FD2A57BC26AE7CF400BA8262 /* SettingsListCoordinator.swift in Sources */ = {isa = PBXBuildFile; fileRef = FD2A578F26AE7CF400BA8262 /* SettingsListCoordinator.swift */; };
		FD2A57BD26AE7CF400BA8262 /* InstallViewCell.swift in Sources */ = {isa = PBXBuildFile; fileRef = FD2A579126AE7CF400BA8262 /* InstallViewCell.swift */; };
		FD2A57BE26AE7CF400BA8262 /* InstallViewCell.xib in Resources */ = {isa = PBXBuildFile; fileRef = FD2A579226AE7CF400BA8262 /* InstallViewCell.xib */; };
		FD2A57BF26AE7CF400BA8262 /* SettingsListModel.swift in Sources */ = {isa = PBXBuildFile; fileRef = FD2A579426AE7CF400BA8262 /* SettingsListModel.swift */; };
		FD2A57C026AE7CF400BA8262 /* SettingsListViewConroller.swift in Sources */ = {isa = PBXBuildFile; fileRef = FD2A579626AE7CF400BA8262 /* SettingsListViewConroller.swift */; };
		FD2A57C126AE7CF400BA8262 /* FooterView.swift in Sources */ = {isa = PBXBuildFile; fileRef = FD2A579826AE7CF400BA8262 /* FooterView.swift */; };
		FD2A57C226AE7CF400BA8262 /* ProfileView.swift in Sources */ = {isa = PBXBuildFile; fileRef = FD2A579926AE7CF400BA8262 /* ProfileView.swift */; };
		FD2A57C326AE7CF400BA8262 /* InstructionWaidViewModel.swift in Sources */ = {isa = PBXBuildFile; fileRef = FD2A579C26AE7CF400BA8262 /* InstructionWaidViewModel.swift */; };
		FD2A57C426AE7CF400BA8262 /* InstructionWaidCoordinator.swift in Sources */ = {isa = PBXBuildFile; fileRef = FD2A579E26AE7CF400BA8262 /* InstructionWaidCoordinator.swift */; };
		FD2A57C526AE7CF400BA8262 /* InstructionWaidModel.swift in Sources */ = {isa = PBXBuildFile; fileRef = FD2A57A026AE7CF400BA8262 /* InstructionWaidModel.swift */; };
		FD2A57C626AE7CF400BA8262 /* InstructionWaidViewConroller.swift in Sources */ = {isa = PBXBuildFile; fileRef = FD2A57A226AE7CF400BA8262 /* InstructionWaidViewConroller.swift */; };
		FD2A57C726AE7CF400BA8262 /* LoadingViewController.xib in Resources */ = {isa = PBXBuildFile; fileRef = FD2A57A526AE7CF400BA8262 /* LoadingViewController.xib */; };
		FD2A57C826AE7CF400BA8262 /* LoadingViewController.swift in Sources */ = {isa = PBXBuildFile; fileRef = FD2A57A626AE7CF400BA8262 /* LoadingViewController.swift */; };
		FD2A57CC26AE8D2300BA8262 /* BlogTableViewCell.swift in Sources */ = {isa = PBXBuildFile; fileRef = FD2A57CA26AE8D2300BA8262 /* BlogTableViewCell.swift */; };
		FD2A57CD26AE8D2300BA8262 /* BlogTableViewCell.xib in Resources */ = {isa = PBXBuildFile; fileRef = FD2A57CB26AE8D2300BA8262 /* BlogTableViewCell.xib */; };
		FD2A57CF26AE91D900BA8262 /* UIColor.swift in Sources */ = {isa = PBXBuildFile; fileRef = FD2A57CE26AE91D900BA8262 /* UIColor.swift */; };
		FD2A57D126AE934C00BA8262 /* UIImageView.swift in Sources */ = {isa = PBXBuildFile; fileRef = FD2A57D026AE934C00BA8262 /* UIImageView.swift */; };
		FD2A57D326AE988800BA8262 /* SiteViewController.swift in Sources */ = {isa = PBXBuildFile; fileRef = FD2A57D226AE988800BA8262 /* SiteViewController.swift */; };
		FD3BBA072685AC470011259A /* Localizable.strings in Resources */ = {isa = PBXBuildFile; fileRef = FD3BBA092685AC470011259A /* Localizable.strings */; };
		FD46C0902681991700A97894 /* WebasystXTests.swift in Sources */ = {isa = PBXBuildFile; fileRef = FD46C08F2681991700A97894 /* WebasystXTests.swift */; };
		FD4BB44526BBD33100EA3284 /* JMMaskTextField.swift in Sources */ = {isa = PBXBuildFile; fileRef = FD4BB44426BBD33100EA3284 /* JMMaskTextField.swift */; };
		FD4BB44726BBD35C00EA3284 /* JMStringMask.swift in Sources */ = {isa = PBXBuildFile; fileRef = FD4BB44626BBD35C00EA3284 /* JMStringMask.swift */; };
		FD4CD0F52692CEBA00F5A3DE /* Webasyst.plist in Resources */ = {isa = PBXBuildFile; fileRef = FD4CD0F42692CEBA00F5A3DE /* Webasyst.plist */; };
		FD4CD0F82692E12800F5A3DE /* UIViewController.swift in Sources */ = {isa = PBXBuildFile; fileRef = FD4CD0F72692E12800F5A3DE /* UIViewController.swift */; };
		FD4CD0FA2693073F00F5A3DE /* README.md in Resources */ = {isa = PBXBuildFile; fileRef = FD4CD0F92693073F00F5A3DE /* README.md */; };
		FD4E68022679CED300A42283 /* InstallModuleView.swift in Sources */ = {isa = PBXBuildFile; fileRef = FD4E68012679CED300A42283 /* InstallModuleView.swift */; };
		FD4E68052679E1DC00A42283 /* EmptyListView.swift in Sources */ = {isa = PBXBuildFile; fileRef = FD4E68042679E1DC00A42283 /* EmptyListView.swift */; };
		FD4E680F2679F61A00A42283 /* ErrorView.swift in Sources */ = {isa = PBXBuildFile; fileRef = FD4E680E2679F61A00A42283 /* ErrorView.swift */; };
		FD576DF32660C08300F4D707 /* Result.swift in Sources */ = {isa = PBXBuildFile; fileRef = FD576DF22660C08300F4D707 /* Result.swift */; };
		FD576DFA2661005100F4D707 /* NetworkingManager.swift in Sources */ = {isa = PBXBuildFile; fileRef = FD576DF92661005100F4D707 /* NetworkingManager.swift */; };
		FD84BA6F2681E2E70049B7F9 /* SiteViewCell.swift in Sources */ = {isa = PBXBuildFile; fileRef = FD84BA6D2681E2E70049B7F9 /* SiteViewCell.swift */; };
		FD84BA702681E2E70049B7F9 /* SiteViewCell.xib in Resources */ = {isa = PBXBuildFile; fileRef = FD84BA6E2681E2E70049B7F9 /* SiteViewCell.xib */; };
		FDBB9F7B2679FA880027DD53 /* LoadingView.swift in Sources */ = {isa = PBXBuildFile; fileRef = FDBB9F7A2679FA880027DD53 /* LoadingView.swift */; };
		FDCF9CE625AE98CD00EDFE69 /* ImageAssets.xcassets in Resources */ = {isa = PBXBuildFile; fileRef = FDCF9CE525AE98CC00EDFE69 /* ImageAssets.xcassets */; };
		FDD7E9DF25C12F9500B4F869 /* OrderViewCell.swift in Sources */ = {isa = PBXBuildFile; fileRef = FDD7E9DD25C12F9500B4F869 /* OrderViewCell.swift */; };
		FDD7E9E025C12F9500B4F869 /* OrderViewCell.xib in Resources */ = {isa = PBXBuildFile; fileRef = FDD7E9DE25C12F9500B4F869 /* OrderViewCell.xib */; };
/* End PBXBuildFile section */

/* Begin PBXContainerItemProxy section */
		FD46C0922681991700A97894 /* PBXContainerItemProxy */ = {
			isa = PBXContainerItemProxy;
			containerPortal = C341FEC3255B0AED0091B045 /* Project object */;
			proxyType = 1;
			remoteGlobalIDString = C341FECA255B0AED0091B045;
			remoteInfo = "Webasyst X";
		};
/* End PBXContainerItemProxy section */

/* Begin PBXCopyFilesBuildPhase section */
		C341FF05255B0C7A0091B045 /* Embed Frameworks */ = {
			isa = PBXCopyFilesBuildPhase;
			buildActionMask = 2147483647;
			dstPath = "";
			dstSubfolderSpec = 10;
			files = (
			);
			name = "Embed Frameworks";
			runOnlyForDeploymentPostprocessing = 0;
		};
/* End PBXCopyFilesBuildPhase section */

/* Begin PBXFileReference section */
		00146DCD473B326320FA40EA /* BlogDetailViewModel.swift */ = {isa = PBXFileReference; includeInIndex = 1; lastKnownFileType = sourcecode.swift; path = BlogDetailViewModel.swift; sourceTree = "<group>"; };
		1010A0F23C88A7DB775F4942 /* BlogDetailViewConroller.swift */ = {isa = PBXFileReference; includeInIndex = 1; lastKnownFileType = sourcecode.swift; path = BlogDetailViewConroller.swift; sourceTree = "<group>"; };
		1B18B6892FE6529090964A9C /* Pods-Webasyst X.debug.xcconfig */ = {isa = PBXFileReference; includeInIndex = 1; lastKnownFileType = text.xcconfig; name = "Pods-Webasyst X.debug.xcconfig"; path = "Target Support Files/Pods-Webasyst X/Pods-Webasyst X.debug.xcconfig"; sourceTree = "<group>"; };
		206F8C94345FB1780910A270 /* ShopModel.swift */ = {isa = PBXFileReference; includeInIndex = 1; lastKnownFileType = sourcecode.swift; path = ShopModel.swift; sourceTree = "<group>"; };
		2A9B2C450DEFF887939F160A /* SiteDetailViewConroller.swift */ = {isa = PBXFileReference; includeInIndex = 1; lastKnownFileType = sourcecode.swift; path = SiteDetailViewConroller.swift; sourceTree = "<group>"; };
		3643854FC07E06E7221118E1 /* SiteDetailViewModel.swift */ = {isa = PBXFileReference; includeInIndex = 1; lastKnownFileType = sourcecode.swift; path = SiteDetailViewModel.swift; sourceTree = "<group>"; };
		4EB61AAFFF6FF9AF40F10D2B /* SiteDetailModel.swift */ = {isa = PBXFileReference; includeInIndex = 1; lastKnownFileType = sourcecode.swift; path = SiteDetailModel.swift; sourceTree = "<group>"; };
		5C70177C56ADCBDFAF637ECD /* SiteCoordinator.swift */ = {isa = PBXFileReference; includeInIndex = 1; lastKnownFileType = sourcecode.swift; path = SiteCoordinator.swift; sourceTree = "<group>"; };
		61B58F456F55811364D6E55B /* Pods_Webasyst_X.framework */ = {isa = PBXFileReference; explicitFileType = wrapper.framework; includeInIndex = 0; path = Pods_Webasyst_X.framework; sourceTree = BUILT_PRODUCTS_DIR; };
		680B2B3CCB1018D054E7B24E /* Pods-Webasyst X.release.xcconfig */ = {isa = PBXFileReference; includeInIndex = 1; lastKnownFileType = text.xcconfig; name = "Pods-Webasyst X.release.xcconfig"; path = "Target Support Files/Pods-Webasyst X/Pods-Webasyst X.release.xcconfig"; sourceTree = "<group>"; };
		72DC31D0C1D521D9FA1AC855 /* ShopViewConroller.swift */ = {isa = PBXFileReference; includeInIndex = 1; lastKnownFileType = sourcecode.swift; path = ShopViewConroller.swift; sourceTree = "<group>"; };
		768998324CFA943A7ECD11C3 /* BlogDetailModel.swift */ = {isa = PBXFileReference; includeInIndex = 1; lastKnownFileType = sourcecode.swift; path = BlogDetailModel.swift; sourceTree = "<group>"; };
		841085BBA137DDD98C18DEDE /* BlogViewModel.swift */ = {isa = PBXFileReference; includeInIndex = 1; lastKnownFileType = sourcecode.swift; path = BlogViewModel.swift; sourceTree = "<group>"; };
		956B1CBBB3CF945327ACA353 /* BlogViewConroller.swift */ = {isa = PBXFileReference; includeInIndex = 1; lastKnownFileType = sourcecode.swift; path = BlogViewConroller.swift; sourceTree = "<group>"; };
		A3BEBF2483432B2F310DCF62 /* ShopCoordinator.swift */ = {isa = PBXFileReference; includeInIndex = 1; lastKnownFileType = sourcecode.swift; path = ShopCoordinator.swift; sourceTree = "<group>"; };
		A75447097FB9DD513EFE9FF0 /* ShopViewModel.swift */ = {isa = PBXFileReference; includeInIndex = 1; lastKnownFileType = sourcecode.swift; path = ShopViewModel.swift; sourceTree = "<group>"; };
		A7DD2EB5BE0FDF47A7D5AFAF /* BlogDetailCoordinator.swift */ = {isa = PBXFileReference; includeInIndex = 1; lastKnownFileType = sourcecode.swift; path = BlogDetailCoordinator.swift; sourceTree = "<group>"; };
		A91A93FF367C71169D63D005 /* BlogModel.swift */ = {isa = PBXFileReference; includeInIndex = 1; lastKnownFileType = sourcecode.swift; path = BlogModel.swift; sourceTree = "<group>"; };
		B968064F3255BC783E80BCFF /* SiteModel.swift */ = {isa = PBXFileReference; includeInIndex = 1; lastKnownFileType = sourcecode.swift; path = SiteModel.swift; sourceTree = "<group>"; };
		BA953B6EABD49E83C3D9A114 /* Pods_WebXAppTests.framework */ = {isa = PBXFileReference; explicitFileType = wrapper.framework; includeInIndex = 0; path = Pods_WebXAppTests.framework; sourceTree = BUILT_PRODUCTS_DIR; };
		C06A5571F3FEB1C7F98A9B91 /* SiteDetailCoordinator.swift */ = {isa = PBXFileReference; includeInIndex = 1; lastKnownFileType = sourcecode.swift; path = SiteDetailCoordinator.swift; sourceTree = "<group>"; };
		C341FECB255B0AED0091B045 /* Webasyst X.app */ = {isa = PBXFileReference; explicitFileType = wrapper.application; includeInIndex = 0; path = "Webasyst X.app"; sourceTree = BUILT_PRODUCTS_DIR; };
		C341FECE255B0AED0091B045 /* AppDelegate.swift */ = {isa = PBXFileReference; lastKnownFileType = sourcecode.swift; path = AppDelegate.swift; sourceTree = "<group>"; };
		C341FED0255B0AED0091B045 /* SceneDelegate.swift */ = {isa = PBXFileReference; lastKnownFileType = sourcecode.swift; path = SceneDelegate.swift; sourceTree = "<group>"; };
		C341FEDA255B0AF20091B045 /* Assets.xcassets */ = {isa = PBXFileReference; lastKnownFileType = folder.assetcatalog; path = Assets.xcassets; sourceTree = "<group>"; };
		C341FEDD255B0AF20091B045 /* Base */ = {isa = PBXFileReference; lastKnownFileType = file.storyboard; name = Base; path = Base.lproj/LaunchScreen.storyboard; sourceTree = "<group>"; };
		C341FEDF255B0AF20091B045 /* Info.plist */ = {isa = PBXFileReference; lastKnownFileType = text.plist.xml; path = Info.plist; sourceTree = "<group>"; };
		CBE05806CB941D7790B34036 /* SiteViewModel.swift */ = {isa = PBXFileReference; includeInIndex = 1; lastKnownFileType = sourcecode.swift; path = SiteViewModel.swift; sourceTree = "<group>"; };
		F51ACE1771F5E2DB1364E113 /* BlogCoordinator.swift */ = {isa = PBXFileReference; includeInIndex = 1; lastKnownFileType = sourcecode.swift; path = BlogCoordinator.swift; sourceTree = "<group>"; };
		FD068D7A2694239C0008F4AD /* NetworkingService.swift */ = {isa = PBXFileReference; lastKnownFileType = sourcecode.swift; path = NetworkingService.swift; sourceTree = "<group>"; };
		FD0A5011269EAC8700AE1B0D /* Reachability.swift */ = {isa = PBXFileReference; lastKnownFileType = sourcecode.swift; path = Reachability.swift; sourceTree = "<group>"; };
		FD0A5014269EACC700AE1B0D /* NotConnection.swift */ = {isa = PBXFileReference; lastKnownFileType = sourcecode.swift; path = NotConnection.swift; sourceTree = "<group>"; };
		FD1A2B292680A95200BA7C68 /* WebXApp.entitlements */ = {isa = PBXFileReference; lastKnownFileType = text.plist.entitlements; path = WebXApp.entitlements; sourceTree = "<group>"; };
		FD2A575826AE7CE200BA8262 /* AppCoordinator.swift */ = {isa = PBXFileReference; fileEncoding = 4; lastKnownFileType = sourcecode.swift; path = AppCoordinator.swift; sourceTree = "<group>"; };
		FD2A575926AE7CE200BA8262 /* MainTabBarSource.swift */ = {isa = PBXFileReference; fileEncoding = 4; lastKnownFileType = sourcecode.swift; path = MainTabBarSource.swift; sourceTree = "<group>"; };
		FD2A575A26AE7CE200BA8262 /* ScreensBuilder.swift */ = {isa = PBXFileReference; fileEncoding = 4; lastKnownFileType = sourcecode.swift; path = ScreensBuilder.swift; sourceTree = "<group>"; };
		FD2A575B26AE7CE200BA8262 /* MainTabBarCoordinator.swift */ = {isa = PBXFileReference; fileEncoding = 4; lastKnownFileType = sourcecode.swift; path = MainTabBarCoordinator.swift; sourceTree = "<group>"; };
		FD2A576226AE7CF400BA8262 /* AddAccoutViewModel.swift */ = {isa = PBXFileReference; fileEncoding = 4; lastKnownFileType = sourcecode.swift; path = AddAccoutViewModel.swift; sourceTree = "<group>"; };
		FD2A576426AE7CF400BA8262 /* AddAccoutCoordinator.swift */ = {isa = PBXFileReference; fileEncoding = 4; lastKnownFileType = sourcecode.swift; path = AddAccoutCoordinator.swift; sourceTree = "<group>"; };
		FD2A576626AE7CF400BA8262 /* AddAccoutModel.swift */ = {isa = PBXFileReference; fileEncoding = 4; lastKnownFileType = sourcecode.swift; path = AddAccoutModel.swift; sourceTree = "<group>"; };
		FD2A576826AE7CF400BA8262 /* AddAccoutViewController.xib */ = {isa = PBXFileReference; fileEncoding = 4; lastKnownFileType = file.xib; path = AddAccoutViewController.xib; sourceTree = "<group>"; };
		FD2A576926AE7CF400BA8262 /* AddAccoutViewConroller.swift */ = {isa = PBXFileReference; fileEncoding = 4; lastKnownFileType = sourcecode.swift; path = AddAccoutViewConroller.swift; sourceTree = "<group>"; };
		FD2A576C26AE7CF400BA8262 /* PhoneAuthViewModel.swift */ = {isa = PBXFileReference; fileEncoding = 4; lastKnownFileType = sourcecode.swift; path = PhoneAuthViewModel.swift; sourceTree = "<group>"; };
		FD2A576E26AE7CF400BA8262 /* PhoneAuthCoordinator.swift */ = {isa = PBXFileReference; fileEncoding = 4; lastKnownFileType = sourcecode.swift; path = PhoneAuthCoordinator.swift; sourceTree = "<group>"; };
		FD2A577026AE7CF400BA8262 /* PhoneAuthModel.swift */ = {isa = PBXFileReference; fileEncoding = 4; lastKnownFileType = sourcecode.swift; path = PhoneAuthModel.swift; sourceTree = "<group>"; };
		FD2A577226AE7CF400BA8262 /* PhoneAuthViewConroller.swift */ = {isa = PBXFileReference; fileEncoding = 4; lastKnownFileType = sourcecode.swift; path = PhoneAuthViewConroller.swift; sourceTree = "<group>"; };
		FD2A577526AE7CF400BA8262 /* ConfirmPhoneViewModel.swift */ = {isa = PBXFileReference; fileEncoding = 4; lastKnownFileType = sourcecode.swift; path = ConfirmPhoneViewModel.swift; sourceTree = "<group>"; };
		FD2A577726AE7CF400BA8262 /* ConfirmPhoneCoordinator.swift */ = {isa = PBXFileReference; fileEncoding = 4; lastKnownFileType = sourcecode.swift; path = ConfirmPhoneCoordinator.swift; sourceTree = "<group>"; };
		FD2A577926AE7CF400BA8262 /* ConfirmPhoneModel.swift */ = {isa = PBXFileReference; fileEncoding = 4; lastKnownFileType = sourcecode.swift; path = ConfirmPhoneModel.swift; sourceTree = "<group>"; };
		FD2A577B26AE7CF400BA8262 /* ConfirmPhoneViewConroller.swift */ = {isa = PBXFileReference; fileEncoding = 4; lastKnownFileType = sourcecode.swift; path = ConfirmPhoneViewConroller.swift; sourceTree = "<group>"; };
		FD2A577E26AE7CF400BA8262 /* WelcomeViewModel.swift */ = {isa = PBXFileReference; fileEncoding = 4; lastKnownFileType = sourcecode.swift; path = WelcomeViewModel.swift; sourceTree = "<group>"; };
		FD2A578026AE7CF400BA8262 /* WelcomeCoordinator.swift */ = {isa = PBXFileReference; fileEncoding = 4; lastKnownFileType = sourcecode.swift; path = WelcomeCoordinator.swift; sourceTree = "<group>"; };
		FD2A578226AE7CF400BA8262 /* WelcomeModel.swift */ = {isa = PBXFileReference; fileEncoding = 4; lastKnownFileType = sourcecode.swift; path = WelcomeModel.swift; sourceTree = "<group>"; };
		FD2A578426AE7CF400BA8262 /* WelcomeViewControler.swift */ = {isa = PBXFileReference; fileEncoding = 4; lastKnownFileType = sourcecode.swift; path = WelcomeViewControler.swift; sourceTree = "<group>"; };
		FD2A578726AE7CF400BA8262 /* SlideView.xib */ = {isa = PBXFileReference; fileEncoding = 4; lastKnownFileType = file.xib; path = SlideView.xib; sourceTree = "<group>"; };
		FD2A578826AE7CF400BA8262 /* SlideView.swift */ = {isa = PBXFileReference; fileEncoding = 4; lastKnownFileType = sourcecode.swift; path = SlideView.swift; sourceTree = "<group>"; };
		FD2A578A26AE7CF400BA8262 /* AuthSlide.swift */ = {isa = PBXFileReference; fileEncoding = 4; lastKnownFileType = sourcecode.swift; path = AuthSlide.swift; sourceTree = "<group>"; };
		FD2A578D26AE7CF400BA8262 /* SettingsListViewModel.swift */ = {isa = PBXFileReference; fileEncoding = 4; lastKnownFileType = sourcecode.swift; path = SettingsListViewModel.swift; sourceTree = "<group>"; };
		FD2A578F26AE7CF400BA8262 /* SettingsListCoordinator.swift */ = {isa = PBXFileReference; fileEncoding = 4; lastKnownFileType = sourcecode.swift; path = SettingsListCoordinator.swift; sourceTree = "<group>"; };
		FD2A579126AE7CF400BA8262 /* InstallViewCell.swift */ = {isa = PBXFileReference; fileEncoding = 4; lastKnownFileType = sourcecode.swift; path = InstallViewCell.swift; sourceTree = "<group>"; };
		FD2A579226AE7CF400BA8262 /* InstallViewCell.xib */ = {isa = PBXFileReference; fileEncoding = 4; lastKnownFileType = file.xib; path = InstallViewCell.xib; sourceTree = "<group>"; };
		FD2A579426AE7CF400BA8262 /* SettingsListModel.swift */ = {isa = PBXFileReference; fileEncoding = 4; lastKnownFileType = sourcecode.swift; path = SettingsListModel.swift; sourceTree = "<group>"; };
		FD2A579626AE7CF400BA8262 /* SettingsListViewConroller.swift */ = {isa = PBXFileReference; fileEncoding = 4; lastKnownFileType = sourcecode.swift; path = SettingsListViewConroller.swift; sourceTree = "<group>"; };
		FD2A579826AE7CF400BA8262 /* FooterView.swift */ = {isa = PBXFileReference; fileEncoding = 4; lastKnownFileType = sourcecode.swift; path = FooterView.swift; sourceTree = "<group>"; };
		FD2A579926AE7CF400BA8262 /* ProfileView.swift */ = {isa = PBXFileReference; fileEncoding = 4; lastKnownFileType = sourcecode.swift; path = ProfileView.swift; sourceTree = "<group>"; };
		FD2A579C26AE7CF400BA8262 /* InstructionWaidViewModel.swift */ = {isa = PBXFileReference; fileEncoding = 4; lastKnownFileType = sourcecode.swift; path = InstructionWaidViewModel.swift; sourceTree = "<group>"; };
		FD2A579E26AE7CF400BA8262 /* InstructionWaidCoordinator.swift */ = {isa = PBXFileReference; fileEncoding = 4; lastKnownFileType = sourcecode.swift; path = InstructionWaidCoordinator.swift; sourceTree = "<group>"; };
		FD2A57A026AE7CF400BA8262 /* InstructionWaidModel.swift */ = {isa = PBXFileReference; fileEncoding = 4; lastKnownFileType = sourcecode.swift; path = InstructionWaidModel.swift; sourceTree = "<group>"; };
		FD2A57A226AE7CF400BA8262 /* InstructionWaidViewConroller.swift */ = {isa = PBXFileReference; fileEncoding = 4; lastKnownFileType = sourcecode.swift; path = InstructionWaidViewConroller.swift; sourceTree = "<group>"; };
		FD2A57A526AE7CF400BA8262 /* LoadingViewController.xib */ = {isa = PBXFileReference; fileEncoding = 4; lastKnownFileType = file.xib; path = LoadingViewController.xib; sourceTree = "<group>"; };
		FD2A57A626AE7CF400BA8262 /* LoadingViewController.swift */ = {isa = PBXFileReference; fileEncoding = 4; lastKnownFileType = sourcecode.swift; path = LoadingViewController.swift; sourceTree = "<group>"; };
		FD2A57CA26AE8D2300BA8262 /* BlogTableViewCell.swift */ = {isa = PBXFileReference; fileEncoding = 4; lastKnownFileType = sourcecode.swift; path = BlogTableViewCell.swift; sourceTree = "<group>"; };
		FD2A57CB26AE8D2300BA8262 /* BlogTableViewCell.xib */ = {isa = PBXFileReference; fileEncoding = 4; lastKnownFileType = file.xib; path = BlogTableViewCell.xib; sourceTree = "<group>"; };
		FD2A57CE26AE91D900BA8262 /* UIColor.swift */ = {isa = PBXFileReference; lastKnownFileType = sourcecode.swift; path = UIColor.swift; sourceTree = "<group>"; };
		FD2A57D026AE934C00BA8262 /* UIImageView.swift */ = {isa = PBXFileReference; lastKnownFileType = sourcecode.swift; path = UIImageView.swift; sourceTree = "<group>"; };
		FD2A57D226AE988800BA8262 /* SiteViewController.swift */ = {isa = PBXFileReference; lastKnownFileType = sourcecode.swift; path = SiteViewController.swift; sourceTree = "<group>"; };
		FD3BBA082685AC470011259A /* en */ = {isa = PBXFileReference; lastKnownFileType = text.plist.strings; name = en; path = en.lproj/Localizable.strings; sourceTree = "<group>"; };
		FD3BBA0A2685AC590011259A /* ru */ = {isa = PBXFileReference; lastKnownFileType = text.plist.strings; name = ru; path = ru.lproj/Localizable.strings; sourceTree = "<group>"; };
		FD46C08D2681991700A97894 /* WebasystXTests.xctest */ = {isa = PBXFileReference; explicitFileType = wrapper.cfbundle; includeInIndex = 0; path = WebasystXTests.xctest; sourceTree = BUILT_PRODUCTS_DIR; };
		FD46C08F2681991700A97894 /* WebasystXTests.swift */ = {isa = PBXFileReference; lastKnownFileType = sourcecode.swift; path = WebasystXTests.swift; sourceTree = "<group>"; };
		FD46C0912681991700A97894 /* Info.plist */ = {isa = PBXFileReference; lastKnownFileType = text.plist.xml; path = Info.plist; sourceTree = "<group>"; };
		FD4BB44426BBD33100EA3284 /* JMMaskTextField.swift */ = {isa = PBXFileReference; lastKnownFileType = sourcecode.swift; path = JMMaskTextField.swift; sourceTree = "<group>"; };
		FD4BB44626BBD35C00EA3284 /* JMStringMask.swift */ = {isa = PBXFileReference; lastKnownFileType = sourcecode.swift; path = JMStringMask.swift; sourceTree = "<group>"; };
		FD4CD0F42692CEBA00F5A3DE /* Webasyst.plist */ = {isa = PBXFileReference; lastKnownFileType = text.plist.xml; path = Webasyst.plist; sourceTree = "<group>"; };
		FD4CD0F72692E12800F5A3DE /* UIViewController.swift */ = {isa = PBXFileReference; lastKnownFileType = sourcecode.swift; path = UIViewController.swift; sourceTree = "<group>"; };
		FD4CD0F92693073F00F5A3DE /* README.md */ = {isa = PBXFileReference; fileEncoding = 4; lastKnownFileType = net.daringfireball.markdown; path = README.md; sourceTree = SOURCE_ROOT; };
		FD4E68012679CED300A42283 /* InstallModuleView.swift */ = {isa = PBXFileReference; lastKnownFileType = sourcecode.swift; path = InstallModuleView.swift; sourceTree = "<group>"; };
		FD4E68042679E1DC00A42283 /* EmptyListView.swift */ = {isa = PBXFileReference; lastKnownFileType = sourcecode.swift; path = EmptyListView.swift; sourceTree = "<group>"; };
		FD4E680E2679F61A00A42283 /* ErrorView.swift */ = {isa = PBXFileReference; lastKnownFileType = sourcecode.swift; path = ErrorView.swift; sourceTree = "<group>"; };
		FD576DF22660C08300F4D707 /* Result.swift */ = {isa = PBXFileReference; fileEncoding = 4; lastKnownFileType = sourcecode.swift; path = Result.swift; sourceTree = "<group>"; };
		FD576DF92661005100F4D707 /* NetworkingManager.swift */ = {isa = PBXFileReference; lastKnownFileType = sourcecode.swift; path = NetworkingManager.swift; sourceTree = "<group>"; };
		FD84BA6D2681E2E70049B7F9 /* SiteViewCell.swift */ = {isa = PBXFileReference; lastKnownFileType = sourcecode.swift; path = SiteViewCell.swift; sourceTree = "<group>"; };
		FD84BA6E2681E2E70049B7F9 /* SiteViewCell.xib */ = {isa = PBXFileReference; lastKnownFileType = file.xib; path = SiteViewCell.xib; sourceTree = "<group>"; };
		FDBB9F7A2679FA880027DD53 /* LoadingView.swift */ = {isa = PBXFileReference; lastKnownFileType = sourcecode.swift; path = LoadingView.swift; sourceTree = "<group>"; };
		FDCF9CE525AE98CC00EDFE69 /* ImageAssets.xcassets */ = {isa = PBXFileReference; lastKnownFileType = folder.assetcatalog; path = ImageAssets.xcassets; sourceTree = "<group>"; };
		FDD7E9DD25C12F9500B4F869 /* OrderViewCell.swift */ = {isa = PBXFileReference; lastKnownFileType = sourcecode.swift; path = OrderViewCell.swift; sourceTree = "<group>"; };
		FDD7E9DE25C12F9500B4F869 /* OrderViewCell.xib */ = {isa = PBXFileReference; lastKnownFileType = file.xib; path = OrderViewCell.xib; sourceTree = "<group>"; };
/* End PBXFileReference section */

/* Begin PBXFrameworksBuildPhase section */
		C341FEC8255B0AED0091B045 /* Frameworks */ = {
			isa = PBXFrameworksBuildPhase;
			buildActionMask = 2147483647;
			files = (
				D02E90D1E1507B87442EB602 /* Pods_Webasyst_X.framework in Frameworks */,
			);
			runOnlyForDeploymentPostprocessing = 0;
		};
		FD46C08A2681991700A97894 /* Frameworks */ = {
			isa = PBXFrameworksBuildPhase;
			buildActionMask = 2147483647;
			files = (
			);
			runOnlyForDeploymentPostprocessing = 0;
		};
/* End PBXFrameworksBuildPhase section */

/* Begin PBXGroup section */
		001D371711E5D3B8D5722E78 /* ViewModel */ = {
			isa = PBXGroup;
			children = (
				A75447097FB9DD513EFE9FF0 /* ShopViewModel.swift */,
			);
			path = ViewModel;
			sourceTree = "<group>";
		};
		04564215532E8876BB81B4E1 /* ViewModel */ = {
			isa = PBXGroup;
			children = (
				3643854FC07E06E7221118E1 /* SiteDetailViewModel.swift */,
			);
			path = ViewModel;
			sourceTree = "<group>";
		};
		0C9F4FCFAEA5E8D48EB1BF4F /* Coordinator */ = {
			isa = PBXGroup;
			children = (
				5C70177C56ADCBDFAF637ECD /* SiteCoordinator.swift */,
			);
			path = Coordinator;
			sourceTree = "<group>";
		};
		1BEDA2B324DC9651A7392F40 /* Pods */ = {
			isa = PBXGroup;
			children = (
				1B18B6892FE6529090964A9C /* Pods-Webasyst X.debug.xcconfig */,
				680B2B3CCB1018D054E7B24E /* Pods-Webasyst X.release.xcconfig */,
			);
			path = Pods;
			sourceTree = "<group>";
		};
		1EF0F4F5EA3A5C417C049175 /* Coordinator */ = {
			isa = PBXGroup;
			children = (
				A3BEBF2483432B2F310DCF62 /* ShopCoordinator.swift */,
			);
			path = Coordinator;
			sourceTree = "<group>";
		};
		1FBD1B2C66D3634B9FB4498E /* Coordinator */ = {
			isa = PBXGroup;
			children = (
				F51ACE1771F5E2DB1364E113 /* BlogCoordinator.swift */,
			);
			path = Coordinator;
			sourceTree = "<group>";
		};
		20917D05A144B2B59603DFF8 /* Model */ = {
			isa = PBXGroup;
			children = (
				4EB61AAFFF6FF9AF40F10D2B /* SiteDetailModel.swift */,
			);
			path = Model;
			sourceTree = "<group>";
		};
		254E4640E7BA9CD5C70A9826 /* Model */ = {
			isa = PBXGroup;
			children = (
				A91A93FF367C71169D63D005 /* BlogModel.swift */,
			);
			path = Model;
			sourceTree = "<group>";
		};
		29019E734399A0834EE9D1C8 /* View */ = {
			isa = PBXGroup;
			children = (
				72DC31D0C1D521D9FA1AC855 /* ShopViewConroller.swift */,
			);
			path = View;
			sourceTree = "<group>";
		};
		29F4A2F003C4911B326BD819 /* Model */ = {
			isa = PBXGroup;
			children = (
				B968064F3255BC783E80BCFF /* SiteModel.swift */,
			);
			path = Model;
			sourceTree = "<group>";
		};
		2C0A9B7E0B1B0FA194462596 /* ViewModel */ = {
			isa = PBXGroup;
			children = (
				CBE05806CB941D7790B34036 /* SiteViewModel.swift */,
			);
			path = ViewModel;
			sourceTree = "<group>";
		};
		488C72DBBF325EC9DA308BC1 /* BlogModule */ = {
			isa = PBXGroup;
			children = (
				FD2A57C926AE8D2300BA8262 /* Cell */,
				676495221ED10BEFCCB4E93A /* View */,
				58E67BFF1D8873323B856E2C /* ViewModel */,
				254E4640E7BA9CD5C70A9826 /* Model */,
				1FBD1B2C66D3634B9FB4498E /* Coordinator */,
			);
			path = BlogModule;
			sourceTree = "<group>";
		};
		4DB3E1CEA4A7D64FEE89B0C1 /* ShopModule */ = {
			isa = PBXGroup;
			children = (
				FDD7E9DC25C12F7D00B4F869 /* Cell */,
				29019E734399A0834EE9D1C8 /* View */,
				001D371711E5D3B8D5722E78 /* ViewModel */,
				F60864466D80EB8282F90527 /* Model */,
				1EF0F4F5EA3A5C417C049175 /* Coordinator */,
			);
			path = ShopModule;
			sourceTree = "<group>";
		};
		5577551E260E823481853C2F /* SiteDetailModule */ = {
			isa = PBXGroup;
			children = (
				B7F8D3DB1FA0909294A828B7 /* View */,
				04564215532E8876BB81B4E1 /* ViewModel */,
				20917D05A144B2B59603DFF8 /* Model */,
				58302142517FCDB51F33D155 /* Coordinator */,
			);
			path = SiteDetailModule;
			sourceTree = "<group>";
		};
		571B09430925B6CC600FD28A /* Coordinator */ = {
			isa = PBXGroup;
			children = (
				A7DD2EB5BE0FDF47A7D5AFAF /* BlogDetailCoordinator.swift */,
			);
			path = Coordinator;
			sourceTree = "<group>";
		};
		58302142517FCDB51F33D155 /* Coordinator */ = {
			isa = PBXGroup;
			children = (
				C06A5571F3FEB1C7F98A9B91 /* SiteDetailCoordinator.swift */,
			);
			path = Coordinator;
			sourceTree = "<group>";
		};
		58E67BFF1D8873323B856E2C /* ViewModel */ = {
			isa = PBXGroup;
			children = (
				841085BBA137DDD98C18DEDE /* BlogViewModel.swift */,
			);
			path = ViewModel;
			sourceTree = "<group>";
		};
		676495221ED10BEFCCB4E93A /* View */ = {
			isa = PBXGroup;
			children = (
				956B1CBBB3CF945327ACA353 /* BlogViewConroller.swift */,
			);
			path = View;
			sourceTree = "<group>";
		};
		711FA108A94D8706A03ECD41 /* Model */ = {
			isa = PBXGroup;
			children = (
				768998324CFA943A7ECD11C3 /* BlogDetailModel.swift */,
			);
			path = Model;
			sourceTree = "<group>";
		};
		7BA4686532ABFC5C1B92BF21 /* BlogDetailModule */ = {
			isa = PBXGroup;
			children = (
				D336B525083C7219B979A974 /* View */,
				CF0CB311513420CB3308C207 /* ViewModel */,
				711FA108A94D8706A03ECD41 /* Model */,
				571B09430925B6CC600FD28A /* Coordinator */,
			);
			path = BlogDetailModule;
			sourceTree = "<group>";
		};
		83B7C97D5A71E862F9479E33 /* SiteModule */ = {
			isa = PBXGroup;
			children = (
				FD84BA6C2681E2AD0049B7F9 /* Cell */,
				8D1811E3BAFA2D938703ADDB /* View */,
				2C0A9B7E0B1B0FA194462596 /* ViewModel */,
				29F4A2F003C4911B326BD819 /* Model */,
				0C9F4FCFAEA5E8D48EB1BF4F /* Coordinator */,
			);
			path = SiteModule;
			sourceTree = "<group>";
		};
		8D1811E3BAFA2D938703ADDB /* View */ = {
			isa = PBXGroup;
			children = (
				FD2A57D226AE988800BA8262 /* SiteViewController.swift */,
			);
			path = View;
			sourceTree = "<group>";
		};
		B7F8D3DB1FA0909294A828B7 /* View */ = {
			isa = PBXGroup;
			children = (
				2A9B2C450DEFF887939F160A /* SiteDetailViewConroller.swift */,
			);
			path = View;
			sourceTree = "<group>";
		};
		C341FEC2255B0AED0091B045 = {
			isa = PBXGroup;
			children = (
				C341FECD255B0AED0091B045 /* Webasyst X */,
				FD46C08E2681991700A97894 /* WebasystXTests */,
				C341FECC255B0AED0091B045 /* Products */,
				F6350A9EAF4E84E79C00D75E /* Frameworks */,
				1BEDA2B324DC9651A7392F40 /* Pods */,
			);
			sourceTree = "<group>";
		};
		C341FECC255B0AED0091B045 /* Products */ = {
			isa = PBXGroup;
			children = (
				C341FECB255B0AED0091B045 /* Webasyst X.app */,
				FD46C08D2681991700A97894 /* WebasystXTests.xctest */,
			);
			name = Products;
			sourceTree = "<group>";
		};
		C341FECD255B0AED0091B045 /* Webasyst X */ = {
			isa = PBXGroup;
			children = (
				FD4CD0F92693073F00F5A3DE /* README.md */,
				FD4CD0F42692CEBA00F5A3DE /* Webasyst.plist */,
				FD4E67FF2679CE7400A42283 /* Views */,
				FDE6408125BFC547008082F3 /* Localization */,
				FD576DF12660C08300F4D707 /* Models */,
				FDCF9CB325AE7F6C00EDFE69 /* App */,
				FDCF9CB525AE7F8900EDFE69 /* Resources */,
				FD2A575726AE7CE200BA8262 /* AppCoordinator */,
				FD4CD0F62692E10F00F5A3DE /* Extensions */,
				FDCF9CB425AE7F7A00EDFE69 /* Modules */,
				FDCF9CB625AE7F9E00EDFE69 /* NetworkingService */,
			);
			path = "Webasyst X";
			sourceTree = "<group>";
		};
		CF0CB311513420CB3308C207 /* ViewModel */ = {
			isa = PBXGroup;
			children = (
				00146DCD473B326320FA40EA /* BlogDetailViewModel.swift */,
			);
			path = ViewModel;
			sourceTree = "<group>";
		};
		D336B525083C7219B979A974 /* View */ = {
			isa = PBXGroup;
			children = (
				1010A0F23C88A7DB775F4942 /* BlogDetailViewConroller.swift */,
			);
			path = View;
			sourceTree = "<group>";
		};
		F60864466D80EB8282F90527 /* Model */ = {
			isa = PBXGroup;
			children = (
				206F8C94345FB1780910A270 /* ShopModel.swift */,
			);
			path = Model;
			sourceTree = "<group>";
		};
		F6350A9EAF4E84E79C00D75E /* Frameworks */ = {
			isa = PBXGroup;
			children = (
				BA953B6EABD49E83C3D9A114 /* Pods_WebXAppTests.framework */,
				61B58F456F55811364D6E55B /* Pods_Webasyst_X.framework */,
			);
			name = Frameworks;
			sourceTree = "<group>";
		};
		FD0A5013269EACA300AE1B0D /* NotConnectionView */ = {
			isa = PBXGroup;
			children = (
				FD0A5014269EACC700AE1B0D /* NotConnection.swift */,
			);
			path = NotConnectionView;
			sourceTree = "<group>";
		};
		FD2A575726AE7CE200BA8262 /* AppCoordinator */ = {
			isa = PBXGroup;
			children = (
				FD2A575826AE7CE200BA8262 /* AppCoordinator.swift */,
				FD2A575926AE7CE200BA8262 /* MainTabBarSource.swift */,
				FD2A575A26AE7CE200BA8262 /* ScreensBuilder.swift */,
				FD2A575B26AE7CE200BA8262 /* MainTabBarCoordinator.swift */,
			);
			path = AppCoordinator;
			sourceTree = "<group>";
		};
		FD2A576026AE7CF400BA8262 /* AddAccoutModule */ = {
			isa = PBXGroup;
			children = (
				FD2A576126AE7CF400BA8262 /* ViewModel */,
				FD2A576326AE7CF400BA8262 /* Coordinator */,
				FD2A576526AE7CF400BA8262 /* Model */,
				FD2A576726AE7CF400BA8262 /* View */,
			);
			path = AddAccoutModule;
			sourceTree = "<group>";
		};
		FD2A576126AE7CF400BA8262 /* ViewModel */ = {
			isa = PBXGroup;
			children = (
				FD2A576226AE7CF400BA8262 /* AddAccoutViewModel.swift */,
			);
			path = ViewModel;
			sourceTree = "<group>";
		};
		FD2A576326AE7CF400BA8262 /* Coordinator */ = {
			isa = PBXGroup;
			children = (
				FD2A576426AE7CF400BA8262 /* AddAccoutCoordinator.swift */,
			);
			path = Coordinator;
			sourceTree = "<group>";
		};
		FD2A576526AE7CF400BA8262 /* Model */ = {
			isa = PBXGroup;
			children = (
				FD2A576626AE7CF400BA8262 /* AddAccoutModel.swift */,
			);
			path = Model;
			sourceTree = "<group>";
		};
		FD2A576726AE7CF400BA8262 /* View */ = {
			isa = PBXGroup;
			children = (
				FD2A576826AE7CF400BA8262 /* AddAccoutViewController.xib */,
				FD2A576926AE7CF400BA8262 /* AddAccoutViewConroller.swift */,
			);
			path = View;
			sourceTree = "<group>";
		};
		FD2A576A26AE7CF400BA8262 /* PhoneAuthModule */ = {
			isa = PBXGroup;
			children = (
				FD2A576B26AE7CF400BA8262 /* ViewModel */,
				FD2A576D26AE7CF400BA8262 /* Coordinator */,
				FD2A576F26AE7CF400BA8262 /* Model */,
				FD2A577126AE7CF400BA8262 /* View */,
			);
			path = PhoneAuthModule;
			sourceTree = "<group>";
		};
		FD2A576B26AE7CF400BA8262 /* ViewModel */ = {
			isa = PBXGroup;
			children = (
				FD2A576C26AE7CF400BA8262 /* PhoneAuthViewModel.swift */,
			);
			path = ViewModel;
			sourceTree = "<group>";
		};
		FD2A576D26AE7CF400BA8262 /* Coordinator */ = {
			isa = PBXGroup;
			children = (
				FD2A576E26AE7CF400BA8262 /* PhoneAuthCoordinator.swift */,
			);
			path = Coordinator;
			sourceTree = "<group>";
		};
		FD2A576F26AE7CF400BA8262 /* Model */ = {
			isa = PBXGroup;
			children = (
				FD2A577026AE7CF400BA8262 /* PhoneAuthModel.swift */,
			);
			path = Model;
			sourceTree = "<group>";
		};
		FD2A577126AE7CF400BA8262 /* View */ = {
			isa = PBXGroup;
			children = (
				FD2A577226AE7CF400BA8262 /* PhoneAuthViewConroller.swift */,
			);
			path = View;
			sourceTree = "<group>";
		};
		FD2A577326AE7CF400BA8262 /* ConfirmPhoneModule */ = {
			isa = PBXGroup;
			children = (
				FD2A577426AE7CF400BA8262 /* ViewModel */,
				FD2A577626AE7CF400BA8262 /* Coordinator */,
				FD2A577826AE7CF400BA8262 /* Model */,
				FD2A577A26AE7CF400BA8262 /* View */,
			);
			path = ConfirmPhoneModule;
			sourceTree = "<group>";
		};
		FD2A577426AE7CF400BA8262 /* ViewModel */ = {
			isa = PBXGroup;
			children = (
				FD2A577526AE7CF400BA8262 /* ConfirmPhoneViewModel.swift */,
			);
			path = ViewModel;
			sourceTree = "<group>";
		};
		FD2A577626AE7CF400BA8262 /* Coordinator */ = {
			isa = PBXGroup;
			children = (
				FD2A577726AE7CF400BA8262 /* ConfirmPhoneCoordinator.swift */,
			);
			path = Coordinator;
			sourceTree = "<group>";
		};
		FD2A577826AE7CF400BA8262 /* Model */ = {
			isa = PBXGroup;
			children = (
				FD2A577926AE7CF400BA8262 /* ConfirmPhoneModel.swift */,
			);
			path = Model;
			sourceTree = "<group>";
		};
		FD2A577A26AE7CF400BA8262 /* View */ = {
			isa = PBXGroup;
			children = (
				FD2A577B26AE7CF400BA8262 /* ConfirmPhoneViewConroller.swift */,
			);
			path = View;
			sourceTree = "<group>";
		};
		FD2A577C26AE7CF400BA8262 /* WelcomeModule */ = {
			isa = PBXGroup;
			children = (
				FD2A577D26AE7CF400BA8262 /* ViewModel */,
				FD2A577F26AE7CF400BA8262 /* Coordinator */,
				FD2A578126AE7CF400BA8262 /* Model */,
				FD2A578326AE7CF400BA8262 /* View */,
				FD2A578526AE7CF400BA8262 /* Views */,
			);
			path = WelcomeModule;
			sourceTree = "<group>";
		};
		FD2A577D26AE7CF400BA8262 /* ViewModel */ = {
			isa = PBXGroup;
			children = (
				FD2A577E26AE7CF400BA8262 /* WelcomeViewModel.swift */,
			);
			path = ViewModel;
			sourceTree = "<group>";
		};
		FD2A577F26AE7CF400BA8262 /* Coordinator */ = {
			isa = PBXGroup;
			children = (
				FD2A578026AE7CF400BA8262 /* WelcomeCoordinator.swift */,
			);
			path = Coordinator;
			sourceTree = "<group>";
		};
		FD2A578126AE7CF400BA8262 /* Model */ = {
			isa = PBXGroup;
			children = (
				FD2A578226AE7CF400BA8262 /* WelcomeModel.swift */,
			);
			path = Model;
			sourceTree = "<group>";
		};
		FD2A578326AE7CF400BA8262 /* View */ = {
			isa = PBXGroup;
			children = (
				FD2A578426AE7CF400BA8262 /* WelcomeViewControler.swift */,
			);
			path = View;
			sourceTree = "<group>";
		};
		FD2A578526AE7CF400BA8262 /* Views */ = {
			isa = PBXGroup;
			children = (
				FD2A578626AE7CF400BA8262 /* SlideView */,
				FD2A578926AE7CF400BA8262 /* AuthSlide */,
			);
			path = Views;
			sourceTree = "<group>";
		};
		FD2A578626AE7CF400BA8262 /* SlideView */ = {
			isa = PBXGroup;
			children = (
				FD2A578726AE7CF400BA8262 /* SlideView.xib */,
				FD2A578826AE7CF400BA8262 /* SlideView.swift */,
			);
			path = SlideView;
			sourceTree = "<group>";
		};
		FD2A578926AE7CF400BA8262 /* AuthSlide */ = {
			isa = PBXGroup;
			children = (
				FD2A578A26AE7CF400BA8262 /* AuthSlide.swift */,
			);
			path = AuthSlide;
			sourceTree = "<group>";
		};
		FD2A578B26AE7CF400BA8262 /* SettingsListModule */ = {
			isa = PBXGroup;
			children = (
				FD2A578C26AE7CF400BA8262 /* ViewModel */,
				FD2A578E26AE7CF400BA8262 /* Coordinator */,
				FD2A579026AE7CF400BA8262 /* Cell */,
				FD2A579326AE7CF400BA8262 /* Model */,
				FD2A579526AE7CF400BA8262 /* View */,
				FD2A579726AE7CF400BA8262 /* Views */,
			);
			path = SettingsListModule;
			sourceTree = "<group>";
		};
		FD2A578C26AE7CF400BA8262 /* ViewModel */ = {
			isa = PBXGroup;
			children = (
				FD2A578D26AE7CF400BA8262 /* SettingsListViewModel.swift */,
			);
			path = ViewModel;
			sourceTree = "<group>";
		};
		FD2A578E26AE7CF400BA8262 /* Coordinator */ = {
			isa = PBXGroup;
			children = (
				FD2A578F26AE7CF400BA8262 /* SettingsListCoordinator.swift */,
			);
			path = Coordinator;
			sourceTree = "<group>";
		};
		FD2A579026AE7CF400BA8262 /* Cell */ = {
			isa = PBXGroup;
			children = (
				FD2A579126AE7CF400BA8262 /* InstallViewCell.swift */,
				FD2A579226AE7CF400BA8262 /* InstallViewCell.xib */,
			);
			path = Cell;
			sourceTree = "<group>";
		};
		FD2A579326AE7CF400BA8262 /* Model */ = {
			isa = PBXGroup;
			children = (
				FD2A579426AE7CF400BA8262 /* SettingsListModel.swift */,
			);
			path = Model;
			sourceTree = "<group>";
		};
		FD2A579526AE7CF400BA8262 /* View */ = {
			isa = PBXGroup;
			children = (
				FD2A579626AE7CF400BA8262 /* SettingsListViewConroller.swift */,
			);
			path = View;
			sourceTree = "<group>";
		};
		FD2A579726AE7CF400BA8262 /* Views */ = {
			isa = PBXGroup;
			children = (
				FD2A579826AE7CF400BA8262 /* FooterView.swift */,
				FD2A579926AE7CF400BA8262 /* ProfileView.swift */,
			);
			path = Views;
			sourceTree = "<group>";
		};
		FD2A579A26AE7CF400BA8262 /* InstructionWaidModule */ = {
			isa = PBXGroup;
			children = (
				FD2A579B26AE7CF400BA8262 /* ViewModel */,
				FD2A579D26AE7CF400BA8262 /* Coordinator */,
				FD2A579F26AE7CF400BA8262 /* Model */,
				FD2A57A126AE7CF400BA8262 /* View */,
			);
			path = InstructionWaidModule;
			sourceTree = "<group>";
		};
		FD2A579B26AE7CF400BA8262 /* ViewModel */ = {
			isa = PBXGroup;
			children = (
				FD2A579C26AE7CF400BA8262 /* InstructionWaidViewModel.swift */,
			);
			path = ViewModel;
			sourceTree = "<group>";
		};
		FD2A579D26AE7CF400BA8262 /* Coordinator */ = {
			isa = PBXGroup;
			children = (
				FD2A579E26AE7CF400BA8262 /* InstructionWaidCoordinator.swift */,
			);
			path = Coordinator;
			sourceTree = "<group>";
		};
		FD2A579F26AE7CF400BA8262 /* Model */ = {
			isa = PBXGroup;
			children = (
				FD2A57A026AE7CF400BA8262 /* InstructionWaidModel.swift */,
			);
			path = Model;
			sourceTree = "<group>";
		};
		FD2A57A126AE7CF400BA8262 /* View */ = {
			isa = PBXGroup;
			children = (
				FD2A57A226AE7CF400BA8262 /* InstructionWaidViewConroller.swift */,
			);
			path = View;
			sourceTree = "<group>";
		};
		FD2A57A326AE7CF400BA8262 /* LoadingModule */ = {
			isa = PBXGroup;
			children = (
				FD2A57A426AE7CF400BA8262 /* View */,
			);
			path = LoadingModule;
			sourceTree = "<group>";
		};
		FD2A57A426AE7CF400BA8262 /* View */ = {
			isa = PBXGroup;
			children = (
				FD2A57A526AE7CF400BA8262 /* LoadingViewController.xib */,
				FD2A57A626AE7CF400BA8262 /* LoadingViewController.swift */,
			);
			path = View;
			sourceTree = "<group>";
		};
		FD2A57C926AE8D2300BA8262 /* Cell */ = {
			isa = PBXGroup;
			children = (
				FD2A57CA26AE8D2300BA8262 /* BlogTableViewCell.swift */,
				FD2A57CB26AE8D2300BA8262 /* BlogTableViewCell.xib */,
			);
			path = Cell;
			sourceTree = "<group>";
		};
		FD46C08E2681991700A97894 /* WebasystXTests */ = {
			isa = PBXGroup;
			children = (
				FD46C08F2681991700A97894 /* WebasystXTests.swift */,
				FD46C0912681991700A97894 /* Info.plist */,
			);
			path = WebasystXTests;
			sourceTree = "<group>";
		};
		FD4CD0F62692E10F00F5A3DE /* Extensions */ = {
			isa = PBXGroup;
			children = (
				FD4BB44626BBD35C00EA3284 /* JMStringMask.swift */,
				FD4BB44426BBD33100EA3284 /* JMMaskTextField.swift */,
				FD4CD0F72692E12800F5A3DE /* UIViewController.swift */,
				FD2A57CE26AE91D900BA8262 /* UIColor.swift */,
				FD2A57D026AE934C00BA8262 /* UIImageView.swift */,
			);
			path = Extensions;
			sourceTree = "<group>";
		};
		FD4E67FF2679CE7400A42283 /* Views */ = {
			isa = PBXGroup;
			children = (
				FD0A5013269EACA300AE1B0D /* NotConnectionView */,
				FDBB9F792679FA780027DD53 /* LoadingView */,
				FD4E680D2679F60800A42283 /* ErrorView */,
				FD4E68032679E1CD00A42283 /* EmptyListView */,
				FD4E68002679CEB700A42283 /* InstallModuleView */,
			);
			path = Views;
			sourceTree = "<group>";
		};
		FD4E68002679CEB700A42283 /* InstallModuleView */ = {
			isa = PBXGroup;
			children = (
				FD4E68012679CED300A42283 /* InstallModuleView.swift */,
			);
			path = InstallModuleView;
			sourceTree = "<group>";
		};
		FD4E68032679E1CD00A42283 /* EmptyListView */ = {
			isa = PBXGroup;
			children = (
				FD4E68042679E1DC00A42283 /* EmptyListView.swift */,
			);
			path = EmptyListView;
			sourceTree = "<group>";
		};
		FD4E680D2679F60800A42283 /* ErrorView */ = {
			isa = PBXGroup;
			children = (
				FD4E680E2679F61A00A42283 /* ErrorView.swift */,
			);
			path = ErrorView;
			sourceTree = "<group>";
		};
		FD576DF12660C08300F4D707 /* Models */ = {
			isa = PBXGroup;
			children = (
				FD576DF22660C08300F4D707 /* Result.swift */,
			);
			path = Models;
			sourceTree = "<group>";
		};
		FD84BA6C2681E2AD0049B7F9 /* Cell */ = {
			isa = PBXGroup;
			children = (
				FD84BA6D2681E2E70049B7F9 /* SiteViewCell.swift */,
				FD84BA6E2681E2E70049B7F9 /* SiteViewCell.xib */,
			);
			path = Cell;
			sourceTree = "<group>";
		};
		FDBB9F792679FA780027DD53 /* LoadingView */ = {
			isa = PBXGroup;
			children = (
				FDBB9F7A2679FA880027DD53 /* LoadingView.swift */,
			);
			path = LoadingView;
			sourceTree = "<group>";
		};
		FDCF9CB325AE7F6C00EDFE69 /* App */ = {
			isa = PBXGroup;
			children = (
				FD1A2B292680A95200BA7C68 /* WebXApp.entitlements */,
				C341FECE255B0AED0091B045 /* AppDelegate.swift */,
				C341FED0255B0AED0091B045 /* SceneDelegate.swift */,
				C341FEDF255B0AF20091B045 /* Info.plist */,
			);
			path = App;
			sourceTree = "<group>";
		};
		FDCF9CB425AE7F7A00EDFE69 /* Modules */ = {
			isa = PBXGroup;
			children = (
				FD2A576026AE7CF400BA8262 /* AddAccoutModule */,
				FD2A577326AE7CF400BA8262 /* ConfirmPhoneModule */,
				FD2A579A26AE7CF400BA8262 /* InstructionWaidModule */,
				FD2A57A326AE7CF400BA8262 /* LoadingModule */,
				FD2A576A26AE7CF400BA8262 /* PhoneAuthModule */,
				FD2A578B26AE7CF400BA8262 /* SettingsListModule */,
				FD2A577C26AE7CF400BA8262 /* WelcomeModule */,
				488C72DBBF325EC9DA308BC1 /* BlogModule */,
				7BA4686532ABFC5C1B92BF21 /* BlogDetailModule */,
				83B7C97D5A71E862F9479E33 /* SiteModule */,
				5577551E260E823481853C2F /* SiteDetailModule */,
				4DB3E1CEA4A7D64FEE89B0C1 /* ShopModule */,
			);
			path = Modules;
			sourceTree = "<group>";
		};
		FDCF9CB525AE7F8900EDFE69 /* Resources */ = {
			isa = PBXGroup;
			children = (
				C341FEDC255B0AF20091B045 /* LaunchScreen.storyboard */,
				C341FEDA255B0AF20091B045 /* Assets.xcassets */,
				FDCF9CE525AE98CC00EDFE69 /* ImageAssets.xcassets */,
			);
			path = Resources;
			sourceTree = "<group>";
		};
		FDCF9CB625AE7F9E00EDFE69 /* NetworkingService */ = {
			isa = PBXGroup;
			children = (
				FD068D7A2694239C0008F4AD /* NetworkingService.swift */,
				FD576DF92661005100F4D707 /* NetworkingManager.swift */,
				FD0A5011269EAC8700AE1B0D /* Reachability.swift */,
			);
			path = NetworkingService;
			sourceTree = "<group>";
		};
		FDD7E9DC25C12F7D00B4F869 /* Cell */ = {
			isa = PBXGroup;
			children = (
				FDD7E9DD25C12F9500B4F869 /* OrderViewCell.swift */,
				FDD7E9DE25C12F9500B4F869 /* OrderViewCell.xib */,
			);
			path = Cell;
			sourceTree = "<group>";
		};
		FDE6408125BFC547008082F3 /* Localization */ = {
			isa = PBXGroup;
			children = (
				FD3BBA092685AC470011259A /* Localizable.strings */,
			);
			path = Localization;
			sourceTree = "<group>";
		};
/* End PBXGroup section */

/* Begin PBXNativeTarget section */
		C341FECA255B0AED0091B045 /* Webasyst X */ = {
			isa = PBXNativeTarget;
			buildConfigurationList = C341FEE2255B0AF20091B045 /* Build configuration list for PBXNativeTarget "Webasyst X" */;
			buildPhases = (
				683E22C1F76D13B2E04B42DF /* [CP] Check Pods Manifest.lock */,
				C341FEC7255B0AED0091B045 /* Sources */,
				C341FEC8255B0AED0091B045 /* Frameworks */,
				C341FEC9255B0AED0091B045 /* Resources */,
				C341FF05255B0C7A0091B045 /* Embed Frameworks */,
				DB9CA8810723FA06D56DC19F /* [CP] Embed Pods Frameworks */,
			);
			buildRules = (
			);
			dependencies = (
			);
			name = "Webasyst X";
			productName = WebXApp;
			productReference = C341FECB255B0AED0091B045 /* Webasyst X.app */;
			productType = "com.apple.product-type.application";
		};
		FD46C08C2681991700A97894 /* WebasystXTests */ = {
			isa = PBXNativeTarget;
			buildConfigurationList = FD46C0962681991700A97894 /* Build configuration list for PBXNativeTarget "WebasystXTests" */;
			buildPhases = (
				FD46C0892681991700A97894 /* Sources */,
				FD46C08A2681991700A97894 /* Frameworks */,
				FD46C08B2681991700A97894 /* Resources */,
			);
			buildRules = (
			);
			dependencies = (
				FD46C0932681991700A97894 /* PBXTargetDependency */,
			);
			name = WebasystXTests;
			productName = WebasystXTests;
			productReference = FD46C08D2681991700A97894 /* WebasystXTests.xctest */;
			productType = "com.apple.product-type.bundle.unit-test";
		};
/* End PBXNativeTarget section */

/* Begin PBXProject section */
		C341FEC3255B0AED0091B045 /* Project object */ = {
			isa = PBXProject;
			attributes = {
				LastSwiftUpdateCheck = 1250;
				LastUpgradeCheck = 1210;
				TargetAttributes = {
					C341FECA255B0AED0091B045 = {
						CreatedOnToolsVersion = 12.1;
					};
					FD46C08C2681991700A97894 = {
						CreatedOnToolsVersion = 12.5;
						TestTargetID = C341FECA255B0AED0091B045;
					};
				};
			};
			buildConfigurationList = C341FEC6255B0AED0091B045 /* Build configuration list for PBXProject "Webasyst X" */;
			compatibilityVersion = "Xcode 9.3";
			developmentRegion = en;
			hasScannedForEncodings = 0;
			knownRegions = (
				en,
				Base,
				ru,
			);
			mainGroup = C341FEC2255B0AED0091B045;
			productRefGroup = C341FECC255B0AED0091B045 /* Products */;
			projectDirPath = "";
			projectRoot = "";
			targets = (
				C341FECA255B0AED0091B045 /* Webasyst X */,
				FD46C08C2681991700A97894 /* WebasystXTests */,
			);
		};
/* End PBXProject section */

/* Begin PBXResourcesBuildPhase section */
		C341FEC9255B0AED0091B045 /* Resources */ = {
			isa = PBXResourcesBuildPhase;
			buildActionMask = 2147483647;
			files = (
				FD2A57B826AE7CF400BA8262 /* SlideView.xib in Resources */,
				FD4CD0F52692CEBA00F5A3DE /* Webasyst.plist in Resources */,
				FD3BBA072685AC470011259A /* Localizable.strings in Resources */,
				FD2A57CD26AE8D2300BA8262 /* BlogTableViewCell.xib in Resources */,
				C341FEDE255B0AF20091B045 /* LaunchScreen.storyboard in Resources */,
				C341FEDB255B0AF20091B045 /* Assets.xcassets in Resources */,
				FD2A57AA26AE7CF400BA8262 /* AddAccoutViewController.xib in Resources */,
				FDD7E9E025C12F9500B4F869 /* OrderViewCell.xib in Resources */,
				FD84BA702681E2E70049B7F9 /* SiteViewCell.xib in Resources */,
				FD4CD0FA2693073F00F5A3DE /* README.md in Resources */,
				FD2A57BE26AE7CF400BA8262 /* InstallViewCell.xib in Resources */,
				FD2A57C726AE7CF400BA8262 /* LoadingViewController.xib in Resources */,
				FDCF9CE625AE98CD00EDFE69 /* ImageAssets.xcassets in Resources */,
			);
			runOnlyForDeploymentPostprocessing = 0;
		};
		FD46C08B2681991700A97894 /* Resources */ = {
			isa = PBXResourcesBuildPhase;
			buildActionMask = 2147483647;
			files = (
			);
			runOnlyForDeploymentPostprocessing = 0;
		};
/* End PBXResourcesBuildPhase section */

/* Begin PBXShellScriptBuildPhase section */
		683E22C1F76D13B2E04B42DF /* [CP] Check Pods Manifest.lock */ = {
			isa = PBXShellScriptBuildPhase;
			buildActionMask = 2147483647;
			files = (
			);
			inputFileListPaths = (
			);
			inputPaths = (
				"${PODS_PODFILE_DIR_PATH}/Podfile.lock",
				"${PODS_ROOT}/Manifest.lock",
			);
			name = "[CP] Check Pods Manifest.lock";
			outputFileListPaths = (
			);
			outputPaths = (
				"$(DERIVED_FILE_DIR)/Pods-Webasyst X-checkManifestLockResult.txt",
			);
			runOnlyForDeploymentPostprocessing = 0;
			shellPath = /bin/sh;
			shellScript = "diff \"${PODS_PODFILE_DIR_PATH}/Podfile.lock\" \"${PODS_ROOT}/Manifest.lock\" > /dev/null\nif [ $? != 0 ] ; then\n    # print error to STDERR\n    echo \"error: The sandbox is not in sync with the Podfile.lock. Run 'pod install' or update your CocoaPods installation.\" >&2\n    exit 1\nfi\n# This output is used by Xcode 'outputs' to avoid re-running this script phase.\necho \"SUCCESS\" > \"${SCRIPT_OUTPUT_FILE_0}\"\n";
			showEnvVarsInLog = 0;
		};
		DB9CA8810723FA06D56DC19F /* [CP] Embed Pods Frameworks */ = {
			isa = PBXShellScriptBuildPhase;
			buildActionMask = 2147483647;
			files = (
			);
			inputFileListPaths = (
				"${PODS_ROOT}/Target Support Files/Pods-Webasyst X/Pods-Webasyst X-frameworks-${CONFIGURATION}-input-files.xcfilelist",
			);
			name = "[CP] Embed Pods Frameworks";
			outputFileListPaths = (
				"${PODS_ROOT}/Target Support Files/Pods-Webasyst X/Pods-Webasyst X-frameworks-${CONFIGURATION}-output-files.xcfilelist",
			);
			runOnlyForDeploymentPostprocessing = 0;
			shellPath = /bin/sh;
			shellScript = "\"${PODS_ROOT}/Target Support Files/Pods-Webasyst X/Pods-Webasyst X-frameworks.sh\"\n";
			showEnvVarsInLog = 0;
		};
/* End PBXShellScriptBuildPhase section */

/* Begin PBXSourcesBuildPhase section */
		C341FEC7255B0AED0091B045 /* Sources */ = {
			isa = PBXSourcesBuildPhase;
			buildActionMask = 2147483647;
			files = (
				FD2A575E26AE7CE200BA8262 /* ScreensBuilder.swift in Sources */,
				FD2A57CC26AE8D2300BA8262 /* BlogTableViewCell.swift in Sources */,
				FD4CD0F82692E12800F5A3DE /* UIViewController.swift in Sources */,
				FD2A57B726AE7CF400BA8262 /* WelcomeViewControler.swift in Sources */,
				FD2A57B526AE7CF400BA8262 /* WelcomeCoordinator.swift in Sources */,
				FD2A57A726AE7CF400BA8262 /* AddAccoutViewModel.swift in Sources */,
				FD2A57B026AE7CF400BA8262 /* ConfirmPhoneViewModel.swift in Sources */,
				FD2A57C426AE7CF400BA8262 /* InstructionWaidCoordinator.swift in Sources */,
				C341FECF255B0AED0091B045 /* AppDelegate.swift in Sources */,
				FD2A575F26AE7CE200BA8262 /* MainTabBarCoordinator.swift in Sources */,
				FD2A57A826AE7CF400BA8262 /* AddAccoutCoordinator.swift in Sources */,
				FD0A5015269EACC700AE1B0D /* NotConnection.swift in Sources */,
				FD0A5012269EAC8700AE1B0D /* Reachability.swift in Sources */,
				FD2A57D326AE988800BA8262 /* SiteViewController.swift in Sources */,
				FD2A57C126AE7CF400BA8262 /* FooterView.swift in Sources */,
				FD2A57C626AE7CF400BA8262 /* InstructionWaidViewConroller.swift in Sources */,
				FD576DF32660C08300F4D707 /* Result.swift in Sources */,
				FD2A57C826AE7CF400BA8262 /* LoadingViewController.swift in Sources */,
				FDD7E9DF25C12F9500B4F869 /* OrderViewCell.swift in Sources */,
				FD2A57AF26AE7CF400BA8262 /* PhoneAuthViewConroller.swift in Sources */,
				FD4BB44526BBD33100EA3284 /* JMMaskTextField.swift in Sources */,
				FD2A57C226AE7CF400BA8262 /* ProfileView.swift in Sources */,
				FD2A57AE26AE7CF400BA8262 /* PhoneAuthModel.swift in Sources */,
				FD2A57A926AE7CF400BA8262 /* AddAccoutModel.swift in Sources */,
				FD2A575D26AE7CE200BA8262 /* MainTabBarSource.swift in Sources */,
				FD576DFA2661005100F4D707 /* NetworkingManager.swift in Sources */,
				FD4E680F2679F61A00A42283 /* ErrorView.swift in Sources */,
				FD2A57B426AE7CF400BA8262 /* WelcomeViewModel.swift in Sources */,
				FD2A57BF26AE7CF400BA8262 /* SettingsListModel.swift in Sources */,
				FD2A57CF26AE91D900BA8262 /* UIColor.swift in Sources */,
				FD2A57AC26AE7CF400BA8262 /* PhoneAuthViewModel.swift in Sources */,
				FD2A57BB26AE7CF400BA8262 /* SettingsListViewModel.swift in Sources */,
				C341FED1255B0AED0091B045 /* SceneDelegate.swift in Sources */,
				FD2A57B926AE7CF400BA8262 /* SlideView.swift in Sources */,
				FD4E68022679CED300A42283 /* InstallModuleView.swift in Sources */,
				FD2A57D126AE934C00BA8262 /* UIImageView.swift in Sources */,
				FD2A57BA26AE7CF400BA8262 /* AuthSlide.swift in Sources */,
				FD2A57C026AE7CF400BA8262 /* SettingsListViewConroller.swift in Sources */,
				FD2A57C326AE7CF400BA8262 /* InstructionWaidViewModel.swift in Sources */,
				FD2A57BC26AE7CF400BA8262 /* SettingsListCoordinator.swift in Sources */,
				FD2A57C526AE7CF400BA8262 /* InstructionWaidModel.swift in Sources */,
				FD2A57B226AE7CF400BA8262 /* ConfirmPhoneModel.swift in Sources */,
				FD2A57B126AE7CF400BA8262 /* ConfirmPhoneCoordinator.swift in Sources */,
				FD2A57AB26AE7CF400BA8262 /* AddAccoutViewConroller.swift in Sources */,
				FD068D7B2694239C0008F4AD /* NetworkingService.swift in Sources */,
				FD2A575C26AE7CE200BA8262 /* AppCoordinator.swift in Sources */,
				FD2A57B326AE7CF400BA8262 /* ConfirmPhoneViewConroller.swift in Sources */,
				FD4E68052679E1DC00A42283 /* EmptyListView.swift in Sources */,
				FD2A57AD26AE7CF400BA8262 /* PhoneAuthCoordinator.swift in Sources */,
				FD2A57B626AE7CF400BA8262 /* WelcomeModel.swift in Sources */,
				FD2A57BD26AE7CF400BA8262 /* InstallViewCell.swift in Sources */,
				FDBB9F7B2679FA880027DD53 /* LoadingView.swift in Sources */,
				FD84BA6F2681E2E70049B7F9 /* SiteViewCell.swift in Sources */,
				48193BFF1FE6E8B9CA31DFBB /* BlogViewConroller.swift in Sources */,
				81833D945486887F1ED5FF4F /* BlogViewModel.swift in Sources */,
				CD0902ED1BDD7C706B0B4313 /* BlogModel.swift in Sources */,
				FD4BB44726BBD35C00EA3284 /* JMStringMask.swift in Sources */,
				1DDC1C7FFACF6E5A6D1F3D88 /* BlogCoordinator.swift in Sources */,
				1FACACDBCA53306395202BBE /* BlogDetailViewConroller.swift in Sources */,
				8B834D9A25D818433FF2AB63 /* BlogDetailViewModel.swift in Sources */,
				9FC9C6058022EB1AF4395A17 /* BlogDetailModel.swift in Sources */,
				6BC8E263375BC1330BFC88B1 /* BlogDetailCoordinator.swift in Sources */,
				CB58E4FA8653A598EB1D5084 /* SiteViewModel.swift in Sources */,
				F38DEA0183E1F6FC33F4A7EB /* SiteModel.swift in Sources */,
				0FDB6FB48FF1E86585A7F4DE /* SiteCoordinator.swift in Sources */,
				B7A701490C142B9158B73BCF /* SiteDetailViewConroller.swift in Sources */,
				C6F68C6E6184945115288B16 /* SiteDetailViewModel.swift in Sources */,
				2D76C654DD39F84814FF5DAB /* SiteDetailModel.swift in Sources */,
				9956D54A7D5D4633CA39E653 /* SiteDetailCoordinator.swift in Sources */,
				8E895D158F81697CEA907F8C /* ShopViewConroller.swift in Sources */,
				5AB720F40EB12DE1FFE6A153 /* ShopViewModel.swift in Sources */,
				7F8ADB48763F45274FDE297E /* ShopModel.swift in Sources */,
				51E83F5998519C6B24B7CE45 /* ShopCoordinator.swift in Sources */,
			);
			runOnlyForDeploymentPostprocessing = 0;
		};
		FD46C0892681991700A97894 /* Sources */ = {
			isa = PBXSourcesBuildPhase;
			buildActionMask = 2147483647;
			files = (
				FD46C0902681991700A97894 /* WebasystXTests.swift in Sources */,
			);
			runOnlyForDeploymentPostprocessing = 0;
		};
/* End PBXSourcesBuildPhase section */

/* Begin PBXTargetDependency section */
		FD46C0932681991700A97894 /* PBXTargetDependency */ = {
			isa = PBXTargetDependency;
			target = C341FECA255B0AED0091B045 /* Webasyst X */;
			targetProxy = FD46C0922681991700A97894 /* PBXContainerItemProxy */;
		};
/* End PBXTargetDependency section */

/* Begin PBXVariantGroup section */
		C341FEDC255B0AF20091B045 /* LaunchScreen.storyboard */ = {
			isa = PBXVariantGroup;
			children = (
				C341FEDD255B0AF20091B045 /* Base */,
			);
			name = LaunchScreen.storyboard;
			sourceTree = "<group>";
		};
		FD3BBA092685AC470011259A /* Localizable.strings */ = {
			isa = PBXVariantGroup;
			children = (
				FD3BBA082685AC470011259A /* en */,
				FD3BBA0A2685AC590011259A /* ru */,
			);
			name = Localizable.strings;
			sourceTree = "<group>";
		};
/* End PBXVariantGroup section */

/* Begin XCBuildConfiguration section */
		C341FEE0255B0AF20091B045 /* Debug */ = {
			isa = XCBuildConfiguration;
			buildSettings = {
				ALWAYS_SEARCH_USER_PATHS = NO;
				CLANG_ANALYZER_LOCALIZABILITY_NONLOCALIZED = YES;
				CLANG_ANALYZER_NONNULL = YES;
				CLANG_ANALYZER_NUMBER_OBJECT_CONVERSION = YES_AGGRESSIVE;
				CLANG_CXX_LANGUAGE_STANDARD = "gnu++14";
				CLANG_CXX_LIBRARY = "libc++";
				CLANG_ENABLE_MODULES = YES;
				CLANG_ENABLE_OBJC_ARC = YES;
				CLANG_ENABLE_OBJC_WEAK = YES;
				CLANG_WARN_BLOCK_CAPTURE_AUTORELEASING = YES;
				CLANG_WARN_BOOL_CONVERSION = YES;
				CLANG_WARN_COMMA = YES;
				CLANG_WARN_CONSTANT_CONVERSION = YES;
				CLANG_WARN_DEPRECATED_OBJC_IMPLEMENTATIONS = YES;
				CLANG_WARN_DIRECT_OBJC_ISA_USAGE = YES_ERROR;
				CLANG_WARN_DOCUMENTATION_COMMENTS = YES;
				CLANG_WARN_EMPTY_BODY = YES;
				CLANG_WARN_ENUM_CONVERSION = YES;
				CLANG_WARN_INFINITE_RECURSION = YES;
				CLANG_WARN_INT_CONVERSION = YES;
				CLANG_WARN_NON_LITERAL_NULL_CONVERSION = YES;
				CLANG_WARN_OBJC_IMPLICIT_RETAIN_SELF = YES;
				CLANG_WARN_OBJC_LITERAL_CONVERSION = YES;
				CLANG_WARN_OBJC_ROOT_CLASS = YES_ERROR;
				CLANG_WARN_QUOTED_INCLUDE_IN_FRAMEWORK_HEADER = YES;
				CLANG_WARN_RANGE_LOOP_ANALYSIS = YES;
				CLANG_WARN_STRICT_PROTOTYPES = YES;
				CLANG_WARN_SUSPICIOUS_MOVE = YES;
				CLANG_WARN_UNGUARDED_AVAILABILITY = YES_AGGRESSIVE;
				CLANG_WARN_UNREACHABLE_CODE = YES;
				CLANG_WARN__DUPLICATE_METHOD_MATCH = YES;
				COPY_PHASE_STRIP = NO;
				DEBUG_INFORMATION_FORMAT = dwarf;
				ENABLE_STRICT_OBJC_MSGSEND = YES;
				ENABLE_TESTABILITY = YES;
				GCC_C_LANGUAGE_STANDARD = gnu11;
				GCC_DYNAMIC_NO_PIC = NO;
				GCC_NO_COMMON_BLOCKS = YES;
				GCC_OPTIMIZATION_LEVEL = 0;
				GCC_PREPROCESSOR_DEFINITIONS = (
					"DEBUG=1",
					"$(inherited)",
				);
				GCC_WARN_64_TO_32_BIT_CONVERSION = YES;
				GCC_WARN_ABOUT_RETURN_TYPE = YES_ERROR;
				GCC_WARN_UNDECLARED_SELECTOR = YES;
				GCC_WARN_UNINITIALIZED_AUTOS = YES_AGGRESSIVE;
				GCC_WARN_UNUSED_FUNCTION = YES;
				GCC_WARN_UNUSED_VARIABLE = YES;
				IPHONEOS_DEPLOYMENT_TARGET = 13.0;
				MTL_ENABLE_DEBUG_INFO = INCLUDE_SOURCE;
				MTL_FAST_MATH = YES;
				ONLY_ACTIVE_ARCH = YES;
				SDKROOT = iphoneos;
				SWIFT_ACTIVE_COMPILATION_CONDITIONS = DEBUG;
				SWIFT_OPTIMIZATION_LEVEL = "-Onone";
			};
			name = Debug;
		};
		C341FEE1255B0AF20091B045 /* Release */ = {
			isa = XCBuildConfiguration;
			buildSettings = {
				ALWAYS_SEARCH_USER_PATHS = NO;
				CLANG_ANALYZER_LOCALIZABILITY_NONLOCALIZED = YES;
				CLANG_ANALYZER_NONNULL = YES;
				CLANG_ANALYZER_NUMBER_OBJECT_CONVERSION = YES_AGGRESSIVE;
				CLANG_CXX_LANGUAGE_STANDARD = "gnu++14";
				CLANG_CXX_LIBRARY = "libc++";
				CLANG_ENABLE_MODULES = YES;
				CLANG_ENABLE_OBJC_ARC = YES;
				CLANG_ENABLE_OBJC_WEAK = YES;
				CLANG_WARN_BLOCK_CAPTURE_AUTORELEASING = YES;
				CLANG_WARN_BOOL_CONVERSION = YES;
				CLANG_WARN_COMMA = YES;
				CLANG_WARN_CONSTANT_CONVERSION = YES;
				CLANG_WARN_DEPRECATED_OBJC_IMPLEMENTATIONS = YES;
				CLANG_WARN_DIRECT_OBJC_ISA_USAGE = YES_ERROR;
				CLANG_WARN_DOCUMENTATION_COMMENTS = YES;
				CLANG_WARN_EMPTY_BODY = YES;
				CLANG_WARN_ENUM_CONVERSION = YES;
				CLANG_WARN_INFINITE_RECURSION = YES;
				CLANG_WARN_INT_CONVERSION = YES;
				CLANG_WARN_NON_LITERAL_NULL_CONVERSION = YES;
				CLANG_WARN_OBJC_IMPLICIT_RETAIN_SELF = YES;
				CLANG_WARN_OBJC_LITERAL_CONVERSION = YES;
				CLANG_WARN_OBJC_ROOT_CLASS = YES_ERROR;
				CLANG_WARN_QUOTED_INCLUDE_IN_FRAMEWORK_HEADER = YES;
				CLANG_WARN_RANGE_LOOP_ANALYSIS = YES;
				CLANG_WARN_STRICT_PROTOTYPES = YES;
				CLANG_WARN_SUSPICIOUS_MOVE = YES;
				CLANG_WARN_UNGUARDED_AVAILABILITY = YES_AGGRESSIVE;
				CLANG_WARN_UNREACHABLE_CODE = YES;
				CLANG_WARN__DUPLICATE_METHOD_MATCH = YES;
				COPY_PHASE_STRIP = NO;
				DEBUG_INFORMATION_FORMAT = "dwarf-with-dsym";
				ENABLE_NS_ASSERTIONS = NO;
				ENABLE_STRICT_OBJC_MSGSEND = YES;
				GCC_C_LANGUAGE_STANDARD = gnu11;
				GCC_NO_COMMON_BLOCKS = YES;
				GCC_WARN_64_TO_32_BIT_CONVERSION = YES;
				GCC_WARN_ABOUT_RETURN_TYPE = YES_ERROR;
				GCC_WARN_UNDECLARED_SELECTOR = YES;
				GCC_WARN_UNINITIALIZED_AUTOS = YES_AGGRESSIVE;
				GCC_WARN_UNUSED_FUNCTION = YES;
				GCC_WARN_UNUSED_VARIABLE = YES;
				IPHONEOS_DEPLOYMENT_TARGET = 13.0;
				MTL_ENABLE_DEBUG_INFO = NO;
				MTL_FAST_MATH = YES;
				SDKROOT = iphoneos;
				SWIFT_COMPILATION_MODE = wholemodule;
				SWIFT_OPTIMIZATION_LEVEL = "-O";
				VALIDATE_PRODUCT = YES;
			};
			name = Release;
		};
		C341FEE3255B0AF20091B045 /* Debug */ = {
			isa = XCBuildConfiguration;
			baseConfigurationReference = 1B18B6892FE6529090964A9C /* Pods-Webasyst X.debug.xcconfig */;
			buildSettings = {
				ASSETCATALOG_COMPILER_APPICON_NAME = AppIcon;
				ASSETCATALOG_COMPILER_GLOBAL_ACCENT_COLOR_NAME = AccentColor;
				CODE_SIGN_ENTITLEMENTS = "Webasyst X/App/WebXApp.entitlements";
				CODE_SIGN_STYLE = Automatic;
				DEVELOPMENT_TEAM = Z73YGZ4UAM;
				INFOPLIST_FILE = "$(SRCROOT)/Webasyst X/App/Info.plist";
				LD_RUNPATH_SEARCH_PATHS = (
					"$(inherited)",
					"@executable_path/Frameworks",
				);
				PRODUCT_BUNDLE_IDENTIFIER = com.webasyst.x.ios;
				PRODUCT_NAME = "$(TARGET_NAME)";
				SWIFT_VERSION = 5.0;
				TARGETED_DEVICE_FAMILY = 1;
			};
			name = Debug;
		};
		C341FEE4255B0AF20091B045 /* Release */ = {
			isa = XCBuildConfiguration;
			baseConfigurationReference = 680B2B3CCB1018D054E7B24E /* Pods-Webasyst X.release.xcconfig */;
			buildSettings = {
				ASSETCATALOG_COMPILER_APPICON_NAME = AppIcon;
				ASSETCATALOG_COMPILER_GLOBAL_ACCENT_COLOR_NAME = AccentColor;
				CODE_SIGN_ENTITLEMENTS = "Webasyst X/App/WebXApp.entitlements";
				CODE_SIGN_STYLE = Automatic;
				DEVELOPMENT_TEAM = Z73YGZ4UAM;
				INFOPLIST_FILE = "$(SRCROOT)/Webasyst X/App/Info.plist";
				LD_RUNPATH_SEARCH_PATHS = (
					"$(inherited)",
					"@executable_path/Frameworks",
				);
				PRODUCT_BUNDLE_IDENTIFIER = com.webasyst.x.ios;
				PRODUCT_NAME = "$(TARGET_NAME)";
				SWIFT_VERSION = 5.0;
				TARGETED_DEVICE_FAMILY = 1;
			};
			name = Release;
		};
		FD46C0942681991700A97894 /* Debug */ = {
			isa = XCBuildConfiguration;
			buildSettings = {
				BUNDLE_LOADER = "$(TEST_HOST)";
				CODE_SIGN_STYLE = Automatic;
				DEVELOPMENT_TEAM = Z73YGZ4UAM;
				INFOPLIST_FILE = WebasystXTests/Info.plist;
				IPHONEOS_DEPLOYMENT_TARGET = 14.5;
				LD_RUNPATH_SEARCH_PATHS = (
					"$(inherited)",
					"@executable_path/Frameworks",
					"@loader_path/Frameworks",
				);
				PRODUCT_BUNDLE_IDENTIFIER = com.viktkobst.WebasystXTests;
				PRODUCT_NAME = "$(TARGET_NAME)";
				SWIFT_VERSION = 5.0;
				TARGETED_DEVICE_FAMILY = "1,2";
				TEST_HOST = "$(BUILT_PRODUCTS_DIR)/Webasyst X.app/Webasyst X";
			};
			name = Debug;
		};
		FD46C0952681991700A97894 /* Release */ = {
			isa = XCBuildConfiguration;
			buildSettings = {
				BUNDLE_LOADER = "$(TEST_HOST)";
				CODE_SIGN_STYLE = Automatic;
				DEVELOPMENT_TEAM = Z73YGZ4UAM;
				INFOPLIST_FILE = WebasystXTests/Info.plist;
				IPHONEOS_DEPLOYMENT_TARGET = 14.5;
				LD_RUNPATH_SEARCH_PATHS = (
					"$(inherited)",
					"@executable_path/Frameworks",
					"@loader_path/Frameworks",
				);
				PRODUCT_BUNDLE_IDENTIFIER = com.viktkobst.WebasystXTests;
				PRODUCT_NAME = "$(TARGET_NAME)";
				SWIFT_VERSION = 5.0;
				TARGETED_DEVICE_FAMILY = "1,2";
				TEST_HOST = "$(BUILT_PRODUCTS_DIR)/Webasyst X.app/Webasyst X";
			};
			name = Release;
		};
/* End XCBuildConfiguration section */

/* Begin XCConfigurationList section */
		C341FEC6255B0AED0091B045 /* Build configuration list for PBXProject "Webasyst X" */ = {
			isa = XCConfigurationList;
			buildConfigurations = (
				C341FEE0255B0AF20091B045 /* Debug */,
				C341FEE1255B0AF20091B045 /* Release */,
			);
			defaultConfigurationIsVisible = 0;
			defaultConfigurationName = Release;
		};
		C341FEE2255B0AF20091B045 /* Build configuration list for PBXNativeTarget "Webasyst X" */ = {
			isa = XCConfigurationList;
			buildConfigurations = (
				C341FEE3255B0AF20091B045 /* Debug */,
				C341FEE4255B0AF20091B045 /* Release */,
			);
			defaultConfigurationIsVisible = 0;
			defaultConfigurationName = Release;
		};
		FD46C0962681991700A97894 /* Build configuration list for PBXNativeTarget "WebasystXTests" */ = {
			isa = XCConfigurationList;
			buildConfigurations = (
				FD46C0942681991700A97894 /* Debug */,
				FD46C0952681991700A97894 /* Release */,
			);
			defaultConfigurationIsVisible = 0;
			defaultConfigurationName = Release;
		};
/* End XCConfigurationList section */
	};
	rootObject = C341FEC3255B0AED0091B045 /* Project object */;
}
