// !$*UTF8*$!
{
	archiveVersion = 1;
	classes = {
	};
	objectVersion = 51;
	objects = {

/* Begin PBXBuildFile section */
		C341FECF255B0AED0091B045 /* AppDelegate.swift in Sources */ = {isa = PBXBuildFile; fileRef = C341FECE255B0AED0091B045 /* AppDelegate.swift */; };
		C341FED1255B0AED0091B045 /* SceneDelegate.swift in Sources */ = {isa = PBXBuildFile; fileRef = C341FED0255B0AED0091B045 /* SceneDelegate.swift */; };
		C341FEDB255B0AF20091B045 /* Assets.xcassets in Resources */ = {isa = PBXBuildFile; fileRef = C341FEDA255B0AF20091B045 /* Assets.xcassets */; };
		C341FEDE255B0AF20091B045 /* LaunchScreen.storyboard in Resources */ = {isa = PBXBuildFile; fileRef = C341FEDC255B0AF20091B045 /* LaunchScreen.storyboard */; };
		D02E90D1E1507B87442EB602 /* Pods_Webasyst_X.framework in Frameworks */ = {isa = PBXBuildFile; fileRef = 61B58F456F55811364D6E55B /* Pods_Webasyst_X.framework */; };
		FD068D7B2694239C0008F4AD /* NetworkingService.swift in Sources */ = {isa = PBXBuildFile; fileRef = FD068D7A2694239C0008F4AD /* NetworkingService.swift */; };
		FD0C1A292671E1E400FE41D0 /* AuthViewController.swift in Sources */ = {isa = PBXBuildFile; fileRef = FD0C1A282671E1E400FE41D0 /* AuthViewController.swift */; };
		FD0C1A2B2671E1EF00FE41D0 /* AuthViewModel.swift in Sources */ = {isa = PBXBuildFile; fileRef = FD0C1A2A2671E1EF00FE41D0 /* AuthViewModel.swift */; };
		FD0C1A2D2671E1FF00FE41D0 /* AuthCoordinator.swift in Sources */ = {isa = PBXBuildFile; fileRef = FD0C1A2C2671E1FF00FE41D0 /* AuthCoordinator.swift */; };
		FD0C1A3326720EB500FE41D0 /* ConfirmCodeViewController.swift in Sources */ = {isa = PBXBuildFile; fileRef = FD0C1A3226720EB500FE41D0 /* ConfirmCodeViewController.swift */; };
		FD0C1A3526720EC000FE41D0 /* ConfirmCodeViewModel.swift in Sources */ = {isa = PBXBuildFile; fileRef = FD0C1A3426720EC000FE41D0 /* ConfirmCodeViewModel.swift */; };
		FD0C1A3726720ECC00FE41D0 /* ConfirmCodeCoordinator.swift in Sources */ = {isa = PBXBuildFile; fileRef = FD0C1A3626720ECC00FE41D0 /* ConfirmCodeCoordinator.swift */; };
		FD1062E925B96D0100E53A29 /* BlogModel.swift in Sources */ = {isa = PBXBuildFile; fileRef = FD1062E825B96D0100E53A29 /* BlogModel.swift */; };
		FD1620942683070D00B67E81 /* AuthSlide.swift in Sources */ = {isa = PBXBuildFile; fileRef = FD1620932683070D00B67E81 /* AuthSlide.swift */; };
		FD31EEA0267B458E00FF234F /* InstallWebasystViewController.swift in Sources */ = {isa = PBXBuildFile; fileRef = FD31EE9E267B458E00FF234F /* InstallWebasystViewController.swift */; };
		FD31EEA1267B458E00FF234F /* InstallWebasystViewController.xib in Resources */ = {isa = PBXBuildFile; fileRef = FD31EE9F267B458E00FF234F /* InstallWebasystViewController.xib */; };
		FD3BB9F3268586710011259A /* DetailSiteViewController.swift in Sources */ = {isa = PBXBuildFile; fileRef = FD3BB9F2268586710011259A /* DetailSiteViewController.swift */; };
		FD3BB9F6268586850011259A /* DetailSiteViewModel.swift in Sources */ = {isa = PBXBuildFile; fileRef = FD3BB9F5268586850011259A /* DetailSiteViewModel.swift */; };
		FD3BB9F8268586E50011259A /* DetailSiteCoordinator.swift in Sources */ = {isa = PBXBuildFile; fileRef = FD3BB9F7268586E50011259A /* DetailSiteCoordinator.swift */; };
		FD3BB9FB26858A290011259A /* DetailSiteModel.swift in Sources */ = {isa = PBXBuildFile; fileRef = FD3BB9FA26858A290011259A /* DetailSiteModel.swift */; };
		FD3BBA072685AC470011259A /* Localizable.strings in Resources */ = {isa = PBXBuildFile; fileRef = FD3BBA092685AC470011259A /* Localizable.strings */; };
		FD46B9AB267C424000A6597A /* InstallWebasystViewModel.swift in Sources */ = {isa = PBXBuildFile; fileRef = FD46B9AA267C424000A6597A /* InstallWebasystViewModel.swift */; };
		FD46B9AD267C447700A6597A /* InstallWebasystCoordinator.swift in Sources */ = {isa = PBXBuildFile; fileRef = FD46B9AC267C447700A6597A /* InstallWebasystCoordinator.swift */; };
		FD46B9B3267C74A200A6597A /* WaidInstructionViewController.swift in Sources */ = {isa = PBXBuildFile; fileRef = FD46B9B2267C74A200A6597A /* WaidInstructionViewController.swift */; };
		FD46B9B5267C76D500A6597A /* WaidInstructionViewModel.swift in Sources */ = {isa = PBXBuildFile; fileRef = FD46B9B4267C76D500A6597A /* WaidInstructionViewModel.swift */; };
		FD46B9B7267C770700A6597A /* WaidInstructionCoordinator.swift in Sources */ = {isa = PBXBuildFile; fileRef = FD46B9B6267C770700A6597A /* WaidInstructionCoordinator.swift */; };
		FD46C0902681991700A97894 /* WebasystXTests.swift in Sources */ = {isa = PBXBuildFile; fileRef = FD46C08F2681991700A97894 /* WebasystXTests.swift */; };
		FD4CD0F52692CEBA00F5A3DE /* Webasyst.plist in Resources */ = {isa = PBXBuildFile; fileRef = FD4CD0F42692CEBA00F5A3DE /* Webasyst.plist */; };
		FD4CD0F82692E12800F5A3DE /* UIViewController.swift in Sources */ = {isa = PBXBuildFile; fileRef = FD4CD0F72692E12800F5A3DE /* UIViewController.swift */; };
		FD4CD0FA2693073F00F5A3DE /* README.md in Resources */ = {isa = PBXBuildFile; fileRef = FD4CD0F92693073F00F5A3DE /* README.md */; };
		FD4E68022679CED300A42283 /* InstallModuleView.swift in Sources */ = {isa = PBXBuildFile; fileRef = FD4E68012679CED300A42283 /* InstallModuleView.swift */; };
		FD4E68052679E1DC00A42283 /* EmptyListView.swift in Sources */ = {isa = PBXBuildFile; fileRef = FD4E68042679E1DC00A42283 /* EmptyListView.swift */; };
		FD4E680B2679F13900A42283 /* LoadingViewController.swift in Sources */ = {isa = PBXBuildFile; fileRef = FD4E68092679F13900A42283 /* LoadingViewController.swift */; };
		FD4E680C2679F13900A42283 /* LoadingViewController.xib in Resources */ = {isa = PBXBuildFile; fileRef = FD4E680A2679F13900A42283 /* LoadingViewController.xib */; };
		FD4E680F2679F61A00A42283 /* ErrorView.swift in Sources */ = {isa = PBXBuildFile; fileRef = FD4E680E2679F61A00A42283 /* ErrorView.swift */; };
		FD576DF32660C08300F4D707 /* Result.swift in Sources */ = {isa = PBXBuildFile; fileRef = FD576DF22660C08300F4D707 /* Result.swift */; };
		FD576DF72660FDC800F4D707 /* BlogTableViewCell.swift in Sources */ = {isa = PBXBuildFile; fileRef = FD576DF52660FDC800F4D707 /* BlogTableViewCell.swift */; };
		FD576DF82660FDC800F4D707 /* BlogTableViewCell.xib in Resources */ = {isa = PBXBuildFile; fileRef = FD576DF62660FDC800F4D707 /* BlogTableViewCell.xib */; };
		FD576DFA2661005100F4D707 /* NetworkingManager.swift in Sources */ = {isa = PBXBuildFile; fileRef = FD576DF92661005100F4D707 /* NetworkingManager.swift */; };
		FD6D6CE2267099EC008340E0 /* WelcomeViewController.swift in Sources */ = {isa = PBXBuildFile; fileRef = FD6D6CE0267099EC008340E0 /* WelcomeViewController.swift */; };
		FD6D6CE3267099EC008340E0 /* WelcomeViewController.xib in Resources */ = {isa = PBXBuildFile; fileRef = FD6D6CE1267099EC008340E0 /* WelcomeViewController.xib */; };
		FD84BA6F2681E2E70049B7F9 /* SiteViewCell.swift in Sources */ = {isa = PBXBuildFile; fileRef = FD84BA6D2681E2E70049B7F9 /* SiteViewCell.swift */; };
		FD84BA702681E2E70049B7F9 /* SiteViewCell.xib in Resources */ = {isa = PBXBuildFile; fileRef = FD84BA6E2681E2E70049B7F9 /* SiteViewCell.xib */; };
		FD8A24FC26846CA4003D0E0F /* BlogEntryViewController.swift in Sources */ = {isa = PBXBuildFile; fileRef = FD8A24FA26846CA4003D0E0F /* BlogEntryViewController.swift */; };
		FD922BAD25C26A0B00559AB5 /* InstallViewCell.swift in Sources */ = {isa = PBXBuildFile; fileRef = FD922BAB25C26A0B00559AB5 /* InstallViewCell.swift */; };
		FD922BAE25C26A0B00559AB5 /* InstallViewCell.xib in Resources */ = {isa = PBXBuildFile; fileRef = FD922BAC25C26A0B00559AB5 /* InstallViewCell.xib */; };
		FDBB9F7B2679FA880027DD53 /* LoadingView.swift in Sources */ = {isa = PBXBuildFile; fileRef = FDBB9F7A2679FA880027DD53 /* LoadingView.swift */; };
		FDCA6E972678954100922517 /* SlideView.swift in Sources */ = {isa = PBXBuildFile; fileRef = FDCA6E962678954100922517 /* SlideView.swift */; };
		FDCA6E992678955700922517 /* SlideView.xib in Resources */ = {isa = PBXBuildFile; fileRef = FDCA6E982678955700922517 /* SlideView.xib */; };
		FDCF9CBA25AE80A100EDFE69 /* WelcomeViewModel.swift in Sources */ = {isa = PBXBuildFile; fileRef = FDCF9CB925AE80A100EDFE69 /* WelcomeViewModel.swift */; };
		FDCF9CDF25AE84BA00EDFE69 /* AppCoordinator.swift in Sources */ = {isa = PBXBuildFile; fileRef = FDCF9CDE25AE84BA00EDFE69 /* AppCoordinator.swift */; };
		FDCF9CE625AE98CD00EDFE69 /* ImageAssets.xcassets in Resources */ = {isa = PBXBuildFile; fileRef = FDCF9CE525AE98CC00EDFE69 /* ImageAssets.xcassets */; };
		FDCF9CF625AEAEAC00EDFE69 /* WelcomeCoordinator.swift in Sources */ = {isa = PBXBuildFile; fileRef = FDCF9CF525AEAEAC00EDFE69 /* WelcomeCoordinator.swift */; };
		FDD6E35725B540CE00F5CE24 /* BlogViewController.swift in Sources */ = {isa = PBXBuildFile; fileRef = FDD6E35625B540CE00F5CE24 /* BlogViewController.swift */; };
		FDD6E35B25B540DC00F5CE24 /* BlogViewModel.swift in Sources */ = {isa = PBXBuildFile; fileRef = FDD6E35A25B540DC00F5CE24 /* BlogViewModel.swift */; };
		FDD6E35E25B540ED00F5CE24 /* BlogCoordinator.swift in Sources */ = {isa = PBXBuildFile; fileRef = FDD6E35D25B540ED00F5CE24 /* BlogCoordinator.swift */; };
		FDD6E36725B543FF00F5CE24 /* SiteViewController.swift in Sources */ = {isa = PBXBuildFile; fileRef = FDD6E36625B543FF00F5CE24 /* SiteViewController.swift */; };
		FDD6E36B25B5440A00F5CE24 /* SiteViewModel.swift in Sources */ = {isa = PBXBuildFile; fileRef = FDD6E36A25B5440A00F5CE24 /* SiteViewModel.swift */; };
		FDD6E36E25B5441500F5CE24 /* ShopViewController.swift in Sources */ = {isa = PBXBuildFile; fileRef = FDD6E36D25B5441500F5CE24 /* ShopViewController.swift */; };
		FDD6E37125B5441F00F5CE24 /* ShopViewModel.swift in Sources */ = {isa = PBXBuildFile; fileRef = FDD6E37025B5441F00F5CE24 /* ShopViewModel.swift */; };
		FDD6E37B25B544F900F5CE24 /* SiteCoordinator.swift in Sources */ = {isa = PBXBuildFile; fileRef = FDD6E37A25B544F900F5CE24 /* SiteCoordinator.swift */; };
		FDD6E38025B5471400F5CE24 /* ShopCoordinator.swift in Sources */ = {isa = PBXBuildFile; fileRef = FDD6E37F25B5471400F5CE24 /* ShopCoordinator.swift */; };
		FDD6E38925B552AE00F5CE24 /* InstallListCoordinator.swift in Sources */ = {isa = PBXBuildFile; fileRef = FDD6E38825B552AD00F5CE24 /* InstallListCoordinator.swift */; };
		FDD6E38D25B552BD00F5CE24 /* InstalListViewModel.swift in Sources */ = {isa = PBXBuildFile; fileRef = FDD6E38C25B552BC00F5CE24 /* InstalListViewModel.swift */; };
		FDD6E39025B552D000F5CE24 /* InstallListViewController.swift in Sources */ = {isa = PBXBuildFile; fileRef = FDD6E38F25B552D000F5CE24 /* InstallListViewController.swift */; };
		FDD7E9D125C1057700B4F869 /* SiteModel.swift in Sources */ = {isa = PBXBuildFile; fileRef = FDD7E9D025C1057700B4F869 /* SiteModel.swift */; };
		FDD7E9D925C108B900B4F869 /* ShopModel.swift in Sources */ = {isa = PBXBuildFile; fileRef = FDD7E9D825C108B900B4F869 /* ShopModel.swift */; };
		FDD7E9DF25C12F9500B4F869 /* OrderViewCell.swift in Sources */ = {isa = PBXBuildFile; fileRef = FDD7E9DD25C12F9500B4F869 /* OrderViewCell.swift */; };
		FDD7E9E025C12F9500B4F869 /* OrderViewCell.xib in Resources */ = {isa = PBXBuildFile; fileRef = FDD7E9DE25C12F9500B4F869 /* OrderViewCell.xib */; };
		FDE640A825BFE327008082F3 /* BlogEntryCoordinator.swift in Sources */ = {isa = PBXBuildFile; fileRef = FDE640A725BFE327008082F3 /* BlogEntryCoordinator.swift */; };
		FDE640AC25BFE45F008082F3 /* BlogEntryViewModel.swift in Sources */ = {isa = PBXBuildFile; fileRef = FDE640AB25BFE45F008082F3 /* BlogEntryViewModel.swift */; };
/* End PBXBuildFile section */

/* Begin PBXContainerItemProxy section */
		FD46C0922681991700A97894 /* PBXContainerItemProxy */ = {
			isa = PBXContainerItemProxy;
			containerPortal = C341FEC3255B0AED0091B045 /* Project object */;
			proxyType = 1;
			remoteGlobalIDString = C341FECA255B0AED0091B045;
			remoteInfo = "Webasyst X";
		};
/* End PBXContainerItemProxy section */

/* Begin PBXCopyFilesBuildPhase section */
		C341FF05255B0C7A0091B045 /* Embed Frameworks */ = {
			isa = PBXCopyFilesBuildPhase;
			buildActionMask = 2147483647;
			dstPath = "";
			dstSubfolderSpec = 10;
			files = (
			);
			name = "Embed Frameworks";
			runOnlyForDeploymentPostprocessing = 0;
		};
/* End PBXCopyFilesBuildPhase section */

/* Begin PBXFileReference section */
		1B18B6892FE6529090964A9C /* Pods-Webasyst X.debug.xcconfig */ = {isa = PBXFileReference; includeInIndex = 1; lastKnownFileType = text.xcconfig; name = "Pods-Webasyst X.debug.xcconfig"; path = "Target Support Files/Pods-Webasyst X/Pods-Webasyst X.debug.xcconfig"; sourceTree = "<group>"; };
		61B58F456F55811364D6E55B /* Pods_Webasyst_X.framework */ = {isa = PBXFileReference; explicitFileType = wrapper.framework; includeInIndex = 0; path = Pods_Webasyst_X.framework; sourceTree = BUILT_PRODUCTS_DIR; };
		680B2B3CCB1018D054E7B24E /* Pods-Webasyst X.release.xcconfig */ = {isa = PBXFileReference; includeInIndex = 1; lastKnownFileType = text.xcconfig; name = "Pods-Webasyst X.release.xcconfig"; path = "Target Support Files/Pods-Webasyst X/Pods-Webasyst X.release.xcconfig"; sourceTree = "<group>"; };
		BA953B6EABD49E83C3D9A114 /* Pods_WebXAppTests.framework */ = {isa = PBXFileReference; explicitFileType = wrapper.framework; includeInIndex = 0; path = Pods_WebXAppTests.framework; sourceTree = BUILT_PRODUCTS_DIR; };
		C341FECB255B0AED0091B045 /* Webasyst X.app */ = {isa = PBXFileReference; explicitFileType = wrapper.application; includeInIndex = 0; path = "Webasyst X.app"; sourceTree = BUILT_PRODUCTS_DIR; };
		C341FECE255B0AED0091B045 /* AppDelegate.swift */ = {isa = PBXFileReference; lastKnownFileType = sourcecode.swift; path = AppDelegate.swift; sourceTree = "<group>"; };
		C341FED0255B0AED0091B045 /* SceneDelegate.swift */ = {isa = PBXFileReference; lastKnownFileType = sourcecode.swift; path = SceneDelegate.swift; sourceTree = "<group>"; };
		C341FEDA255B0AF20091B045 /* Assets.xcassets */ = {isa = PBXFileReference; lastKnownFileType = folder.assetcatalog; path = Assets.xcassets; sourceTree = "<group>"; };
		C341FEDD255B0AF20091B045 /* Base */ = {isa = PBXFileReference; lastKnownFileType = file.storyboard; name = Base; path = Base.lproj/LaunchScreen.storyboard; sourceTree = "<group>"; };
		C341FEDF255B0AF20091B045 /* Info.plist */ = {isa = PBXFileReference; lastKnownFileType = text.plist.xml; path = Info.plist; sourceTree = "<group>"; };
		FD068D7A2694239C0008F4AD /* NetworkingService.swift */ = {isa = PBXFileReference; lastKnownFileType = sourcecode.swift; path = NetworkingService.swift; sourceTree = "<group>"; };
		FD0C1A282671E1E400FE41D0 /* AuthViewController.swift */ = {isa = PBXFileReference; lastKnownFileType = sourcecode.swift; path = AuthViewController.swift; sourceTree = "<group>"; };
		FD0C1A2A2671E1EF00FE41D0 /* AuthViewModel.swift */ = {isa = PBXFileReference; lastKnownFileType = sourcecode.swift; path = AuthViewModel.swift; sourceTree = "<group>"; };
		FD0C1A2C2671E1FF00FE41D0 /* AuthCoordinator.swift */ = {isa = PBXFileReference; lastKnownFileType = sourcecode.swift; path = AuthCoordinator.swift; sourceTree = "<group>"; };
		FD0C1A3226720EB500FE41D0 /* ConfirmCodeViewController.swift */ = {isa = PBXFileReference; lastKnownFileType = sourcecode.swift; path = ConfirmCodeViewController.swift; sourceTree = "<group>"; };
		FD0C1A3426720EC000FE41D0 /* ConfirmCodeViewModel.swift */ = {isa = PBXFileReference; lastKnownFileType = sourcecode.swift; path = ConfirmCodeViewModel.swift; sourceTree = "<group>"; };
		FD0C1A3626720ECC00FE41D0 /* ConfirmCodeCoordinator.swift */ = {isa = PBXFileReference; lastKnownFileType = sourcecode.swift; path = ConfirmCodeCoordinator.swift; sourceTree = "<group>"; };
		FD1062E825B96D0100E53A29 /* BlogModel.swift */ = {isa = PBXFileReference; lastKnownFileType = sourcecode.swift; path = BlogModel.swift; sourceTree = "<group>"; };
		FD1620932683070D00B67E81 /* AuthSlide.swift */ = {isa = PBXFileReference; lastKnownFileType = sourcecode.swift; path = AuthSlide.swift; sourceTree = "<group>"; };
		FD1A2B292680A95200BA7C68 /* WebXApp.entitlements */ = {isa = PBXFileReference; lastKnownFileType = text.plist.entitlements; path = WebXApp.entitlements; sourceTree = "<group>"; };
		FD31EE9E267B458E00FF234F /* InstallWebasystViewController.swift */ = {isa = PBXFileReference; lastKnownFileType = sourcecode.swift; path = InstallWebasystViewController.swift; sourceTree = "<group>"; };
		FD31EE9F267B458E00FF234F /* InstallWebasystViewController.xib */ = {isa = PBXFileReference; lastKnownFileType = file.xib; path = InstallWebasystViewController.xib; sourceTree = "<group>"; };
		FD3BB9F2268586710011259A /* DetailSiteViewController.swift */ = {isa = PBXFileReference; lastKnownFileType = sourcecode.swift; path = DetailSiteViewController.swift; sourceTree = "<group>"; };
		FD3BB9F5268586850011259A /* DetailSiteViewModel.swift */ = {isa = PBXFileReference; lastKnownFileType = sourcecode.swift; path = DetailSiteViewModel.swift; sourceTree = "<group>"; };
		FD3BB9F7268586E50011259A /* DetailSiteCoordinator.swift */ = {isa = PBXFileReference; lastKnownFileType = sourcecode.swift; path = DetailSiteCoordinator.swift; sourceTree = "<group>"; };
		FD3BB9FA26858A290011259A /* DetailSiteModel.swift */ = {isa = PBXFileReference; lastKnownFileType = sourcecode.swift; path = DetailSiteModel.swift; sourceTree = "<group>"; };
		FD3BBA082685AC470011259A /* en */ = {isa = PBXFileReference; lastKnownFileType = text.plist.strings; name = en; path = en.lproj/Localizable.strings; sourceTree = "<group>"; };
		FD3BBA0A2685AC590011259A /* ru */ = {isa = PBXFileReference; lastKnownFileType = text.plist.strings; name = ru; path = ru.lproj/Localizable.strings; sourceTree = "<group>"; };
		FD46B9AA267C424000A6597A /* InstallWebasystViewModel.swift */ = {isa = PBXFileReference; lastKnownFileType = sourcecode.swift; path = InstallWebasystViewModel.swift; sourceTree = "<group>"; };
		FD46B9AC267C447700A6597A /* InstallWebasystCoordinator.swift */ = {isa = PBXFileReference; lastKnownFileType = sourcecode.swift; path = InstallWebasystCoordinator.swift; sourceTree = "<group>"; };
		FD46B9B2267C74A200A6597A /* WaidInstructionViewController.swift */ = {isa = PBXFileReference; lastKnownFileType = sourcecode.swift; path = WaidInstructionViewController.swift; sourceTree = "<group>"; };
		FD46B9B4267C76D500A6597A /* WaidInstructionViewModel.swift */ = {isa = PBXFileReference; lastKnownFileType = sourcecode.swift; path = WaidInstructionViewModel.swift; sourceTree = "<group>"; };
		FD46B9B6267C770700A6597A /* WaidInstructionCoordinator.swift */ = {isa = PBXFileReference; lastKnownFileType = sourcecode.swift; path = WaidInstructionCoordinator.swift; sourceTree = "<group>"; };
		FD46C08D2681991700A97894 /* WebasystXTests.xctest */ = {isa = PBXFileReference; explicitFileType = wrapper.cfbundle; includeInIndex = 0; path = WebasystXTests.xctest; sourceTree = BUILT_PRODUCTS_DIR; };
		FD46C08F2681991700A97894 /* WebasystXTests.swift */ = {isa = PBXFileReference; lastKnownFileType = sourcecode.swift; path = WebasystXTests.swift; sourceTree = "<group>"; };
		FD46C0912681991700A97894 /* Info.plist */ = {isa = PBXFileReference; lastKnownFileType = text.plist.xml; path = Info.plist; sourceTree = "<group>"; };
		FD4CD0F42692CEBA00F5A3DE /* Webasyst.plist */ = {isa = PBXFileReference; lastKnownFileType = text.plist.xml; path = Webasyst.plist; sourceTree = "<group>"; };
		FD4CD0F72692E12800F5A3DE /* UIViewController.swift */ = {isa = PBXFileReference; lastKnownFileType = sourcecode.swift; path = UIViewController.swift; sourceTree = "<group>"; };
		FD4CD0F92693073F00F5A3DE /* README.md */ = {isa = PBXFileReference; fileEncoding = 4; lastKnownFileType = net.daringfireball.markdown; path = README.md; sourceTree = SOURCE_ROOT; };
		FD4E68012679CED300A42283 /* InstallModuleView.swift */ = {isa = PBXFileReference; lastKnownFileType = sourcecode.swift; path = InstallModuleView.swift; sourceTree = "<group>"; };
		FD4E68042679E1DC00A42283 /* EmptyListView.swift */ = {isa = PBXFileReference; lastKnownFileType = sourcecode.swift; path = EmptyListView.swift; sourceTree = "<group>"; };
		FD4E68092679F13900A42283 /* LoadingViewController.swift */ = {isa = PBXFileReference; lastKnownFileType = sourcecode.swift; path = LoadingViewController.swift; sourceTree = "<group>"; };
		FD4E680A2679F13900A42283 /* LoadingViewController.xib */ = {isa = PBXFileReference; lastKnownFileType = file.xib; path = LoadingViewController.xib; sourceTree = "<group>"; };
		FD4E680E2679F61A00A42283 /* ErrorView.swift */ = {isa = PBXFileReference; lastKnownFileType = sourcecode.swift; path = ErrorView.swift; sourceTree = "<group>"; };
		FD576DF22660C08300F4D707 /* Result.swift */ = {isa = PBXFileReference; fileEncoding = 4; lastKnownFileType = sourcecode.swift; path = Result.swift; sourceTree = "<group>"; };
		FD576DF52660FDC800F4D707 /* BlogTableViewCell.swift */ = {isa = PBXFileReference; lastKnownFileType = sourcecode.swift; path = BlogTableViewCell.swift; sourceTree = "<group>"; };
		FD576DF62660FDC800F4D707 /* BlogTableViewCell.xib */ = {isa = PBXFileReference; lastKnownFileType = file.xib; path = BlogTableViewCell.xib; sourceTree = "<group>"; };
		FD576DF92661005100F4D707 /* NetworkingManager.swift */ = {isa = PBXFileReference; lastKnownFileType = sourcecode.swift; path = NetworkingManager.swift; sourceTree = "<group>"; };
		FD6D6CE0267099EC008340E0 /* WelcomeViewController.swift */ = {isa = PBXFileReference; lastKnownFileType = sourcecode.swift; path = WelcomeViewController.swift; sourceTree = "<group>"; };
		FD6D6CE1267099EC008340E0 /* WelcomeViewController.xib */ = {isa = PBXFileReference; lastKnownFileType = file.xib; path = WelcomeViewController.xib; sourceTree = "<group>"; };
		FD84BA6D2681E2E70049B7F9 /* SiteViewCell.swift */ = {isa = PBXFileReference; lastKnownFileType = sourcecode.swift; path = SiteViewCell.swift; sourceTree = "<group>"; };
		FD84BA6E2681E2E70049B7F9 /* SiteViewCell.xib */ = {isa = PBXFileReference; lastKnownFileType = file.xib; path = SiteViewCell.xib; sourceTree = "<group>"; };
		FD8A24FA26846CA4003D0E0F /* BlogEntryViewController.swift */ = {isa = PBXFileReference; lastKnownFileType = sourcecode.swift; path = BlogEntryViewController.swift; sourceTree = "<group>"; };
		FD922BAB25C26A0B00559AB5 /* InstallViewCell.swift */ = {isa = PBXFileReference; lastKnownFileType = sourcecode.swift; path = InstallViewCell.swift; sourceTree = "<group>"; };
		FD922BAC25C26A0B00559AB5 /* InstallViewCell.xib */ = {isa = PBXFileReference; lastKnownFileType = file.xib; path = InstallViewCell.xib; sourceTree = "<group>"; };
		FDBB9F7A2679FA880027DD53 /* LoadingView.swift */ = {isa = PBXFileReference; lastKnownFileType = sourcecode.swift; path = LoadingView.swift; sourceTree = "<group>"; };
		FDCA6E962678954100922517 /* SlideView.swift */ = {isa = PBXFileReference; lastKnownFileType = sourcecode.swift; path = SlideView.swift; sourceTree = "<group>"; };
		FDCA6E982678955700922517 /* SlideView.xib */ = {isa = PBXFileReference; lastKnownFileType = file.xib; path = SlideView.xib; sourceTree = "<group>"; };
		FDCF9CB925AE80A100EDFE69 /* WelcomeViewModel.swift */ = {isa = PBXFileReference; lastKnownFileType = sourcecode.swift; path = WelcomeViewModel.swift; sourceTree = "<group>"; };
		FDCF9CDE25AE84BA00EDFE69 /* AppCoordinator.swift */ = {isa = PBXFileReference; lastKnownFileType = sourcecode.swift; path = AppCoordinator.swift; sourceTree = "<group>"; };
		FDCF9CE525AE98CC00EDFE69 /* ImageAssets.xcassets */ = {isa = PBXFileReference; lastKnownFileType = folder.assetcatalog; path = ImageAssets.xcassets; sourceTree = "<group>"; };
		FDCF9CF525AEAEAC00EDFE69 /* WelcomeCoordinator.swift */ = {isa = PBXFileReference; lastKnownFileType = sourcecode.swift; path = WelcomeCoordinator.swift; sourceTree = "<group>"; };
		FDD6E35625B540CE00F5CE24 /* BlogViewController.swift */ = {isa = PBXFileReference; lastKnownFileType = sourcecode.swift; lineEnding = 0; path = BlogViewController.swift; sourceTree = "<group>"; };
		FDD6E35A25B540DC00F5CE24 /* BlogViewModel.swift */ = {isa = PBXFileReference; lastKnownFileType = sourcecode.swift; path = BlogViewModel.swift; sourceTree = "<group>"; };
		FDD6E35D25B540ED00F5CE24 /* BlogCoordinator.swift */ = {isa = PBXFileReference; lastKnownFileType = sourcecode.swift; path = BlogCoordinator.swift; sourceTree = "<group>"; };
		FDD6E36625B543FF00F5CE24 /* SiteViewController.swift */ = {isa = PBXFileReference; lastKnownFileType = sourcecode.swift; path = SiteViewController.swift; sourceTree = "<group>"; };
		FDD6E36A25B5440A00F5CE24 /* SiteViewModel.swift */ = {isa = PBXFileReference; lastKnownFileType = sourcecode.swift; path = SiteViewModel.swift; sourceTree = "<group>"; };
		FDD6E36D25B5441500F5CE24 /* ShopViewController.swift */ = {isa = PBXFileReference; lastKnownFileType = sourcecode.swift; path = ShopViewController.swift; sourceTree = "<group>"; };
		FDD6E37025B5441F00F5CE24 /* ShopViewModel.swift */ = {isa = PBXFileReference; lastKnownFileType = sourcecode.swift; path = ShopViewModel.swift; sourceTree = "<group>"; };
		FDD6E37A25B544F900F5CE24 /* SiteCoordinator.swift */ = {isa = PBXFileReference; lastKnownFileType = sourcecode.swift; path = SiteCoordinator.swift; sourceTree = "<group>"; };
		FDD6E37F25B5471400F5CE24 /* ShopCoordinator.swift */ = {isa = PBXFileReference; lastKnownFileType = sourcecode.swift; path = ShopCoordinator.swift; sourceTree = "<group>"; };
		FDD6E38825B552AD00F5CE24 /* InstallListCoordinator.swift */ = {isa = PBXFileReference; lastKnownFileType = sourcecode.swift; path = InstallListCoordinator.swift; sourceTree = "<group>"; };
		FDD6E38C25B552BC00F5CE24 /* InstalListViewModel.swift */ = {isa = PBXFileReference; lastKnownFileType = sourcecode.swift; path = InstalListViewModel.swift; sourceTree = "<group>"; };
		FDD6E38F25B552D000F5CE24 /* InstallListViewController.swift */ = {isa = PBXFileReference; lastKnownFileType = sourcecode.swift; path = InstallListViewController.swift; sourceTree = "<group>"; };
		FDD7E9D025C1057700B4F869 /* SiteModel.swift */ = {isa = PBXFileReference; lastKnownFileType = sourcecode.swift; path = SiteModel.swift; sourceTree = "<group>"; };
		FDD7E9D825C108B900B4F869 /* ShopModel.swift */ = {isa = PBXFileReference; lastKnownFileType = sourcecode.swift; path = ShopModel.swift; sourceTree = "<group>"; };
		FDD7E9DD25C12F9500B4F869 /* OrderViewCell.swift */ = {isa = PBXFileReference; lastKnownFileType = sourcecode.swift; path = OrderViewCell.swift; sourceTree = "<group>"; };
		FDD7E9DE25C12F9500B4F869 /* OrderViewCell.xib */ = {isa = PBXFileReference; lastKnownFileType = file.xib; path = OrderViewCell.xib; sourceTree = "<group>"; };
		FDE640A725BFE327008082F3 /* BlogEntryCoordinator.swift */ = {isa = PBXFileReference; lastKnownFileType = sourcecode.swift; path = BlogEntryCoordinator.swift; sourceTree = "<group>"; };
		FDE640AB25BFE45F008082F3 /* BlogEntryViewModel.swift */ = {isa = PBXFileReference; lastKnownFileType = sourcecode.swift; path = BlogEntryViewModel.swift; sourceTree = "<group>"; };
/* End PBXFileReference section */

/* Begin PBXFrameworksBuildPhase section */
		C341FEC8255B0AED0091B045 /* Frameworks */ = {
			isa = PBXFrameworksBuildPhase;
			buildActionMask = 2147483647;
			files = (
				D02E90D1E1507B87442EB602 /* Pods_Webasyst_X.framework in Frameworks */,
			);
			runOnlyForDeploymentPostprocessing = 0;
		};
		FD46C08A2681991700A97894 /* Frameworks */ = {
			isa = PBXFrameworksBuildPhase;
			buildActionMask = 2147483647;
			files = (
			);
			runOnlyForDeploymentPostprocessing = 0;
		};
/* End PBXFrameworksBuildPhase section */

/* Begin PBXGroup section */
		1BEDA2B324DC9651A7392F40 /* Pods */ = {
			isa = PBXGroup;
			children = (
				1B18B6892FE6529090964A9C /* Pods-Webasyst X.debug.xcconfig */,
				680B2B3CCB1018D054E7B24E /* Pods-Webasyst X.release.xcconfig */,
			);
			path = Pods;
			sourceTree = "<group>";
		};
		C341FEC2255B0AED0091B045 = {
			isa = PBXGroup;
			children = (
				C341FECD255B0AED0091B045 /* Webasyst X */,
				FD46C08E2681991700A97894 /* WebasystXTests */,
				C341FECC255B0AED0091B045 /* Products */,
				F6350A9EAF4E84E79C00D75E /* Frameworks */,
				1BEDA2B324DC9651A7392F40 /* Pods */,
			);
			sourceTree = "<group>";
		};
		C341FECC255B0AED0091B045 /* Products */ = {
			isa = PBXGroup;
			children = (
				C341FECB255B0AED0091B045 /* Webasyst X.app */,
				FD46C08D2681991700A97894 /* WebasystXTests.xctest */,
			);
			name = Products;
			sourceTree = "<group>";
		};
		C341FECD255B0AED0091B045 /* Webasyst X */ = {
			isa = PBXGroup;
			children = (
				FD4CD0F92693073F00F5A3DE /* README.md */,
				FD4CD0F42692CEBA00F5A3DE /* Webasyst.plist */,
				FD4E67FF2679CE7400A42283 /* Views */,
				FDE6408125BFC547008082F3 /* Localization */,
				FD576DF12660C08300F4D707 /* Models */,
				FDCF9CB325AE7F6C00EDFE69 /* App */,
				FDCF9CB525AE7F8900EDFE69 /* Resources */,
				FDCF9CDD25AE84A300EDFE69 /* AppCoordinator */,
				FD4CD0F62692E10F00F5A3DE /* Extensions */,
				FDCF9CB425AE7F7A00EDFE69 /* Modules */,
				FDCF9CB625AE7F9E00EDFE69 /* NetworkingService */,
			);
			path = "Webasyst X";
			sourceTree = "<group>";
		};
		F6350A9EAF4E84E79C00D75E /* Frameworks */ = {
			isa = PBXGroup;
			children = (
				BA953B6EABD49E83C3D9A114 /* Pods_WebXAppTests.framework */,
				61B58F456F55811364D6E55B /* Pods_Webasyst_X.framework */,
			);
			name = Frameworks;
			sourceTree = "<group>";
		};
		FD0C1A242671E1B200FE41D0 /* AuthModule */ = {
			isa = PBXGroup;
			children = (
				FD0C1A272671E1D000FE41D0 /* Coordinator */,
				FD0C1A262671E1C900FE41D0 /* ViewModel */,
				FD0C1A252671E1BD00FE41D0 /* View */,
			);
			path = AuthModule;
			sourceTree = "<group>";
		};
		FD0C1A252671E1BD00FE41D0 /* View */ = {
			isa = PBXGroup;
			children = (
				FD0C1A282671E1E400FE41D0 /* AuthViewController.swift */,
			);
			path = View;
			sourceTree = "<group>";
		};
		FD0C1A262671E1C900FE41D0 /* ViewModel */ = {
			isa = PBXGroup;
			children = (
				FD0C1A2A2671E1EF00FE41D0 /* AuthViewModel.swift */,
			);
			path = ViewModel;
			sourceTree = "<group>";
		};
		FD0C1A272671E1D000FE41D0 /* Coordinator */ = {
			isa = PBXGroup;
			children = (
				FD0C1A2C2671E1FF00FE41D0 /* AuthCoordinator.swift */,
			);
			path = Coordinator;
			sourceTree = "<group>";
		};
		FD0C1A2E26720E8300FE41D0 /* ConfirmCodeModule */ = {
			isa = PBXGroup;
			children = (
				FD0C1A3126720E9E00FE41D0 /* Coordinator */,
				FD0C1A3026720E9900FE41D0 /* ViewModel */,
				FD0C1A2F26720E9500FE41D0 /* View */,
			);
			path = ConfirmCodeModule;
			sourceTree = "<group>";
		};
		FD0C1A2F26720E9500FE41D0 /* View */ = {
			isa = PBXGroup;
			children = (
				FD0C1A3226720EB500FE41D0 /* ConfirmCodeViewController.swift */,
			);
			path = View;
			sourceTree = "<group>";
		};
		FD0C1A3026720E9900FE41D0 /* ViewModel */ = {
			isa = PBXGroup;
			children = (
				FD0C1A3426720EC000FE41D0 /* ConfirmCodeViewModel.swift */,
			);
			path = ViewModel;
			sourceTree = "<group>";
		};
		FD0C1A3126720E9E00FE41D0 /* Coordinator */ = {
			isa = PBXGroup;
			children = (
				FD0C1A3626720ECC00FE41D0 /* ConfirmCodeCoordinator.swift */,
			);
			path = Coordinator;
			sourceTree = "<group>";
		};
		FD1062E725B96CEC00E53A29 /* Model */ = {
			isa = PBXGroup;
			children = (
				FD1062E825B96D0100E53A29 /* BlogModel.swift */,
			);
			path = Model;
			sourceTree = "<group>";
		};
		FD31EE9A267B456600FF234F /* InstallWebasystModule */ = {
			isa = PBXGroup;
			children = (
				FD31EE9D267B457700FF234F /* Coordinator */,
				FD31EE9C267B457300FF234F /* ViewModel */,
				FD31EE9B267B456F00FF234F /* View */,
			);
			path = InstallWebasystModule;
			sourceTree = "<group>";
		};
		FD31EE9B267B456F00FF234F /* View */ = {
			isa = PBXGroup;
			children = (
				FD31EE9E267B458E00FF234F /* InstallWebasystViewController.swift */,
				FD31EE9F267B458E00FF234F /* InstallWebasystViewController.xib */,
			);
			path = View;
			sourceTree = "<group>";
		};
		FD31EE9C267B457300FF234F /* ViewModel */ = {
			isa = PBXGroup;
			children = (
				FD46B9AA267C424000A6597A /* InstallWebasystViewModel.swift */,
			);
			path = ViewModel;
			sourceTree = "<group>";
		};
		FD31EE9D267B457700FF234F /* Coordinator */ = {
			isa = PBXGroup;
			children = (
				FD46B9AC267C447700A6597A /* InstallWebasystCoordinator.swift */,
			);
			path = Coordinator;
			sourceTree = "<group>";
		};
		FD3BB9EE2685864D0011259A /* DetailSiteModule */ = {
			isa = PBXGroup;
			children = (
				FD3BB9F926858A1F0011259A /* Model */,
				FD3BB9F1268586620011259A /* Coordinator */,
				FD3BB9F02685865F0011259A /* ViewModel */,
				FD3BB9EF2685865C0011259A /* View */,
			);
			path = DetailSiteModule;
			sourceTree = "<group>";
		};
		FD3BB9EF2685865C0011259A /* View */ = {
			isa = PBXGroup;
			children = (
				FD3BB9F2268586710011259A /* DetailSiteViewController.swift */,
			);
			path = View;
			sourceTree = "<group>";
		};
		FD3BB9F02685865F0011259A /* ViewModel */ = {
			isa = PBXGroup;
			children = (
				FD3BB9F5268586850011259A /* DetailSiteViewModel.swift */,
			);
			path = ViewModel;
			sourceTree = "<group>";
		};
		FD3BB9F1268586620011259A /* Coordinator */ = {
			isa = PBXGroup;
			children = (
				FD3BB9F7268586E50011259A /* DetailSiteCoordinator.swift */,
			);
			path = Coordinator;
			sourceTree = "<group>";
		};
		FD3BB9F926858A1F0011259A /* Model */ = {
			isa = PBXGroup;
			children = (
				FD3BB9FA26858A290011259A /* DetailSiteModel.swift */,
			);
			path = Model;
			sourceTree = "<group>";
		};
		FD46B9AE267C747800A6597A /* WaidInstructionModule */ = {
			isa = PBXGroup;
			children = (
				FD46B9B1267C748C00A6597A /* Coordinator */,
				FD46B9B0267C748700A6597A /* ViewModel */,
				FD46B9AF267C748300A6597A /* View */,
			);
			path = WaidInstructionModule;
			sourceTree = "<group>";
		};
		FD46B9AF267C748300A6597A /* View */ = {
			isa = PBXGroup;
			children = (
				FD46B9B2267C74A200A6597A /* WaidInstructionViewController.swift */,
			);
			path = View;
			sourceTree = "<group>";
		};
		FD46B9B0267C748700A6597A /* ViewModel */ = {
			isa = PBXGroup;
			children = (
				FD46B9B4267C76D500A6597A /* WaidInstructionViewModel.swift */,
			);
			path = ViewModel;
			sourceTree = "<group>";
		};
		FD46B9B1267C748C00A6597A /* Coordinator */ = {
			isa = PBXGroup;
			children = (
				FD46B9B6267C770700A6597A /* WaidInstructionCoordinator.swift */,
			);
			path = Coordinator;
			sourceTree = "<group>";
		};
		FD46C08E2681991700A97894 /* WebasystXTests */ = {
			isa = PBXGroup;
			children = (
				FD46C08F2681991700A97894 /* WebasystXTests.swift */,
				FD46C0912681991700A97894 /* Info.plist */,
			);
			path = WebasystXTests;
			sourceTree = "<group>";
		};
		FD4CD0F62692E10F00F5A3DE /* Extensions */ = {
			isa = PBXGroup;
			children = (
				FD4CD0F72692E12800F5A3DE /* UIViewController.swift */,
			);
			path = Extensions;
			sourceTree = "<group>";
		};
		FD4E67FA2679AFB200A42283 /* AuthSlide */ = {
			isa = PBXGroup;
			children = (
				FD1620932683070D00B67E81 /* AuthSlide.swift */,
			);
			path = AuthSlide;
			sourceTree = "<group>";
		};
		FD4E67FF2679CE7400A42283 /* Views */ = {
			isa = PBXGroup;
			children = (
				FDBB9F792679FA780027DD53 /* LoadingView */,
				FD4E680D2679F60800A42283 /* ErrorView */,
				FD4E68032679E1CD00A42283 /* EmptyListView */,
				FD4E68002679CEB700A42283 /* InstallModuleView */,
			);
			path = Views;
			sourceTree = "<group>";
		};
		FD4E68002679CEB700A42283 /* InstallModuleView */ = {
			isa = PBXGroup;
			children = (
				FD4E68012679CED300A42283 /* InstallModuleView.swift */,
			);
			path = InstallModuleView;
			sourceTree = "<group>";
		};
		FD4E68032679E1CD00A42283 /* EmptyListView */ = {
			isa = PBXGroup;
			children = (
				FD4E68042679E1DC00A42283 /* EmptyListView.swift */,
			);
			path = EmptyListView;
			sourceTree = "<group>";
		};
		FD4E68062679F0E200A42283 /* LoadingModule */ = {
			isa = PBXGroup;
			children = (
				FD4E68072679F10C00A42283 /* View */,
			);
			path = LoadingModule;
			sourceTree = "<group>";
		};
		FD4E68072679F10C00A42283 /* View */ = {
			isa = PBXGroup;
			children = (
				FD4E68092679F13900A42283 /* LoadingViewController.swift */,
				FD4E680A2679F13900A42283 /* LoadingViewController.xib */,
			);
			path = View;
			sourceTree = "<group>";
		};
		FD4E680D2679F60800A42283 /* ErrorView */ = {
			isa = PBXGroup;
			children = (
				FD4E680E2679F61A00A42283 /* ErrorView.swift */,
			);
			path = ErrorView;
			sourceTree = "<group>";
		};
		FD576DF12660C08300F4D707 /* Models */ = {
			isa = PBXGroup;
			children = (
				FD576DF22660C08300F4D707 /* Result.swift */,
			);
			path = Models;
			sourceTree = "<group>";
		};
		FD576DF42660FDAC00F4D707 /* Cell */ = {
			isa = PBXGroup;
			children = (
				FD576DF52660FDC800F4D707 /* BlogTableViewCell.swift */,
				FD576DF62660FDC800F4D707 /* BlogTableViewCell.xib */,
			);
			path = Cell;
			sourceTree = "<group>";
		};
		FD84BA6C2681E2AD0049B7F9 /* Cell */ = {
			isa = PBXGroup;
			children = (
				FD84BA6D2681E2E70049B7F9 /* SiteViewCell.swift */,
				FD84BA6E2681E2E70049B7F9 /* SiteViewCell.xib */,
			);
			path = Cell;
			sourceTree = "<group>";
		};
		FD922BAA25C269F700559AB5 /* Cell */ = {
			isa = PBXGroup;
			children = (
				FD922BAB25C26A0B00559AB5 /* InstallViewCell.swift */,
				FD922BAC25C26A0B00559AB5 /* InstallViewCell.xib */,
			);
			path = Cell;
			sourceTree = "<group>";
		};
		FDBB9F792679FA780027DD53 /* LoadingView */ = {
			isa = PBXGroup;
			children = (
				FDBB9F7A2679FA880027DD53 /* LoadingView.swift */,
			);
			path = LoadingView;
			sourceTree = "<group>";
		};
		FDCA6E942678952500922517 /* Views */ = {
			isa = PBXGroup;
			children = (
				FD4E67FA2679AFB200A42283 /* AuthSlide */,
				FDCA6E952678952C00922517 /* SlideView */,
			);
			path = Views;
			sourceTree = "<group>";
		};
		FDCA6E952678952C00922517 /* SlideView */ = {
			isa = PBXGroup;
			children = (
				FDCA6E962678954100922517 /* SlideView.swift */,
				FDCA6E982678955700922517 /* SlideView.xib */,
			);
			path = SlideView;
			sourceTree = "<group>";
		};
		FDCF9CB325AE7F6C00EDFE69 /* App */ = {
			isa = PBXGroup;
			children = (
				FD1A2B292680A95200BA7C68 /* WebXApp.entitlements */,
				C341FECE255B0AED0091B045 /* AppDelegate.swift */,
				C341FED0255B0AED0091B045 /* SceneDelegate.swift */,
				C341FEDF255B0AF20091B045 /* Info.plist */,
			);
			path = App;
			sourceTree = "<group>";
		};
		FDCF9CB425AE7F7A00EDFE69 /* Modules */ = {
			isa = PBXGroup;
			children = (
				FD46B9AE267C747800A6597A /* WaidInstructionModule */,
				FD31EE9A267B456600FF234F /* InstallWebasystModule */,
				FD4E68062679F0E200A42283 /* LoadingModule */,
				FD0C1A2E26720E8300FE41D0 /* ConfirmCodeModule */,
				FD0C1A242671E1B200FE41D0 /* AuthModule */,
				FDD6E38425B551E300F5CE24 /* InstallListModule */,
				FDD6E36125B543D500F5CE24 /* ShopModule */,
				FDD6E36025B543CB00F5CE24 /* SiteModule */,
				FD3BB9EE2685864D0011259A /* DetailSiteModule */,
				FDE8F5AB25B03FDF00B98933 /* BlogModule */,
				FDE640A225BFE297008082F3 /* BlogEntryModule */,
				FDCF9CB725AE807A00EDFE69 /* WelcomeModule */,
			);
			path = Modules;
			sourceTree = "<group>";
		};
		FDCF9CB525AE7F8900EDFE69 /* Resources */ = {
			isa = PBXGroup;
			children = (
				C341FEDC255B0AF20091B045 /* LaunchScreen.storyboard */,
				C341FEDA255B0AF20091B045 /* Assets.xcassets */,
				FDCF9CE525AE98CC00EDFE69 /* ImageAssets.xcassets */,
			);
			path = Resources;
			sourceTree = "<group>";
		};
		FDCF9CB625AE7F9E00EDFE69 /* NetworkingService */ = {
			isa = PBXGroup;
			children = (
				FD068D7A2694239C0008F4AD /* NetworkingService.swift */,
				FD576DF92661005100F4D707 /* NetworkingManager.swift */,
			);
			path = NetworkingService;
			sourceTree = "<group>";
		};
		FDCF9CB725AE807A00EDFE69 /* WelcomeModule */ = {
			isa = PBXGroup;
			children = (
				FDCA6E942678952500922517 /* Views */,
				FDD6E37325B5443D00F5CE24 /* Coordinator */,
				FDCF9CE925AE99BD00EDFE69 /* ViewModel */,
				FDCF9CEB25AE99C600EDFE69 /* View */,
			);
			path = WelcomeModule;
			sourceTree = "<group>";
		};
		FDCF9CDD25AE84A300EDFE69 /* AppCoordinator */ = {
			isa = PBXGroup;
			children = (
				FDCF9CDE25AE84BA00EDFE69 /* AppCoordinator.swift */,
			);
			path = AppCoordinator;
			sourceTree = "<group>";
		};
		FDCF9CE925AE99BD00EDFE69 /* ViewModel */ = {
			isa = PBXGroup;
			children = (
				FDCF9CB925AE80A100EDFE69 /* WelcomeViewModel.swift */,
			);
			path = ViewModel;
			sourceTree = "<group>";
		};
		FDCF9CEB25AE99C600EDFE69 /* View */ = {
			isa = PBXGroup;
			children = (
				FD6D6CE0267099EC008340E0 /* WelcomeViewController.swift */,
				FD6D6CE1267099EC008340E0 /* WelcomeViewController.xib */,
			);
			path = View;
			sourceTree = "<group>";
		};
		FDD6E36025B543CB00F5CE24 /* SiteModule */ = {
			isa = PBXGroup;
			children = (
				FD84BA6C2681E2AD0049B7F9 /* Cell */,
				FDD6E37925B544E800F5CE24 /* Coordinator */,
				FDD7E9CF25C1055D00B4F869 /* Model */,
				FDD6E36325B543E100F5CE24 /* ViewModel */,
				FDD6E36225B543DC00F5CE24 /* View */,
			);
			path = SiteModule;
			sourceTree = "<group>";
		};
		FDD6E36125B543D500F5CE24 /* ShopModule */ = {
			isa = PBXGroup;
			children = (
				FDD7E9DC25C12F7D00B4F869 /* Cell */,
				FDD6E37E25B546FE00F5CE24 /* Coordinator */,
				FDD7E9D725C1089C00B4F869 /* Model */,
				FDD6E36525B543EE00F5CE24 /* ViewModel */,
				FDD6E36425B543E900F5CE24 /* View */,
			);
			path = ShopModule;
			sourceTree = "<group>";
		};
		FDD6E36225B543DC00F5CE24 /* View */ = {
			isa = PBXGroup;
			children = (
				FDD6E36625B543FF00F5CE24 /* SiteViewController.swift */,
			);
			path = View;
			sourceTree = "<group>";
		};
		FDD6E36325B543E100F5CE24 /* ViewModel */ = {
			isa = PBXGroup;
			children = (
				FDD6E36A25B5440A00F5CE24 /* SiteViewModel.swift */,
			);
			path = ViewModel;
			sourceTree = "<group>";
		};
		FDD6E36425B543E900F5CE24 /* View */ = {
			isa = PBXGroup;
			children = (
				FDD6E36D25B5441500F5CE24 /* ShopViewController.swift */,
			);
			path = View;
			sourceTree = "<group>";
		};
		FDD6E36525B543EE00F5CE24 /* ViewModel */ = {
			isa = PBXGroup;
			children = (
				FDD6E37025B5441F00F5CE24 /* ShopViewModel.swift */,
			);
			path = ViewModel;
			sourceTree = "<group>";
		};
		FDD6E37325B5443D00F5CE24 /* Coordinator */ = {
			isa = PBXGroup;
			children = (
				FDCF9CF525AEAEAC00EDFE69 /* WelcomeCoordinator.swift */,
			);
			path = Coordinator;
			sourceTree = "<group>";
		};
		FDD6E37725B5449100F5CE24 /* Coordinator */ = {
			isa = PBXGroup;
			children = (
				FDD6E35D25B540ED00F5CE24 /* BlogCoordinator.swift */,
			);
			path = Coordinator;
			sourceTree = "<group>";
		};
		FDD6E37925B544E800F5CE24 /* Coordinator */ = {
			isa = PBXGroup;
			children = (
				FDD6E37A25B544F900F5CE24 /* SiteCoordinator.swift */,
			);
			path = Coordinator;
			sourceTree = "<group>";
		};
		FDD6E37E25B546FE00F5CE24 /* Coordinator */ = {
			isa = PBXGroup;
			children = (
				FDD6E37F25B5471400F5CE24 /* ShopCoordinator.swift */,
			);
			path = Coordinator;
			sourceTree = "<group>";
		};
		FDD6E38425B551E300F5CE24 /* InstallListModule */ = {
			isa = PBXGroup;
			children = (
				FD922BAA25C269F700559AB5 /* Cell */,
				FDD6E38725B5529D00F5CE24 /* Coordinator */,
				FDD6E38625B5529700F5CE24 /* ViewModel */,
				FDD6E38525B5528400F5CE24 /* View */,
			);
			path = InstallListModule;
			sourceTree = "<group>";
		};
		FDD6E38525B5528400F5CE24 /* View */ = {
			isa = PBXGroup;
			children = (
				FDD6E38F25B552D000F5CE24 /* InstallListViewController.swift */,
			);
			path = View;
			sourceTree = "<group>";
		};
		FDD6E38625B5529700F5CE24 /* ViewModel */ = {
			isa = PBXGroup;
			children = (
				FDD6E38C25B552BC00F5CE24 /* InstalListViewModel.swift */,
			);
			path = ViewModel;
			sourceTree = "<group>";
		};
		FDD6E38725B5529D00F5CE24 /* Coordinator */ = {
			isa = PBXGroup;
			children = (
				FDD6E38825B552AD00F5CE24 /* InstallListCoordinator.swift */,
			);
			path = Coordinator;
			sourceTree = "<group>";
		};
		FDD7E9CF25C1055D00B4F869 /* Model */ = {
			isa = PBXGroup;
			children = (
				FDD7E9D025C1057700B4F869 /* SiteModel.swift */,
			);
			path = Model;
			sourceTree = "<group>";
		};
		FDD7E9D725C1089C00B4F869 /* Model */ = {
			isa = PBXGroup;
			children = (
				FDD7E9D825C108B900B4F869 /* ShopModel.swift */,
			);
			path = Model;
			sourceTree = "<group>";
		};
		FDD7E9DC25C12F7D00B4F869 /* Cell */ = {
			isa = PBXGroup;
			children = (
				FDD7E9DD25C12F9500B4F869 /* OrderViewCell.swift */,
				FDD7E9DE25C12F9500B4F869 /* OrderViewCell.xib */,
			);
			path = Cell;
			sourceTree = "<group>";
		};
		FDE6408125BFC547008082F3 /* Localization */ = {
			isa = PBXGroup;
			children = (
				FD3BBA092685AC470011259A /* Localizable.strings */,
			);
			path = Localization;
			sourceTree = "<group>";
		};
		FDE640A225BFE297008082F3 /* BlogEntryModule */ = {
			isa = PBXGroup;
			children = (
				FDE640A525BFE2B4008082F3 /* Coordinator */,
				FDE640A425BFE2AD008082F3 /* ViewModel */,
				FDE640A325BFE2A8008082F3 /* View */,
			);
			path = BlogEntryModule;
			sourceTree = "<group>";
		};
		FDE640A325BFE2A8008082F3 /* View */ = {
			isa = PBXGroup;
			children = (
				FD8A24FA26846CA4003D0E0F /* BlogEntryViewController.swift */,
			);
			path = View;
			sourceTree = "<group>";
		};
		FDE640A425BFE2AD008082F3 /* ViewModel */ = {
			isa = PBXGroup;
			children = (
				FDE640AB25BFE45F008082F3 /* BlogEntryViewModel.swift */,
			);
			path = ViewModel;
			sourceTree = "<group>";
		};
		FDE640A525BFE2B4008082F3 /* Coordinator */ = {
			isa = PBXGroup;
			children = (
				FDE640A725BFE327008082F3 /* BlogEntryCoordinator.swift */,
			);
			path = Coordinator;
			sourceTree = "<group>";
		};
		FDE8F5AB25B03FDF00B98933 /* BlogModule */ = {
			isa = PBXGroup;
			children = (
				FD576DF42660FDAC00F4D707 /* Cell */,
				FDD6E37725B5449100F5CE24 /* Coordinator */,
				FD1062E725B96CEC00E53A29 /* Model */,
				FDE8F5AD25B03FF900B98933 /* ViewModule */,
				FDE8F5AC25B03FF200B98933 /* View */,
			);
			path = BlogModule;
			sourceTree = "<group>";
		};
		FDE8F5AC25B03FF200B98933 /* View */ = {
			isa = PBXGroup;
			children = (
				FDD6E35625B540CE00F5CE24 /* BlogViewController.swift */,
			);
			path = View;
			sourceTree = "<group>";
		};
		FDE8F5AD25B03FF900B98933 /* ViewModule */ = {
			isa = PBXGroup;
			children = (
				FDD6E35A25B540DC00F5CE24 /* BlogViewModel.swift */,
			);
			path = ViewModule;
			sourceTree = "<group>";
		};
/* End PBXGroup section */

/* Begin PBXNativeTarget section */
		C341FECA255B0AED0091B045 /* Webasyst X */ = {
			isa = PBXNativeTarget;
			buildConfigurationList = C341FEE2255B0AF20091B045 /* Build configuration list for PBXNativeTarget "Webasyst X" */;
			buildPhases = (
				683E22C1F76D13B2E04B42DF /* [CP] Check Pods Manifest.lock */,
				C341FEC7255B0AED0091B045 /* Sources */,
				C341FEC8255B0AED0091B045 /* Frameworks */,
				C341FEC9255B0AED0091B045 /* Resources */,
				C341FF05255B0C7A0091B045 /* Embed Frameworks */,
				DB9CA8810723FA06D56DC19F /* [CP] Embed Pods Frameworks */,
			);
			buildRules = (
			);
			dependencies = (
			);
			name = "Webasyst X";
			productName = WebXApp;
			productReference = C341FECB255B0AED0091B045 /* Webasyst X.app */;
			productType = "com.apple.product-type.application";
		};
		FD46C08C2681991700A97894 /* WebasystXTests */ = {
			isa = PBXNativeTarget;
			buildConfigurationList = FD46C0962681991700A97894 /* Build configuration list for PBXNativeTarget "WebasystXTests" */;
			buildPhases = (
				FD46C0892681991700A97894 /* Sources */,
				FD46C08A2681991700A97894 /* Frameworks */,
				FD46C08B2681991700A97894 /* Resources */,
			);
			buildRules = (
			);
			dependencies = (
				FD46C0932681991700A97894 /* PBXTargetDependency */,
			);
			name = WebasystXTests;
			productName = WebasystXTests;
			productReference = FD46C08D2681991700A97894 /* WebasystXTests.xctest */;
			productType = "com.apple.product-type.bundle.unit-test";
		};
/* End PBXNativeTarget section */

/* Begin PBXProject section */
		C341FEC3255B0AED0091B045 /* Project object */ = {
			isa = PBXProject;
			attributes = {
				LastSwiftUpdateCheck = 1250;
				LastUpgradeCheck = 1210;
				TargetAttributes = {
					C341FECA255B0AED0091B045 = {
						CreatedOnToolsVersion = 12.1;
					};
					FD46C08C2681991700A97894 = {
						CreatedOnToolsVersion = 12.5;
						TestTargetID = C341FECA255B0AED0091B045;
					};
				};
			};
			buildConfigurationList = C341FEC6255B0AED0091B045 /* Build configuration list for PBXProject "Webasyst X" */;
			compatibilityVersion = "Xcode 9.3";
			developmentRegion = en;
			hasScannedForEncodings = 0;
			knownRegions = (
				en,
				Base,
				ru,
			);
			mainGroup = C341FEC2255B0AED0091B045;
			productRefGroup = C341FECC255B0AED0091B045 /* Products */;
			projectDirPath = "";
			projectRoot = "";
			targets = (
				C341FECA255B0AED0091B045 /* Webasyst X */,
				FD46C08C2681991700A97894 /* WebasystXTests */,
			);
		};
/* End PBXProject section */

/* Begin PBXResourcesBuildPhase section */
		C341FEC9255B0AED0091B045 /* Resources */ = {
			isa = PBXResourcesBuildPhase;
			buildActionMask = 2147483647;
			files = (
				FD4CD0F52692CEBA00F5A3DE /* Webasyst.plist in Resources */,
				FD576DF82660FDC800F4D707 /* BlogTableViewCell.xib in Resources */,
				FD3BBA072685AC470011259A /* Localizable.strings in Resources */,
				C341FEDE255B0AF20091B045 /* LaunchScreen.storyboard in Resources */,
				C341FEDB255B0AF20091B045 /* Assets.xcassets in Resources */,
				FD4E680C2679F13900A42283 /* LoadingViewController.xib in Resources */,
				FDD7E9E025C12F9500B4F869 /* OrderViewCell.xib in Resources */,
				FD6D6CE3267099EC008340E0 /* WelcomeViewController.xib in Resources */,
				FDCA6E992678955700922517 /* SlideView.xib in Resources */,
				FD84BA702681E2E70049B7F9 /* SiteViewCell.xib in Resources */,
				FD4CD0FA2693073F00F5A3DE /* README.md in Resources */,
				FD922BAE25C26A0B00559AB5 /* InstallViewCell.xib in Resources */,
				FD31EEA1267B458E00FF234F /* InstallWebasystViewController.xib in Resources */,
				FDCF9CE625AE98CD00EDFE69 /* ImageAssets.xcassets in Resources */,
			);
			runOnlyForDeploymentPostprocessing = 0;
		};
		FD46C08B2681991700A97894 /* Resources */ = {
			isa = PBXResourcesBuildPhase;
			buildActionMask = 2147483647;
			files = (
			);
			runOnlyForDeploymentPostprocessing = 0;
		};
/* End PBXResourcesBuildPhase section */

/* Begin PBXShellScriptBuildPhase section */
		683E22C1F76D13B2E04B42DF /* [CP] Check Pods Manifest.lock */ = {
			isa = PBXShellScriptBuildPhase;
			buildActionMask = 2147483647;
			files = (
			);
			inputFileListPaths = (
			);
			inputPaths = (
				"${PODS_PODFILE_DIR_PATH}/Podfile.lock",
				"${PODS_ROOT}/Manifest.lock",
			);
			name = "[CP] Check Pods Manifest.lock";
			outputFileListPaths = (
			);
			outputPaths = (
				"$(DERIVED_FILE_DIR)/Pods-Webasyst X-checkManifestLockResult.txt",
			);
			runOnlyForDeploymentPostprocessing = 0;
			shellPath = /bin/sh;
			shellScript = "diff \"${PODS_PODFILE_DIR_PATH}/Podfile.lock\" \"${PODS_ROOT}/Manifest.lock\" > /dev/null\nif [ $? != 0 ] ; then\n    # print error to STDERR\n    echo \"error: The sandbox is not in sync with the Podfile.lock. Run 'pod install' or update your CocoaPods installation.\" >&2\n    exit 1\nfi\n# This output is used by Xcode 'outputs' to avoid re-running this script phase.\necho \"SUCCESS\" > \"${SCRIPT_OUTPUT_FILE_0}\"\n";
			showEnvVarsInLog = 0;
		};
		DB9CA8810723FA06D56DC19F /* [CP] Embed Pods Frameworks */ = {
			isa = PBXShellScriptBuildPhase;
			buildActionMask = 2147483647;
			files = (
			);
			inputFileListPaths = (
				"${PODS_ROOT}/Target Support Files/Pods-Webasyst X/Pods-Webasyst X-frameworks-${CONFIGURATION}-input-files.xcfilelist",
			);
			name = "[CP] Embed Pods Frameworks";
			outputFileListPaths = (
				"${PODS_ROOT}/Target Support Files/Pods-Webasyst X/Pods-Webasyst X-frameworks-${CONFIGURATION}-output-files.xcfilelist",
			);
			runOnlyForDeploymentPostprocessing = 0;
			shellPath = /bin/sh;
			shellScript = "\"${PODS_ROOT}/Target Support Files/Pods-Webasyst X/Pods-Webasyst X-frameworks.sh\"\n";
			showEnvVarsInLog = 0;
		};
/* End PBXShellScriptBuildPhase section */

/* Begin PBXSourcesBuildPhase section */
		C341FEC7255B0AED0091B045 /* Sources */ = {
			isa = PBXSourcesBuildPhase;
			buildActionMask = 2147483647;
			files = (
				FD4CD0F82692E12800F5A3DE /* UIViewController.swift in Sources */,
				FD31EEA0267B458E00FF234F /* InstallWebasystViewController.swift in Sources */,
				FDCF9CBA25AE80A100EDFE69 /* WelcomeViewModel.swift in Sources */,
				FDD6E36E25B5441500F5CE24 /* ShopViewController.swift in Sources */,
				FDD6E35B25B540DC00F5CE24 /* BlogViewModel.swift in Sources */,
				FDD6E36B25B5440A00F5CE24 /* SiteViewModel.swift in Sources */,
				FD0C1A3526720EC000FE41D0 /* ConfirmCodeViewModel.swift in Sources */,
				FD0C1A3726720ECC00FE41D0 /* ConfirmCodeCoordinator.swift in Sources */,
				FD922BAD25C26A0B00559AB5 /* InstallViewCell.swift in Sources */,
				FD8A24FC26846CA4003D0E0F /* BlogEntryViewController.swift in Sources */,
				C341FECF255B0AED0091B045 /* AppDelegate.swift in Sources */,
				FDCF9CDF25AE84BA00EDFE69 /* AppCoordinator.swift in Sources */,
				FDD6E39025B552D000F5CE24 /* InstallListViewController.swift in Sources */,
				FD0C1A3326720EB500FE41D0 /* ConfirmCodeViewController.swift in Sources */,
				FD0C1A2B2671E1EF00FE41D0 /* AuthViewModel.swift in Sources */,
				FDCA6E972678954100922517 /* SlideView.swift in Sources */,
				FD576DF32660C08300F4D707 /* Result.swift in Sources */,
				FDD7E9DF25C12F9500B4F869 /* OrderViewCell.swift in Sources */,
				FDD7E9D925C108B900B4F869 /* ShopModel.swift in Sources */,
				FDD6E35725B540CE00F5CE24 /* BlogViewController.swift in Sources */,
				FD4E680B2679F13900A42283 /* LoadingViewController.swift in Sources */,
				FDE640A825BFE327008082F3 /* BlogEntryCoordinator.swift in Sources */,
				FDD6E37125B5441F00F5CE24 /* ShopViewModel.swift in Sources */,
				FDCF9CF625AEAEAC00EDFE69 /* WelcomeCoordinator.swift in Sources */,
				FD576DFA2661005100F4D707 /* NetworkingManager.swift in Sources */,
				FDD6E38925B552AE00F5CE24 /* InstallListCoordinator.swift in Sources */,
				FD46B9B3267C74A200A6597A /* WaidInstructionViewController.swift in Sources */,
				FD4E680F2679F61A00A42283 /* ErrorView.swift in Sources */,
				FD46B9B5267C76D500A6597A /* WaidInstructionViewModel.swift in Sources */,
				FD1062E925B96D0100E53A29 /* BlogModel.swift in Sources */,
				FD3BB9F6268586850011259A /* DetailSiteViewModel.swift in Sources */,
				C341FED1255B0AED0091B045 /* SceneDelegate.swift in Sources */,
				FD3BB9F8268586E50011259A /* DetailSiteCoordinator.swift in Sources */,
				FDD6E35E25B540ED00F5CE24 /* BlogCoordinator.swift in Sources */,
				FDD6E36725B543FF00F5CE24 /* SiteViewController.swift in Sources */,
				FD4E68022679CED300A42283 /* InstallModuleView.swift in Sources */,
				FD6D6CE2267099EC008340E0 /* WelcomeViewController.swift in Sources */,
				FDD7E9D125C1057700B4F869 /* SiteModel.swift in Sources */,
				FD1620942683070D00B67E81 /* AuthSlide.swift in Sources */,
				FD0C1A292671E1E400FE41D0 /* AuthViewController.swift in Sources */,
				FD576DF72660FDC800F4D707 /* BlogTableViewCell.swift in Sources */,
				FDD6E37B25B544F900F5CE24 /* SiteCoordinator.swift in Sources */,
				FD068D7B2694239C0008F4AD /* NetworkingService.swift in Sources */,
				FD3BB9F3268586710011259A /* DetailSiteViewController.swift in Sources */,
				FD3BB9FB26858A290011259A /* DetailSiteModel.swift in Sources */,
				FDD6E38D25B552BD00F5CE24 /* InstalListViewModel.swift in Sources */,
				FDE640AC25BFE45F008082F3 /* BlogEntryViewModel.swift in Sources */,
				FDD6E38025B5471400F5CE24 /* ShopCoordinator.swift in Sources */,
				FD0C1A2D2671E1FF00FE41D0 /* AuthCoordinator.swift in Sources */,
				FD4E68052679E1DC00A42283 /* EmptyListView.swift in Sources */,
				FD46B9AD267C447700A6597A /* InstallWebasystCoordinator.swift in Sources */,
				FD46B9B7267C770700A6597A /* WaidInstructionCoordinator.swift in Sources */,
				FD46B9AB267C424000A6597A /* InstallWebasystViewModel.swift in Sources */,
				FDBB9F7B2679FA880027DD53 /* LoadingView.swift in Sources */,
				FD84BA6F2681E2E70049B7F9 /* SiteViewCell.swift in Sources */,
			);
			runOnlyForDeploymentPostprocessing = 0;
		};
		FD46C0892681991700A97894 /* Sources */ = {
			isa = PBXSourcesBuildPhase;
			buildActionMask = 2147483647;
			files = (
				FD46C0902681991700A97894 /* WebasystXTests.swift in Sources */,
			);
			runOnlyForDeploymentPostprocessing = 0;
		};
/* End PBXSourcesBuildPhase section */

/* Begin PBXTargetDependency section */
		FD46C0932681991700A97894 /* PBXTargetDependency */ = {
			isa = PBXTargetDependency;
			target = C341FECA255B0AED0091B045 /* Webasyst X */;
			targetProxy = FD46C0922681991700A97894 /* PBXContainerItemProxy */;
		};
/* End PBXTargetDependency section */

/* Begin PBXVariantGroup section */
		C341FEDC255B0AF20091B045 /* LaunchScreen.storyboard */ = {
			isa = PBXVariantGroup;
			children = (
				C341FEDD255B0AF20091B045 /* Base */,
			);
			name = LaunchScreen.storyboard;
			sourceTree = "<group>";
		};
		FD3BBA092685AC470011259A /* Localizable.strings */ = {
			isa = PBXVariantGroup;
			children = (
				FD3BBA082685AC470011259A /* en */,
				FD3BBA0A2685AC590011259A /* ru */,
			);
			name = Localizable.strings;
			sourceTree = "<group>";
		};
/* End PBXVariantGroup section */

/* Begin XCBuildConfiguration section */
		C341FEE0255B0AF20091B045 /* Debug */ = {
			isa = XCBuildConfiguration;
			buildSettings = {
				ALWAYS_SEARCH_USER_PATHS = NO;
				CLANG_ANALYZER_LOCALIZABILITY_NONLOCALIZED = YES;
				CLANG_ANALYZER_NONNULL = YES;
				CLANG_ANALYZER_NUMBER_OBJECT_CONVERSION = YES_AGGRESSIVE;
				CLANG_CXX_LANGUAGE_STANDARD = "gnu++14";
				CLANG_CXX_LIBRARY = "libc++";
				CLANG_ENABLE_MODULES = YES;
				CLANG_ENABLE_OBJC_ARC = YES;
				CLANG_ENABLE_OBJC_WEAK = YES;
				CLANG_WARN_BLOCK_CAPTURE_AUTORELEASING = YES;
				CLANG_WARN_BOOL_CONVERSION = YES;
				CLANG_WARN_COMMA = YES;
				CLANG_WARN_CONSTANT_CONVERSION = YES;
				CLANG_WARN_DEPRECATED_OBJC_IMPLEMENTATIONS = YES;
				CLANG_WARN_DIRECT_OBJC_ISA_USAGE = YES_ERROR;
				CLANG_WARN_DOCUMENTATION_COMMENTS = YES;
				CLANG_WARN_EMPTY_BODY = YES;
				CLANG_WARN_ENUM_CONVERSION = YES;
				CLANG_WARN_INFINITE_RECURSION = YES;
				CLANG_WARN_INT_CONVERSION = YES;
				CLANG_WARN_NON_LITERAL_NULL_CONVERSION = YES;
				CLANG_WARN_OBJC_IMPLICIT_RETAIN_SELF = YES;
				CLANG_WARN_OBJC_LITERAL_CONVERSION = YES;
				CLANG_WARN_OBJC_ROOT_CLASS = YES_ERROR;
				CLANG_WARN_QUOTED_INCLUDE_IN_FRAMEWORK_HEADER = YES;
				CLANG_WARN_RANGE_LOOP_ANALYSIS = YES;
				CLANG_WARN_STRICT_PROTOTYPES = YES;
				CLANG_WARN_SUSPICIOUS_MOVE = YES;
				CLANG_WARN_UNGUARDED_AVAILABILITY = YES_AGGRESSIVE;
				CLANG_WARN_UNREACHABLE_CODE = YES;
				CLANG_WARN__DUPLICATE_METHOD_MATCH = YES;
				COPY_PHASE_STRIP = NO;
				DEBUG_INFORMATION_FORMAT = dwarf;
				ENABLE_STRICT_OBJC_MSGSEND = YES;
				ENABLE_TESTABILITY = YES;
				GCC_C_LANGUAGE_STANDARD = gnu11;
				GCC_DYNAMIC_NO_PIC = NO;
				GCC_NO_COMMON_BLOCKS = YES;
				GCC_OPTIMIZATION_LEVEL = 0;
				GCC_PREPROCESSOR_DEFINITIONS = (
					"DEBUG=1",
					"$(inherited)",
				);
				GCC_WARN_64_TO_32_BIT_CONVERSION = YES;
				GCC_WARN_ABOUT_RETURN_TYPE = YES_ERROR;
				GCC_WARN_UNDECLARED_SELECTOR = YES;
				GCC_WARN_UNINITIALIZED_AUTOS = YES_AGGRESSIVE;
				GCC_WARN_UNUSED_FUNCTION = YES;
				GCC_WARN_UNUSED_VARIABLE = YES;
				IPHONEOS_DEPLOYMENT_TARGET = 13.0;
				MTL_ENABLE_DEBUG_INFO = INCLUDE_SOURCE;
				MTL_FAST_MATH = YES;
				ONLY_ACTIVE_ARCH = YES;
				SDKROOT = iphoneos;
				SWIFT_ACTIVE_COMPILATION_CONDITIONS = DEBUG;
				SWIFT_OPTIMIZATION_LEVEL = "-Onone";
			};
			name = Debug;
		};
		C341FEE1255B0AF20091B045 /* Release */ = {
			isa = XCBuildConfiguration;
			buildSettings = {
				ALWAYS_SEARCH_USER_PATHS = NO;
				CLANG_ANALYZER_LOCALIZABILITY_NONLOCALIZED = YES;
				CLANG_ANALYZER_NONNULL = YES;
				CLANG_ANALYZER_NUMBER_OBJECT_CONVERSION = YES_AGGRESSIVE;
				CLANG_CXX_LANGUAGE_STANDARD = "gnu++14";
				CLANG_CXX_LIBRARY = "libc++";
				CLANG_ENABLE_MODULES = YES;
				CLANG_ENABLE_OBJC_ARC = YES;
				CLANG_ENABLE_OBJC_WEAK = YES;
				CLANG_WARN_BLOCK_CAPTURE_AUTORELEASING = YES;
				CLANG_WARN_BOOL_CONVERSION = YES;
				CLANG_WARN_COMMA = YES;
				CLANG_WARN_CONSTANT_CONVERSION = YES;
				CLANG_WARN_DEPRECATED_OBJC_IMPLEMENTATIONS = YES;
				CLANG_WARN_DIRECT_OBJC_ISA_USAGE = YES_ERROR;
				CLANG_WARN_DOCUMENTATION_COMMENTS = YES;
				CLANG_WARN_EMPTY_BODY = YES;
				CLANG_WARN_ENUM_CONVERSION = YES;
				CLANG_WARN_INFINITE_RECURSION = YES;
				CLANG_WARN_INT_CONVERSION = YES;
				CLANG_WARN_NON_LITERAL_NULL_CONVERSION = YES;
				CLANG_WARN_OBJC_IMPLICIT_RETAIN_SELF = YES;
				CLANG_WARN_OBJC_LITERAL_CONVERSION = YES;
				CLANG_WARN_OBJC_ROOT_CLASS = YES_ERROR;
				CLANG_WARN_QUOTED_INCLUDE_IN_FRAMEWORK_HEADER = YES;
				CLANG_WARN_RANGE_LOOP_ANALYSIS = YES;
				CLANG_WARN_STRICT_PROTOTYPES = YES;
				CLANG_WARN_SUSPICIOUS_MOVE = YES;
				CLANG_WARN_UNGUARDED_AVAILABILITY = YES_AGGRESSIVE;
				CLANG_WARN_UNREACHABLE_CODE = YES;
				CLANG_WARN__DUPLICATE_METHOD_MATCH = YES;
				COPY_PHASE_STRIP = NO;
				DEBUG_INFORMATION_FORMAT = "dwarf-with-dsym";
				ENABLE_NS_ASSERTIONS = NO;
				ENABLE_STRICT_OBJC_MSGSEND = YES;
				GCC_C_LANGUAGE_STANDARD = gnu11;
				GCC_NO_COMMON_BLOCKS = YES;
				GCC_WARN_64_TO_32_BIT_CONVERSION = YES;
				GCC_WARN_ABOUT_RETURN_TYPE = YES_ERROR;
				GCC_WARN_UNDECLARED_SELECTOR = YES;
				GCC_WARN_UNINITIALIZED_AUTOS = YES_AGGRESSIVE;
				GCC_WARN_UNUSED_FUNCTION = YES;
				GCC_WARN_UNUSED_VARIABLE = YES;
				IPHONEOS_DEPLOYMENT_TARGET = 13.0;
				MTL_ENABLE_DEBUG_INFO = NO;
				MTL_FAST_MATH = YES;
				SDKROOT = iphoneos;
				SWIFT_COMPILATION_MODE = wholemodule;
				SWIFT_OPTIMIZATION_LEVEL = "-O";
				VALIDATE_PRODUCT = YES;
			};
			name = Release;
		};
		C341FEE3255B0AF20091B045 /* Debug */ = {
			isa = XCBuildConfiguration;
			baseConfigurationReference = 1B18B6892FE6529090964A9C /* Pods-Webasyst X.debug.xcconfig */;
			buildSettings = {
				ASSETCATALOG_COMPILER_APPICON_NAME = AppIcon;
				ASSETCATALOG_COMPILER_GLOBAL_ACCENT_COLOR_NAME = AccentColor;
				CODE_SIGN_ENTITLEMENTS = "Webasyst X/App/WebXApp.entitlements";
				CODE_SIGN_STYLE = Automatic;
				DEVELOPMENT_TEAM = Z73YGZ4UAM;
				INFOPLIST_FILE = "$(SRCROOT)/Webasyst X/App/Info.plist";
				LD_RUNPATH_SEARCH_PATHS = (
					"$(inherited)",
					"@executable_path/Frameworks",
				);
				PRODUCT_BUNDLE_IDENTIFIER = com.webasyst.x.ios;
				PRODUCT_NAME = "$(TARGET_NAME)";
				SWIFT_VERSION = 5.0;
				TARGETED_DEVICE_FAMILY = 1;
			};
			name = Debug;
		};
		C341FEE4255B0AF20091B045 /* Release */ = {
			isa = XCBuildConfiguration;
			baseConfigurationReference = 680B2B3CCB1018D054E7B24E /* Pods-Webasyst X.release.xcconfig */;
			buildSettings = {
				ASSETCATALOG_COMPILER_APPICON_NAME = AppIcon;
				ASSETCATALOG_COMPILER_GLOBAL_ACCENT_COLOR_NAME = AccentColor;
				CODE_SIGN_ENTITLEMENTS = "Webasyst X/App/WebXApp.entitlements";
				CODE_SIGN_STYLE = Automatic;
				DEVELOPMENT_TEAM = Z73YGZ4UAM;
				INFOPLIST_FILE = "$(SRCROOT)/Webasyst X/App/Info.plist";
				LD_RUNPATH_SEARCH_PATHS = (
					"$(inherited)",
					"@executable_path/Frameworks",
				);
				PRODUCT_BUNDLE_IDENTIFIER = com.webasyst.x.ios;
				PRODUCT_NAME = "$(TARGET_NAME)";
				SWIFT_VERSION = 5.0;
				TARGETED_DEVICE_FAMILY = 1;
			};
			name = Release;
		};
		FD46C0942681991700A97894 /* Debug */ = {
			isa = XCBuildConfiguration;
			buildSettings = {
				BUNDLE_LOADER = "$(TEST_HOST)";
				CODE_SIGN_STYLE = Automatic;
				DEVELOPMENT_TEAM = Z73YGZ4UAM;
				INFOPLIST_FILE = WebasystXTests/Info.plist;
				IPHONEOS_DEPLOYMENT_TARGET = 14.5;
				LD_RUNPATH_SEARCH_PATHS = (
					"$(inherited)",
					"@executable_path/Frameworks",
					"@loader_path/Frameworks",
				);
				PRODUCT_BUNDLE_IDENTIFIER = com.viktkobst.WebasystXTests;
				PRODUCT_NAME = "$(TARGET_NAME)";
				SWIFT_VERSION = 5.0;
				TARGETED_DEVICE_FAMILY = "1,2";
				TEST_HOST = "$(BUILT_PRODUCTS_DIR)/Webasyst X.app/Webasyst X";
			};
			name = Debug;
		};
		FD46C0952681991700A97894 /* Release */ = {
			isa = XCBuildConfiguration;
			buildSettings = {
				BUNDLE_LOADER = "$(TEST_HOST)";
				CODE_SIGN_STYLE = Automatic;
				DEVELOPMENT_TEAM = Z73YGZ4UAM;
				INFOPLIST_FILE = WebasystXTests/Info.plist;
				IPHONEOS_DEPLOYMENT_TARGET = 14.5;
				LD_RUNPATH_SEARCH_PATHS = (
					"$(inherited)",
					"@executable_path/Frameworks",
					"@loader_path/Frameworks",
				);
				PRODUCT_BUNDLE_IDENTIFIER = com.viktkobst.WebasystXTests;
				PRODUCT_NAME = "$(TARGET_NAME)";
				SWIFT_VERSION = 5.0;
				TARGETED_DEVICE_FAMILY = "1,2";
				TEST_HOST = "$(BUILT_PRODUCTS_DIR)/Webasyst X.app/Webasyst X";
			};
			name = Release;
		};
/* End XCBuildConfiguration section */

/* Begin XCConfigurationList section */
		C341FEC6255B0AED0091B045 /* Build configuration list for PBXProject "Webasyst X" */ = {
			isa = XCConfigurationList;
			buildConfigurations = (
				C341FEE0255B0AF20091B045 /* Debug */,
				C341FEE1255B0AF20091B045 /* Release */,
			);
			defaultConfigurationIsVisible = 0;
			defaultConfigurationName = Release;
		};
		C341FEE2255B0AF20091B045 /* Build configuration list for PBXNativeTarget "Webasyst X" */ = {
			isa = XCConfigurationList;
			buildConfigurations = (
				C341FEE3255B0AF20091B045 /* Debug */,
				C341FEE4255B0AF20091B045 /* Release */,
			);
			defaultConfigurationIsVisible = 0;
			defaultConfigurationName = Release;
		};
		FD46C0962681991700A97894 /* Build configuration list for PBXNativeTarget "WebasystXTests" */ = {
			isa = XCConfigurationList;
			buildConfigurations = (
				FD46C0942681991700A97894 /* Debug */,
				FD46C0952681991700A97894 /* Release */,
			);
			defaultConfigurationIsVisible = 0;
			defaultConfigurationName = Release;
		};
/* End XCConfigurationList section */
	};
	rootObject = C341FEC3255B0AED0091B045 /* Project object */;
}
